// !$*UTF8*$!
{
	archiveVersion = 1;
	classes = {
	};
	objectVersion = 46;
	objects = {

/* Begin PBXBuildFile section */
		4215A6701A7B45E1002EB62E /* speaker.png in Resources */ = {isa = PBXBuildFile; fileRef = 4215A66F1A7B45E1002EB62E /* speaker.png */; };
		4215A6721A7D7616002EB62E /* API in Resources */ = {isa = PBXBuildFile; fileRef = 4215A6711A7D7616002EB62E /* API */; };
		4267D82F1A8011D20054E800 /* ImageProcessor.swift in Sources */ = {isa = PBXBuildFile; fileRef = 4267D82E1A8011D20054E800 /* ImageProcessor.swift */; };
		429FD09F1A801607003BA84D /* Login_AddPhoto.swift in Sources */ = {isa = PBXBuildFile; fileRef = 429FD09E1A801607003BA84D /* Login_AddPhoto.swift */; };
		429FD0A41A801F25003BA84D /* circleCropper.png in Resources */ = {isa = PBXBuildFile; fileRef = 429FD0A31A801F25003BA84D /* circleCropper.png */; };
		42AB57DA1A7F391A00C7799E /* tableback.png in Resources */ = {isa = PBXBuildFile; fileRef = 42AB57D91A7F391A00C7799E /* tableback.png */; };
		42AB57DB1A7F3D4800C7799E /* Alamofire.framework in Frameworks */ = {isa = PBXBuildFile; fileRef = 428F6E7A1A7F2F3D007C21AC /* Alamofire.framework */; };
		42AB57DC1A7F3D4800C7799E /* Alamofire.framework in Copy Framework */ = {isa = PBXBuildFile; fileRef = 428F6E7A1A7F2F3D007C21AC /* Alamofire.framework */; settings = {ATTRIBUTES = (CodeSignOnCopy, RemoveHeadersOnCopy, ); }; };
		42B859ED1A74840F00FD4642 /* AppDelegate.swift in Sources */ = {isa = PBXBuildFile; fileRef = 42B859EC1A74840F00FD4642 /* AppDelegate.swift */; };
		42B859F01A74840F00FD4642 /* Cteemo.xcdatamodeld in Sources */ = {isa = PBXBuildFile; fileRef = 42B859EE1A74840F00FD4642 /* Cteemo.xcdatamodeld */; };
		42B859F21A74840F00FD4642 /* Login_MainViewController.swift in Sources */ = {isa = PBXBuildFile; fileRef = 42B859F11A74840F00FD4642 /* Login_MainViewController.swift */; };
		42B859F51A74840F00FD4642 /* Main.storyboard in Resources */ = {isa = PBXBuildFile; fileRef = 42B859F31A74840F00FD4642 /* Main.storyboard */; };
		42B859F71A74840F00FD4642 /* Images.xcassets in Resources */ = {isa = PBXBuildFile; fileRef = 42B859F61A74840F00FD4642 /* Images.xcassets */; };
		42B859FA1A74840F00FD4642 /* LaunchScreen.xib in Resources */ = {isa = PBXBuildFile; fileRef = 42B859F81A74840F00FD4642 /* LaunchScreen.xib */; };
		42B85A061A74840F00FD4642 /* CteemoTests.swift in Sources */ = {isa = PBXBuildFile; fileRef = 42B85A051A74840F00FD4642 /* CteemoTests.swift */; };
		42B85A101A74884100FD4642 /* Login_CreateViewController.swift in Sources */ = {isa = PBXBuildFile; fileRef = 42B85A0F1A74884100FD4642 /* Login_CreateViewController.swift */; };
		42B85A121A74888500FD4642 /* Login_SchoolAndPhoto.swift in Sources */ = {isa = PBXBuildFile; fileRef = 42B85A111A74888500FD4642 /* Login_SchoolAndPhoto.swift */; };
		42B85A161A7489CF00FD4642 /* loading_page.png in Resources */ = {isa = PBXBuildFile; fileRef = 42B85A151A7489CF00FD4642 /* loading_page.png */; };
		42B85A181A748B2E00FD4642 /* Login_SchoolSearchViewController.swift in Sources */ = {isa = PBXBuildFile; fileRef = 42B85A171A748B2E00FD4642 /* Login_SchoolSearchViewController.swift */; };
		42B85A231A748CDB00FD4642 /* arrow.png in Resources */ = {isa = PBXBuildFile; fileRef = 42B85A1A1A748CDB00FD4642 /* arrow.png */; };
		42B85A241A748CDB00FD4642 /* backG.png in Resources */ = {isa = PBXBuildFile; fileRef = 42B85A1B1A748CDB00FD4642 /* backG.png */; };
		42B85A251A748CDB00FD4642 /* button.png in Resources */ = {isa = PBXBuildFile; fileRef = 42B85A1C1A748CDB00FD4642 /* button.png */; };
		42B85A271A748CDB00FD4642 /* Inkinesss.png in Resources */ = {isa = PBXBuildFile; fileRef = 42B85A1E1A748CDB00FD4642 /* Inkinesss.png */; };
		42B85A281A748CDB00FD4642 /* lock1.png in Resources */ = {isa = PBXBuildFile; fileRef = 42B85A1F1A748CDB00FD4642 /* lock1.png */; };
		42B85A291A748CDB00FD4642 /* me_icons1.png in Resources */ = {isa = PBXBuildFile; fileRef = 42B85A201A748CDB00FD4642 /* me_icons1.png */; };
		42B85A2A1A748CDB00FD4642 /* PHOTO icons.png in Resources */ = {isa = PBXBuildFile; fileRef = 42B85A211A748CDB00FD4642 /* PHOTO icons.png */; };
		42B85A2B1A748CDB00FD4642 /* SUBMIT.png in Resources */ = {isa = PBXBuildFile; fileRef = 42B85A221A748CDB00FD4642 /* SUBMIT.png */; };
		42B85A2D1A748D4E00FD4642 /* arrowTurned.png in Resources */ = {isa = PBXBuildFile; fileRef = 42B85A2C1A748D4E00FD4642 /* arrowTurned.png */; };
		42B85A2F1A74947E00FD4642 /* textField.png in Resources */ = {isa = PBXBuildFile; fileRef = 42B85A2E1A74947E00FD4642 /* textField.png */; };
		42B85A381A749F6E00FD4642 /* Bolts.framework in Frameworks */ = {isa = PBXBuildFile; fileRef = 42B85A351A749F6E00FD4642 /* Bolts.framework */; };
		42B85A391A749F6E00FD4642 /* FacebookSDK.framework in Frameworks */ = {isa = PBXBuildFile; fileRef = 42B85A361A749F6E00FD4642 /* FacebookSDK.framework */; };
		42B85A3A1A749F6E00FD4642 /* FBAudienceNetwork.framework in Frameworks */ = {isa = PBXBuildFile; fileRef = 42B85A371A749F6E00FD4642 /* FBAudienceNetwork.framework */; };
		42B85A3E1A74A0D800FD4642 /* Reachability.m in Sources */ = {isa = PBXBuildFile; fileRef = 42B85A3D1A74A0D800FD4642 /* Reachability.m */; settings = {COMPILER_FLAGS = "-fno-objc-arc"; }; };
		42B85A441A74A81A00FD4642 /* UserInformation.swift in Sources */ = {isa = PBXBuildFile; fileRef = 42B85A411A74A81A00FD4642 /* UserInformation.swift */; };
		42B85A451A74A81A00FD4642 /* DataManager.swift in Sources */ = {isa = PBXBuildFile; fileRef = 42B85A421A74A81A00FD4642 /* DataManager.swift */; };
		42B85A461A74A81A00FD4642 /* InteractingWithServer.swift in Sources */ = {isa = PBXBuildFile; fileRef = 42B85A431A74A81A00FD4642 /* InteractingWithServer.swift */; };
		42B85A481A74A9FC00FD4642 /* UserInformation.plist in Resources */ = {isa = PBXBuildFile; fileRef = 42B85A471A74A9FC00FD4642 /* UserInformation.plist */; };
		42E5E78B1A773E56004A781E /* Login_LoginBySelfViewController.swift in Sources */ = {isa = PBXBuildFile; fileRef = 42E5E78A1A773E56004A781E /* Login_LoginBySelfViewController.swift */; };
		42E5E7911A7762DB004A781E /* teemoDouble.png in Resources */ = {isa = PBXBuildFile; fileRef = 42E5E7901A7762DB004A781E /* teemoDouble.png */; };
		A1010D471A7B2ACF00256208 /* ARequest.swift in Sources */ = {isa = PBXBuildFile; fileRef = A1010D461A7B2ACF00256208 /* ARequest.swift */; };
		A1010D491A7B2F9100256208 /* school button icon.png in Resources */ = {isa = PBXBuildFile; fileRef = A1010D481A7B2F9100256208 /* school button icon.png */; };
		A1010D4B1A7B385700256208 /* school.png in Resources */ = {isa = PBXBuildFile; fileRef = A1010D4A1A7B385700256208 /* school.png */; };
		A19CA9931A7F4C010093C575 /* Login_Forpassword.swift in Sources */ = {isa = PBXBuildFile; fileRef = A19CA9921A7F4C010093C575 /* Login_Forpassword.swift */; };
		A1B8E9571A7B20F2009BE011 /* 奖杯1.png in Resources */ = {isa = PBXBuildFile; fileRef = A1B8E94A1A7B20F2009BE011 /* 奖杯1.png */; };
		A1B8E9581A7B20F2009BE011 /* 奖杯2.png in Resources */ = {isa = PBXBuildFile; fileRef = A1B8E94B1A7B20F2009BE011 /* 奖杯2.png */; };
		A1B8E9591A7B20F2009BE011 /* 我.png in Resources */ = {isa = PBXBuildFile; fileRef = A1B8E94C1A7B20F2009BE011 /* 我.png */; };
		A1B8E95A1A7B20F2009BE011 /* 我2.png in Resources */ = {isa = PBXBuildFile; fileRef = A1B8E94D1A7B20F2009BE011 /* 我2.png */; };
		A1B8E95B1A7B20F2009BE011 /* 新闻1.png in Resources */ = {isa = PBXBuildFile; fileRef = A1B8E94E1A7B20F2009BE011 /* 新闻1.png */; };
		A1B8E95C1A7B20F2009BE011 /* 形状 14.png in Resources */ = {isa = PBXBuildFile; fileRef = A1B8E94F1A7B20F2009BE011 /* 形状 14.png */; };
		A1B8E95D1A7B20F2009BE011 /* 战队1.png in Resources */ = {isa = PBXBuildFile; fileRef = A1B8E9501A7B20F2009BE011 /* 战队1.png */; };
		A1B8E95E1A7B20F2009BE011 /* 战队2.png in Resources */ = {isa = PBXBuildFile; fileRef = A1B8E9511A7B20F2009BE011 /* 战队2.png */; };
		A1B8E95F1A7B20F2009BE011 /* flag 拷贝 2.png in Resources */ = {isa = PBXBuildFile; fileRef = A1B8E9521A7B20F2009BE011 /* flag 拷贝 2.png */; };
		A1B8E9601A7B20F2009BE011 /* Forma 1.png in Resources */ = {isa = PBXBuildFile; fileRef = A1B8E9531A7B20F2009BE011 /* Forma 1.png */; };
		A1B8E9611A7B20F2009BE011 /* hentiao.png in Resources */ = {isa = PBXBuildFile; fileRef = A1B8E9541A7B20F2009BE011 /* hentiao.png */; };
		A1B8E9621A7B20F2009BE011 /* hentiao2.png in Resources */ = {isa = PBXBuildFile; fileRef = A1B8E9551A7B20F2009BE011 /* hentiao2.png */; };
		A1B8E9631A7B20F2009BE011 /* OK.png in Resources */ = {isa = PBXBuildFile; fileRef = A1B8E9561A7B20F2009BE011 /* OK.png */; };
/* End PBXBuildFile section */

/* Begin PBXContainerItemProxy section */
		428F6E791A7F2F3D007C21AC /* PBXContainerItemProxy */ = {
			isa = PBXContainerItemProxy;
			containerPortal = 428F6E721A7F2F3C007C21AC /* Alamofire.xcodeproj */;
			proxyType = 2;
			remoteGlobalIDString = F8111E3319A95C8B0040E7D1;
			remoteInfo = "Alamofire iOS";
		};
		428F6E7B1A7F2F3D007C21AC /* PBXContainerItemProxy */ = {
			isa = PBXContainerItemProxy;
			containerPortal = 428F6E721A7F2F3C007C21AC /* Alamofire.xcodeproj */;
			proxyType = 2;
			remoteGlobalIDString = 4DD67C0B1A5C55C900ED2280;
			remoteInfo = "Alamofire OSX";
		};
		428F6E7D1A7F2F3D007C21AC /* PBXContainerItemProxy */ = {
			isa = PBXContainerItemProxy;
			containerPortal = 428F6E721A7F2F3C007C21AC /* Alamofire.xcodeproj */;
			proxyType = 2;
			remoteGlobalIDString = F8111E3E19A95C8B0040E7D1;
			remoteInfo = "Alamofire iOS Tests";
		};
		428F6E7F1A7F2F3D007C21AC /* PBXContainerItemProxy */ = {
			isa = PBXContainerItemProxy;
			containerPortal = 428F6E721A7F2F3C007C21AC /* Alamofire.xcodeproj */;
			proxyType = 2;
			remoteGlobalIDString = F829C6B21A7A94F100A2CD59;
			remoteInfo = "Alamofire OSX Tests";
		};
		42AB57DD1A7F3D4800C7799E /* PBXContainerItemProxy */ = {
			isa = PBXContainerItemProxy;
			containerPortal = 428F6E721A7F2F3C007C21AC /* Alamofire.xcodeproj */;
			proxyType = 1;
			remoteGlobalIDString = F8111E3219A95C8B0040E7D1;
			remoteInfo = "Alamofire iOS";
		};
		42B85A001A74840F00FD4642 /* PBXContainerItemProxy */ = {
			isa = PBXContainerItemProxy;
			containerPortal = 42B859DF1A74840E00FD4642 /* Project object */;
			proxyType = 1;
			remoteGlobalIDString = 42B859E61A74840E00FD4642;
			remoteInfo = Cteemo;
		};
/* End PBXContainerItemProxy section */

/* Begin PBXCopyFilesBuildPhase section */
		A10CA2931A7DE81200D69FAB /* Copy Framework */ = {
			isa = PBXCopyFilesBuildPhase;
			buildActionMask = 2147483647;
			dstPath = "";
			dstSubfolderSpec = 10;
			files = (
				42AB57DC1A7F3D4800C7799E /* Alamofire.framework in Copy Framework */,
			);
			name = "Copy Framework";
			runOnlyForDeploymentPostprocessing = 0;
		};
/* End PBXCopyFilesBuildPhase section */

/* Begin PBXFileReference section */
		4215A66F1A7B45E1002EB62E /* speaker.png */ = {isa = PBXFileReference; lastKnownFileType = image.png; path = speaker.png; sourceTree = "<group>"; };
		4215A6711A7D7616002EB62E /* API */ = {isa = PBXFileReference; fileEncoding = 4; lastKnownFileType = text; path = API; sourceTree = "<group>"; };
		4267D82E1A8011D20054E800 /* ImageProcessor.swift */ = {isa = PBXFileReference; fileEncoding = 4; lastKnownFileType = sourcecode.swift; path = ImageProcessor.swift; sourceTree = "<group>"; };
		428F6E721A7F2F3C007C21AC /* Alamofire.xcodeproj */ = {isa = PBXFileReference; lastKnownFileType = "wrapper.pb-project"; name = Alamofire.xcodeproj; path = "Alamofire-master/Alamofire.xcodeproj"; sourceTree = "<group>"; };
		429FD09E1A801607003BA84D /* Login_AddPhoto.swift */ = {isa = PBXFileReference; fileEncoding = 4; lastKnownFileType = sourcecode.swift; path = Login_AddPhoto.swift; sourceTree = "<group>"; };
		429FD0A31A801F25003BA84D /* circleCropper.png */ = {isa = PBXFileReference; lastKnownFileType = image.png; path = circleCropper.png; sourceTree = "<group>"; };
		42AB57D91A7F391A00C7799E /* tableback.png */ = {isa = PBXFileReference; lastKnownFileType = image.png; path = tableback.png; sourceTree = "<group>"; };
		42B859E71A74840F00FD4642 /* Cteemo.app */ = {isa = PBXFileReference; explicitFileType = wrapper.application; includeInIndex = 0; path = Cteemo.app; sourceTree = BUILT_PRODUCTS_DIR; };
		42B859EB1A74840F00FD4642 /* Info.plist */ = {isa = PBXFileReference; lastKnownFileType = text.plist.xml; path = Info.plist; sourceTree = "<group>"; };
		42B859EC1A74840F00FD4642 /* AppDelegate.swift */ = {isa = PBXFileReference; lastKnownFileType = sourcecode.swift; path = AppDelegate.swift; sourceTree = "<group>"; };
		42B859EF1A74840F00FD4642 /* Cteemo.xcdatamodel */ = {isa = PBXFileReference; lastKnownFileType = wrapper.xcdatamodel; path = Cteemo.xcdatamodel; sourceTree = "<group>"; };
		42B859F11A74840F00FD4642 /* Login_MainViewController.swift */ = {isa = PBXFileReference; lastKnownFileType = sourcecode.swift; path = Login_MainViewController.swift; sourceTree = "<group>"; };
		42B859F41A74840F00FD4642 /* Base */ = {isa = PBXFileReference; lastKnownFileType = file.storyboard; name = Base; path = Base.lproj/Main.storyboard; sourceTree = "<group>"; };
		42B859F61A74840F00FD4642 /* Images.xcassets */ = {isa = PBXFileReference; lastKnownFileType = folder.assetcatalog; path = Images.xcassets; sourceTree = "<group>"; };
		42B859F91A74840F00FD4642 /* Base */ = {isa = PBXFileReference; lastKnownFileType = file.xib; name = Base; path = Base.lproj/LaunchScreen.xib; sourceTree = "<group>"; };
		42B859FF1A74840F00FD4642 /* CteemoTests.xctest */ = {isa = PBXFileReference; explicitFileType = wrapper.cfbundle; includeInIndex = 0; path = CteemoTests.xctest; sourceTree = BUILT_PRODUCTS_DIR; };
		42B85A041A74840F00FD4642 /* Info.plist */ = {isa = PBXFileReference; lastKnownFileType = text.plist.xml; path = Info.plist; sourceTree = "<group>"; };
		42B85A051A74840F00FD4642 /* CteemoTests.swift */ = {isa = PBXFileReference; lastKnownFileType = sourcecode.swift; path = CteemoTests.swift; sourceTree = "<group>"; };
		42B85A0F1A74884100FD4642 /* Login_CreateViewController.swift */ = {isa = PBXFileReference; fileEncoding = 4; lastKnownFileType = sourcecode.swift; path = Login_CreateViewController.swift; sourceTree = "<group>"; };
		42B85A111A74888500FD4642 /* Login_SchoolAndPhoto.swift */ = {isa = PBXFileReference; fileEncoding = 4; lastKnownFileType = sourcecode.swift; path = Login_SchoolAndPhoto.swift; sourceTree = "<group>"; };
		42B85A151A7489CF00FD4642 /* loading_page.png */ = {isa = PBXFileReference; lastKnownFileType = image.png; path = loading_page.png; sourceTree = "<group>"; };
		42B85A171A748B2E00FD4642 /* Login_SchoolSearchViewController.swift */ = {isa = PBXFileReference; fileEncoding = 4; lastKnownFileType = sourcecode.swift; path = Login_SchoolSearchViewController.swift; sourceTree = "<group>"; };
		42B85A1A1A748CDB00FD4642 /* arrow.png */ = {isa = PBXFileReference; lastKnownFileType = image.png; path = arrow.png; sourceTree = "<group>"; };
		42B85A1B1A748CDB00FD4642 /* backG.png */ = {isa = PBXFileReference; lastKnownFileType = image.png; path = backG.png; sourceTree = "<group>"; };
		42B85A1C1A748CDB00FD4642 /* button.png */ = {isa = PBXFileReference; lastKnownFileType = image.png; path = button.png; sourceTree = "<group>"; };
		42B85A1E1A748CDB00FD4642 /* Inkinesss.png */ = {isa = PBXFileReference; lastKnownFileType = image.png; path = Inkinesss.png; sourceTree = "<group>"; };
		42B85A1F1A748CDB00FD4642 /* lock1.png */ = {isa = PBXFileReference; lastKnownFileType = image.png; path = lock1.png; sourceTree = "<group>"; };
		42B85A201A748CDB00FD4642 /* me_icons1.png */ = {isa = PBXFileReference; lastKnownFileType = image.png; path = me_icons1.png; sourceTree = "<group>"; };
		42B85A211A748CDB00FD4642 /* PHOTO icons.png */ = {isa = PBXFileReference; lastKnownFileType = image.png; path = "PHOTO icons.png"; sourceTree = "<group>"; };
		42B85A221A748CDB00FD4642 /* SUBMIT.png */ = {isa = PBXFileReference; lastKnownFileType = image.png; path = SUBMIT.png; sourceTree = "<group>"; };
		42B85A2C1A748D4E00FD4642 /* arrowTurned.png */ = {isa = PBXFileReference; lastKnownFileType = image.png; path = arrowTurned.png; sourceTree = "<group>"; };
		42B85A2E1A74947E00FD4642 /* textField.png */ = {isa = PBXFileReference; lastKnownFileType = image.png; path = textField.png; sourceTree = "<group>"; };
		42B85A351A749F6E00FD4642 /* Bolts.framework */ = {isa = PBXFileReference; lastKnownFileType = wrapper.framework; path = Bolts.framework; sourceTree = "<group>"; };
		42B85A361A749F6E00FD4642 /* FacebookSDK.framework */ = {isa = PBXFileReference; lastKnownFileType = wrapper.framework; path = FacebookSDK.framework; sourceTree = "<group>"; };
		42B85A371A749F6E00FD4642 /* FBAudienceNetwork.framework */ = {isa = PBXFileReference; lastKnownFileType = wrapper.framework; path = FBAudienceNetwork.framework; sourceTree = "<group>"; };
		42B85A3B1A74A0D700FD4642 /* Cteemo-Bridging-Header.h */ = {isa = PBXFileReference; lastKnownFileType = sourcecode.c.h; path = "Cteemo-Bridging-Header.h"; sourceTree = "<group>"; };
		42B85A3C1A74A0D800FD4642 /* Reachability.h */ = {isa = PBXFileReference; fileEncoding = 4; lastKnownFileType = sourcecode.c.h; path = Reachability.h; sourceTree = "<group>"; };
		42B85A3D1A74A0D800FD4642 /* Reachability.m */ = {isa = PBXFileReference; fileEncoding = 4; lastKnownFileType = sourcecode.c.objc; path = Reachability.m; sourceTree = "<group>"; };
		42B85A411A74A81A00FD4642 /* UserInformation.swift */ = {isa = PBXFileReference; fileEncoding = 4; lastKnownFileType = sourcecode.swift; path = UserInformation.swift; sourceTree = "<group>"; };
		42B85A421A74A81A00FD4642 /* DataManager.swift */ = {isa = PBXFileReference; fileEncoding = 4; lastKnownFileType = sourcecode.swift; path = DataManager.swift; sourceTree = "<group>"; };
		42B85A431A74A81A00FD4642 /* InteractingWithServer.swift */ = {isa = PBXFileReference; fileEncoding = 4; lastKnownFileType = sourcecode.swift; path = InteractingWithServer.swift; sourceTree = "<group>"; };
		42B85A471A74A9FC00FD4642 /* UserInformation.plist */ = {isa = PBXFileReference; fileEncoding = 4; lastKnownFileType = text.plist.xml; path = UserInformation.plist; sourceTree = "<group>"; };
		42E5E78A1A773E56004A781E /* Login_LoginBySelfViewController.swift */ = {isa = PBXFileReference; fileEncoding = 4; lastKnownFileType = sourcecode.swift; path = Login_LoginBySelfViewController.swift; sourceTree = "<group>"; };
		42E5E7901A7762DB004A781E /* teemoDouble.png */ = {isa = PBXFileReference; lastKnownFileType = image.png; path = teemoDouble.png; sourceTree = "<group>"; };
		A1010D461A7B2ACF00256208 /* ARequest.swift */ = {isa = PBXFileReference; fileEncoding = 4; lastKnownFileType = sourcecode.swift; path = ARequest.swift; sourceTree = "<group>"; };
		A1010D481A7B2F9100256208 /* school button icon.png */ = {isa = PBXFileReference; lastKnownFileType = image.png; path = "school button icon.png"; sourceTree = "<group>"; };
		A1010D4A1A7B385700256208 /* school.png */ = {isa = PBXFileReference; lastKnownFileType = image.png; path = school.png; sourceTree = "<group>"; };
		A19CA9921A7F4C010093C575 /* Login_Forpassword.swift */ = {isa = PBXFileReference; fileEncoding = 4; lastKnownFileType = sourcecode.swift; name = Login_Forpassword.swift; path = ../Login_Forpassword.swift; sourceTree = "<group>"; };
		A1B8E94A1A7B20F2009BE011 /* 奖杯1.png */ = {isa = PBXFileReference; lastKnownFileType = image.png; path = "奖杯1.png"; sourceTree = "<group>"; };
		A1B8E94B1A7B20F2009BE011 /* 奖杯2.png */ = {isa = PBXFileReference; lastKnownFileType = image.png; path = "奖杯2.png"; sourceTree = "<group>"; };
		A1B8E94C1A7B20F2009BE011 /* 我.png */ = {isa = PBXFileReference; lastKnownFileType = image.png; path = "我.png"; sourceTree = "<group>"; };
		A1B8E94D1A7B20F2009BE011 /* 我2.png */ = {isa = PBXFileReference; lastKnownFileType = image.png; path = "我2.png"; sourceTree = "<group>"; };
		A1B8E94E1A7B20F2009BE011 /* 新闻1.png */ = {isa = PBXFileReference; lastKnownFileType = image.png; path = "新闻1.png"; sourceTree = "<group>"; };
		A1B8E94F1A7B20F2009BE011 /* 形状 14.png */ = {isa = PBXFileReference; lastKnownFileType = image.png; path = "形状 14.png"; sourceTree = "<group>"; };
		A1B8E9501A7B20F2009BE011 /* 战队1.png */ = {isa = PBXFileReference; lastKnownFileType = image.png; path = "战队1.png"; sourceTree = "<group>"; };
		A1B8E9511A7B20F2009BE011 /* 战队2.png */ = {isa = PBXFileReference; lastKnownFileType = image.png; path = "战队2.png"; sourceTree = "<group>"; };
		A1B8E9521A7B20F2009BE011 /* flag 拷贝 2.png */ = {isa = PBXFileReference; lastKnownFileType = image.png; path = "flag 拷贝 2.png"; sourceTree = "<group>"; };
		A1B8E9531A7B20F2009BE011 /* Forma 1.png */ = {isa = PBXFileReference; lastKnownFileType = image.png; path = "Forma 1.png"; sourceTree = "<group>"; };
		A1B8E9541A7B20F2009BE011 /* hentiao.png */ = {isa = PBXFileReference; lastKnownFileType = image.png; path = hentiao.png; sourceTree = "<group>"; };
		A1B8E9551A7B20F2009BE011 /* hentiao2.png */ = {isa = PBXFileReference; lastKnownFileType = image.png; path = hentiao2.png; sourceTree = "<group>"; };
		A1B8E9561A7B20F2009BE011 /* OK.png */ = {isa = PBXFileReference; lastKnownFileType = image.png; path = OK.png; sourceTree = "<group>"; };
/* End PBXFileReference section */

/* Begin PBXFrameworksBuildPhase section */
		42B859E41A74840E00FD4642 /* Frameworks */ = {
			isa = PBXFrameworksBuildPhase;
			buildActionMask = 2147483647;
			files = (
				42B85A3A1A749F6E00FD4642 /* FBAudienceNetwork.framework in Frameworks */,
				42B85A381A749F6E00FD4642 /* Bolts.framework in Frameworks */,
				42B85A391A749F6E00FD4642 /* FacebookSDK.framework in Frameworks */,
				42AB57DB1A7F3D4800C7799E /* Alamofire.framework in Frameworks */,
			);
			runOnlyForDeploymentPostprocessing = 0;
		};
		42B859FC1A74840F00FD4642 /* Frameworks */ = {
			isa = PBXFrameworksBuildPhase;
			buildActionMask = 2147483647;
			files = (
			);
			runOnlyForDeploymentPostprocessing = 0;
		};
/* End PBXFrameworksBuildPhase section */

/* Begin PBXGroup section */
		428F6E731A7F2F3C007C21AC /* Products */ = {
			isa = PBXGroup;
			children = (
				428F6E7A1A7F2F3D007C21AC /* Alamofire.framework */,
				428F6E7C1A7F2F3D007C21AC /* Alamofire.framework */,
				428F6E7E1A7F2F3D007C21AC /* Alamofire iOS Tests.xctest */,
				428F6E801A7F2F3D007C21AC /* Alamofire OSX Tests.xctest */,
			);
			name = Products;
			sourceTree = "<group>";
		};
		42B859DE1A74840E00FD4642 = {
			isa = PBXGroup;
			children = (
				42B85A351A749F6E00FD4642 /* Bolts.framework */,
				42B85A361A749F6E00FD4642 /* FacebookSDK.framework */,
				42B85A371A749F6E00FD4642 /* FBAudienceNetwork.framework */,
				42B859E91A74840F00FD4642 /* Cteemo */,
				42B85A021A74840F00FD4642 /* CteemoTests */,
				42B859E81A74840F00FD4642 /* Products */,
				428F6E721A7F2F3C007C21AC /* Alamofire.xcodeproj */,
			);
			sourceTree = "<group>";
		};
		42B859E81A74840F00FD4642 /* Products */ = {
			isa = PBXGroup;
			children = (
				42B859E71A74840F00FD4642 /* Cteemo.app */,
				42B859FF1A74840F00FD4642 /* CteemoTests.xctest */,
			);
			name = Products;
			sourceTree = "<group>";
		};
		42B859E91A74840F00FD4642 /* Cteemo */ = {
			isa = PBXGroup;
			children = (
				4215A6711A7D7616002EB62E /* API */,
				42B859EC1A74840F00FD4642 /* AppDelegate.swift */,
				42B859F31A74840F00FD4642 /* Main.storyboard */,
				42B859F61A74840F00FD4642 /* Images.xcassets */,
				42B859F81A74840F00FD4642 /* LaunchScreen.xib */,
				42B859F11A74840F00FD4642 /* Login_MainViewController.swift */,
				42E5E78A1A773E56004A781E /* Login_LoginBySelfViewController.swift */,
				A19CA9921A7F4C010093C575 /* Login_Forpassword.swift */,
				42B85A0F1A74884100FD4642 /* Login_CreateViewController.swift */,
				42B85A111A74888500FD4642 /* Login_SchoolAndPhoto.swift */,
				429FD09E1A801607003BA84D /* Login_AddPhoto.swift */,
				42B85A171A748B2E00FD4642 /* Login_SchoolSearchViewController.swift */,
				42B85A411A74A81A00FD4642 /* UserInformation.swift */,
				42B85A421A74A81A00FD4642 /* DataManager.swift */,
				42B85A431A74A81A00FD4642 /* InteractingWithServer.swift */,
				A1010D461A7B2ACF00256208 /* ARequest.swift */,
				4267D82E1A8011D20054E800 /* ImageProcessor.swift */,
				42B859EE1A74840F00FD4642 /* Cteemo.xcdatamodeld */,
				42B85A3C1A74A0D800FD4642 /* Reachability.h */,
				42B85A3D1A74A0D800FD4642 /* Reachability.m */,
				42B85A471A74A9FC00FD4642 /* UserInformation.plist */,
				42B85A131A74897A00FD4642 /* Images */,
				42B859EA1A74840F00FD4642 /* Supporting Files */,
				42B85A3B1A74A0D700FD4642 /* Cteemo-Bridging-Header.h */,
			);
			path = Cteemo;
			sourceTree = "<group>";
		};
		42B859EA1A74840F00FD4642 /* Supporting Files */ = {
			isa = PBXGroup;
			children = (
				42B859EB1A74840F00FD4642 /* Info.plist */,
			);
			name = "Supporting Files";
			sourceTree = "<group>";
		};
		42B85A021A74840F00FD4642 /* CteemoTests */ = {
			isa = PBXGroup;
			children = (
				42B85A051A74840F00FD4642 /* CteemoTests.swift */,
				42B85A031A74840F00FD4642 /* Supporting Files */,
			);
			path = CteemoTests;
			sourceTree = "<group>";
		};
		42B85A031A74840F00FD4642 /* Supporting Files */ = {
			isa = PBXGroup;
			children = (
				42B85A041A74840F00FD4642 /* Info.plist */,
			);
			name = "Supporting Files";
			sourceTree = "<group>";
		};
		42B85A131A74897A00FD4642 /* Images */ = {
			isa = PBXGroup;
			children = (
				A1B8E9641A7B215C009BE011 /* Team */,
				42B85A191A748C1500FD4642 /* Login */,
				42B85A141A7489B700FD4642 /* StartPage */,
			);
			name = Images;
			sourceTree = "<group>";
		};
		42B85A141A7489B700FD4642 /* StartPage */ = {
			isa = PBXGroup;
			children = (
				42B85A151A7489CF00FD4642 /* loading_page.png */,
			);
			name = StartPage;
			sourceTree = "<group>";
		};
		42B85A191A748C1500FD4642 /* Login */ = {
			isa = PBXGroup;
			children = (
				429FD0A31A801F25003BA84D /* circleCropper.png */,
				4215A66F1A7B45E1002EB62E /* speaker.png */,
				42AB57D91A7F391A00C7799E /* tableback.png */,
				A1010D4A1A7B385700256208 /* school.png */,
				42B85A2E1A74947E00FD4642 /* textField.png */,
				42B85A1A1A748CDB00FD4642 /* arrow.png */,
				42B85A2C1A748D4E00FD4642 /* arrowTurned.png */,
				42E5E7901A7762DB004A781E /* teemoDouble.png */,
				42B85A1B1A748CDB00FD4642 /* backG.png */,
				42B85A1C1A748CDB00FD4642 /* button.png */,
				42B85A1E1A748CDB00FD4642 /* Inkinesss.png */,
				42B85A1F1A748CDB00FD4642 /* lock1.png */,
				42B85A201A748CDB00FD4642 /* me_icons1.png */,
				42B85A211A748CDB00FD4642 /* PHOTO icons.png */,
				A1010D481A7B2F9100256208 /* school button icon.png */,
				42B85A221A748CDB00FD4642 /* SUBMIT.png */,
			);
			name = Login;
			sourceTree = "<group>";
		};
		A1B8E9641A7B215C009BE011 /* Team */ = {
			isa = PBXGroup;
			children = (
				A1B8E94A1A7B20F2009BE011 /* 奖杯1.png */,
				A1B8E94B1A7B20F2009BE011 /* 奖杯2.png */,
				A1B8E94C1A7B20F2009BE011 /* 我.png */,
				A1B8E94D1A7B20F2009BE011 /* 我2.png */,
				A1B8E94E1A7B20F2009BE011 /* 新闻1.png */,
				A1B8E94F1A7B20F2009BE011 /* 形状 14.png */,
				A1B8E9501A7B20F2009BE011 /* 战队1.png */,
				A1B8E9511A7B20F2009BE011 /* 战队2.png */,
				A1B8E9521A7B20F2009BE011 /* flag 拷贝 2.png */,
				A1B8E9531A7B20F2009BE011 /* Forma 1.png */,
				A1B8E9541A7B20F2009BE011 /* hentiao.png */,
				A1B8E9551A7B20F2009BE011 /* hentiao2.png */,
				A1B8E9561A7B20F2009BE011 /* OK.png */,
			);
			name = Team;
			sourceTree = "<group>";
		};
/* End PBXGroup section */

/* Begin PBXNativeTarget section */
		42B859E61A74840E00FD4642 /* Cteemo */ = {
			isa = PBXNativeTarget;
			buildConfigurationList = 42B85A091A74840F00FD4642 /* Build configuration list for PBXNativeTarget "Cteemo" */;
			buildPhases = (
				42B859E31A74840E00FD4642 /* Sources */,
				42B859E41A74840E00FD4642 /* Frameworks */,
				42B859E51A74840E00FD4642 /* Resources */,
				A10CA2931A7DE81200D69FAB /* Copy Framework */,
			);
			buildRules = (
			);
			dependencies = (
				42AB57DE1A7F3D4800C7799E /* PBXTargetDependency */,
			);
			name = Cteemo;
			productName = Cteemo;
			productReference = 42B859E71A74840F00FD4642 /* Cteemo.app */;
			productType = "com.apple.product-type.application";
		};
		42B859FE1A74840F00FD4642 /* CteemoTests */ = {
			isa = PBXNativeTarget;
			buildConfigurationList = 42B85A0C1A74840F00FD4642 /* Build configuration list for PBXNativeTarget "CteemoTests" */;
			buildPhases = (
				42B859FB1A74840F00FD4642 /* Sources */,
				42B859FC1A74840F00FD4642 /* Frameworks */,
				42B859FD1A74840F00FD4642 /* Resources */,
			);
			buildRules = (
			);
			dependencies = (
				42B85A011A74840F00FD4642 /* PBXTargetDependency */,
			);
			name = CteemoTests;
			productName = CteemoTests;
			productReference = 42B859FF1A74840F00FD4642 /* CteemoTests.xctest */;
			productType = "com.apple.product-type.bundle.unit-test";
		};
/* End PBXNativeTarget section */

/* Begin PBXProject section */
		42B859DF1A74840E00FD4642 /* Project object */ = {
			isa = PBXProject;
			attributes = {
				LastUpgradeCheck = 0610;
				ORGANIZATIONNAME = "Kedan Li";
				TargetAttributes = {
					42B859E61A74840E00FD4642 = {
						CreatedOnToolsVersion = 6.1.1;
					};
					42B859FE1A74840F00FD4642 = {
						CreatedOnToolsVersion = 6.1.1;
						TestTargetID = 42B859E61A74840E00FD4642;
					};
				};
			};
			buildConfigurationList = 42B859E21A74840E00FD4642 /* Build configuration list for PBXProject "Cteemo" */;
			compatibilityVersion = "Xcode 3.2";
			developmentRegion = English;
			hasScannedForEncodings = 0;
			knownRegions = (
				en,
				Base,
			);
			mainGroup = 42B859DE1A74840E00FD4642;
			productRefGroup = 42B859E81A74840F00FD4642 /* Products */;
			projectDirPath = "";
			projectReferences = (
				{
					ProductGroup = 428F6E731A7F2F3C007C21AC /* Products */;
					ProjectRef = 428F6E721A7F2F3C007C21AC /* Alamofire.xcodeproj */;
				},
			);
			projectRoot = "";
			targets = (
				42B859E61A74840E00FD4642 /* Cteemo */,
				42B859FE1A74840F00FD4642 /* CteemoTests */,
			);
		};
/* End PBXProject section */

/* Begin PBXReferenceProxy section */
		428F6E7A1A7F2F3D007C21AC /* Alamofire.framework */ = {
			isa = PBXReferenceProxy;
			fileType = wrapper.framework;
			path = Alamofire.framework;
			remoteRef = 428F6E791A7F2F3D007C21AC /* PBXContainerItemProxy */;
			sourceTree = BUILT_PRODUCTS_DIR;
		};
		428F6E7C1A7F2F3D007C21AC /* Alamofire.framework */ = {
			isa = PBXReferenceProxy;
			fileType = wrapper.framework;
			path = Alamofire.framework;
			remoteRef = 428F6E7B1A7F2F3D007C21AC /* PBXContainerItemProxy */;
			sourceTree = BUILT_PRODUCTS_DIR;
		};
		428F6E7E1A7F2F3D007C21AC /* Alamofire iOS Tests.xctest */ = {
			isa = PBXReferenceProxy;
			fileType = wrapper.cfbundle;
			path = "Alamofire iOS Tests.xctest";
			remoteRef = 428F6E7D1A7F2F3D007C21AC /* PBXContainerItemProxy */;
			sourceTree = BUILT_PRODUCTS_DIR;
		};
		428F6E801A7F2F3D007C21AC /* Alamofire OSX Tests.xctest */ = {
			isa = PBXReferenceProxy;
			fileType = wrapper.cfbundle;
			path = "Alamofire OSX Tests.xctest";
			remoteRef = 428F6E7F1A7F2F3D007C21AC /* PBXContainerItemProxy */;
			sourceTree = BUILT_PRODUCTS_DIR;
		};
/* End PBXReferenceProxy section */

/* Begin PBXResourcesBuildPhase section */
		42B859E51A74840E00FD4642 /* Resources */ = {
			isa = PBXResourcesBuildPhase;
			buildActionMask = 2147483647;
			files = (
				A1010D491A7B2F9100256208 /* school button icon.png in Resources */,
				429FD0A41A801F25003BA84D /* circleCropper.png in Resources */,
				A1B8E95C1A7B20F2009BE011 /* 形状 14.png in Resources */,
				A1B8E9581A7B20F2009BE011 /* 奖杯2.png in Resources */,
				A1B8E9571A7B20F2009BE011 /* 奖杯1.png in Resources */,
				42B85A291A748CDB00FD4642 /* me_icons1.png in Resources */,
				42B85A271A748CDB00FD4642 /* Inkinesss.png in Resources */,
				4215A6721A7D7616002EB62E /* API in Resources */,
				A1B8E9631A7B20F2009BE011 /* OK.png in Resources */,
				42B85A251A748CDB00FD4642 /* button.png in Resources */,
				42AB57DA1A7F391A00C7799E /* tableback.png in Resources */,
				42B85A241A748CDB00FD4642 /* backG.png in Resources */,
				4215A6701A7B45E1002EB62E /* speaker.png in Resources */,
				42B85A481A74A9FC00FD4642 /* UserInformation.plist in Resources */,
				A1B8E95E1A7B20F2009BE011 /* 战队2.png in Resources */,
				42B85A2A1A748CDB00FD4642 /* PHOTO icons.png in Resources */,
				42B859F51A74840F00FD4642 /* Main.storyboard in Resources */,
				A1B8E95A1A7B20F2009BE011 /* 我2.png in Resources */,
				A1B8E9601A7B20F2009BE011 /* Forma 1.png in Resources */,
				A1B8E95B1A7B20F2009BE011 /* 新闻1.png in Resources */,
				42E5E7911A7762DB004A781E /* teemoDouble.png in Resources */,
				42B859FA1A74840F00FD4642 /* LaunchScreen.xib in Resources */,
				42B85A161A7489CF00FD4642 /* loading_page.png in Resources */,
				42B85A231A748CDB00FD4642 /* arrow.png in Resources */,
				A1B8E9611A7B20F2009BE011 /* hentiao.png in Resources */,
				A1B8E9591A7B20F2009BE011 /* 我.png in Resources */,
				A1B8E95F1A7B20F2009BE011 /* flag 拷贝 2.png in Resources */,
				42B85A2D1A748D4E00FD4642 /* arrowTurned.png in Resources */,
				A1B8E95D1A7B20F2009BE011 /* 战队1.png in Resources */,
				42B85A2F1A74947E00FD4642 /* textField.png in Resources */,
				A1B8E9621A7B20F2009BE011 /* hentiao2.png in Resources */,
				42B85A2B1A748CDB00FD4642 /* SUBMIT.png in Resources */,
				42B859F71A74840F00FD4642 /* Images.xcassets in Resources */,
				42B85A281A748CDB00FD4642 /* lock1.png in Resources */,
				A1010D4B1A7B385700256208 /* school.png in Resources */,
			);
			runOnlyForDeploymentPostprocessing = 0;
		};
		42B859FD1A74840F00FD4642 /* Resources */ = {
			isa = PBXResourcesBuildPhase;
			buildActionMask = 2147483647;
			files = (
			);
			runOnlyForDeploymentPostprocessing = 0;
		};
/* End PBXResourcesBuildPhase section */

/* Begin PBXSourcesBuildPhase section */
		42B859E31A74840E00FD4642 /* Sources */ = {
			isa = PBXSourcesBuildPhase;
			buildActionMask = 2147483647;
			files = (
				42B85A101A74884100FD4642 /* Login_CreateViewController.swift in Sources */,
				A1010D471A7B2ACF00256208 /* ARequest.swift in Sources */,
				42B859F21A74840F00FD4642 /* Login_MainViewController.swift in Sources */,
				42E5E78B1A773E56004A781E /* Login_LoginBySelfViewController.swift in Sources */,
				42B85A121A74888500FD4642 /* Login_SchoolAndPhoto.swift in Sources */,
				4267D82F1A8011D20054E800 /* ImageProcessor.swift in Sources */,
				42B85A461A74A81A00FD4642 /* InteractingWithServer.swift in Sources */,
				42B85A3E1A74A0D800FD4642 /* Reachability.m in Sources */,
				42B859F01A74840F00FD4642 /* Cteemo.xcdatamodeld in Sources */,
				42B85A441A74A81A00FD4642 /* UserInformation.swift in Sources */,
				429FD09F1A801607003BA84D /* Login_AddPhoto.swift in Sources */,
				42B859ED1A74840F00FD4642 /* AppDelegate.swift in Sources */,
				A19CA9931A7F4C010093C575 /* Login_Forpassword.swift in Sources */,
				42B85A451A74A81A00FD4642 /* DataManager.swift in Sources */,
				42B85A181A748B2E00FD4642 /* Login_SchoolSearchViewController.swift in Sources */,
			);
			runOnlyForDeploymentPostprocessing = 0;
		};
		42B859FB1A74840F00FD4642 /* Sources */ = {
			isa = PBXSourcesBuildPhase;
			buildActionMask = 2147483647;
			files = (
				42B85A061A74840F00FD4642 /* CteemoTests.swift in Sources */,
			);
			runOnlyForDeploymentPostprocessing = 0;
		};
/* End PBXSourcesBuildPhase section */

/* Begin PBXTargetDependency section */
		42AB57DE1A7F3D4800C7799E /* PBXTargetDependency */ = {
			isa = PBXTargetDependency;
			name = "Alamofire iOS";
			targetProxy = 42AB57DD1A7F3D4800C7799E /* PBXContainerItemProxy */;
		};
		42B85A011A74840F00FD4642 /* PBXTargetDependency */ = {
			isa = PBXTargetDependency;
			target = 42B859E61A74840E00FD4642 /* Cteemo */;
			targetProxy = 42B85A001A74840F00FD4642 /* PBXContainerItemProxy */;
		};
/* End PBXTargetDependency section */

/* Begin PBXVariantGroup section */
		42B859F31A74840F00FD4642 /* Main.storyboard */ = {
			isa = PBXVariantGroup;
			children = (
				42B859F41A74840F00FD4642 /* Base */,
			);
			name = Main.storyboard;
			sourceTree = "<group>";
		};
		42B859F81A74840F00FD4642 /* LaunchScreen.xib */ = {
			isa = PBXVariantGroup;
			children = (
				42B859F91A74840F00FD4642 /* Base */,
			);
			name = LaunchScreen.xib;
			sourceTree = "<group>";
		};
/* End PBXVariantGroup section */

/* Begin XCBuildConfiguration section */
		42B85A071A74840F00FD4642 /* Debug */ = {
			isa = XCBuildConfiguration;
			buildSettings = {
				ALWAYS_SEARCH_USER_PATHS = NO;
				CLANG_CXX_LANGUAGE_STANDARD = "gnu++0x";
				CLANG_CXX_LIBRARY = "libc++";
				CLANG_ENABLE_MODULES = YES;
				CLANG_ENABLE_OBJC_ARC = YES;
				CLANG_WARN_BOOL_CONVERSION = YES;
				CLANG_WARN_CONSTANT_CONVERSION = YES;
				CLANG_WARN_DIRECT_OBJC_ISA_USAGE = YES_ERROR;
				CLANG_WARN_EMPTY_BODY = YES;
				CLANG_WARN_ENUM_CONVERSION = YES;
				CLANG_WARN_INT_CONVERSION = YES;
				CLANG_WARN_OBJC_ROOT_CLASS = YES_ERROR;
				CLANG_WARN_UNREACHABLE_CODE = YES;
				CLANG_WARN__DUPLICATE_METHOD_MATCH = YES;
				"CODE_SIGN_IDENTITY[sdk=iphoneos*]" = "iPhone Developer";
				COPY_PHASE_STRIP = NO;
				ENABLE_STRICT_OBJC_MSGSEND = YES;
				GCC_C_LANGUAGE_STANDARD = gnu99;
				GCC_DYNAMIC_NO_PIC = NO;
				GCC_OPTIMIZATION_LEVEL = 0;
				GCC_PREPROCESSOR_DEFINITIONS = (
					"DEBUG=1",
					"$(inherited)",
				);
				GCC_SYMBOLS_PRIVATE_EXTERN = NO;
				GCC_WARN_64_TO_32_BIT_CONVERSION = YES;
				GCC_WARN_ABOUT_RETURN_TYPE = YES_ERROR;
				GCC_WARN_UNDECLARED_SELECTOR = YES;
				GCC_WARN_UNINITIALIZED_AUTOS = YES_AGGRESSIVE;
				GCC_WARN_UNUSED_FUNCTION = YES;
				GCC_WARN_UNUSED_VARIABLE = YES;
				IPHONEOS_DEPLOYMENT_TARGET = 8.1;
				MTL_ENABLE_DEBUG_INFO = YES;
				ONLY_ACTIVE_ARCH = YES;
				SDKROOT = iphoneos;
				SWIFT_OPTIMIZATION_LEVEL = "-Onone";
			};
			name = Debug;
		};
		42B85A081A74840F00FD4642 /* Release */ = {
			isa = XCBuildConfiguration;
			buildSettings = {
				ALWAYS_SEARCH_USER_PATHS = NO;
				CLANG_CXX_LANGUAGE_STANDARD = "gnu++0x";
				CLANG_CXX_LIBRARY = "libc++";
				CLANG_ENABLE_MODULES = YES;
				CLANG_ENABLE_OBJC_ARC = YES;
				CLANG_WARN_BOOL_CONVERSION = YES;
				CLANG_WARN_CONSTANT_CONVERSION = YES;
				CLANG_WARN_DIRECT_OBJC_ISA_USAGE = YES_ERROR;
				CLANG_WARN_EMPTY_BODY = YES;
				CLANG_WARN_ENUM_CONVERSION = YES;
				CLANG_WARN_INT_CONVERSION = YES;
				CLANG_WARN_OBJC_ROOT_CLASS = YES_ERROR;
				CLANG_WARN_UNREACHABLE_CODE = YES;
				CLANG_WARN__DUPLICATE_METHOD_MATCH = YES;
				"CODE_SIGN_IDENTITY[sdk=iphoneos*]" = "iPhone Developer";
				COPY_PHASE_STRIP = YES;
				ENABLE_NS_ASSERTIONS = NO;
				ENABLE_STRICT_OBJC_MSGSEND = YES;
				GCC_C_LANGUAGE_STANDARD = gnu99;
				GCC_WARN_64_TO_32_BIT_CONVERSION = YES;
				GCC_WARN_ABOUT_RETURN_TYPE = YES_ERROR;
				GCC_WARN_UNDECLARED_SELECTOR = YES;
				GCC_WARN_UNINITIALIZED_AUTOS = YES_AGGRESSIVE;
				GCC_WARN_UNUSED_FUNCTION = YES;
				GCC_WARN_UNUSED_VARIABLE = YES;
				IPHONEOS_DEPLOYMENT_TARGET = 8.1;
				MTL_ENABLE_DEBUG_INFO = NO;
				SDKROOT = iphoneos;
				VALIDATE_PRODUCT = YES;
			};
			name = Release;
		};
		42B85A0A1A74840F00FD4642 /* Debug */ = {
			isa = XCBuildConfiguration;
			buildSettings = {
				ASSETCATALOG_COMPILER_APPICON_NAME = AppIcon;
				CLANG_ENABLE_MODULES = YES;
				EMBEDDED_CONTENT_CONTAINS_SWIFT = YES;
				FRAMEWORK_SEARCH_PATHS = (
					"$(inherited)",
					"$(PROJECT_DIR)",
				);
				INFOPLIST_FILE = Cteemo/Info.plist;
				IPHONEOS_DEPLOYMENT_TARGET = 8.1;
				LD_RUNPATH_SEARCH_PATHS = "$(inherited) @executable_path/Frameworks";
				PRODUCT_NAME = "$(TARGET_NAME)";
				SWIFT_OBJC_BRIDGING_HEADER = "Cteemo/Cteemo-Bridging-Header.h";
				SWIFT_OPTIMIZATION_LEVEL = "-Onone";
			};
			name = Debug;
		};
		42B85A0B1A74840F00FD4642 /* Release */ = {
			isa = XCBuildConfiguration;
			buildSettings = {
				ASSETCATALOG_COMPILER_APPICON_NAME = AppIcon;
				CLANG_ENABLE_MODULES = YES;
				EMBEDDED_CONTENT_CONTAINS_SWIFT = YES;
				FRAMEWORK_SEARCH_PATHS = (
					"$(inherited)",
					"$(PROJECT_DIR)",
				);
				INFOPLIST_FILE = Cteemo/Info.plist;
				IPHONEOS_DEPLOYMENT_TARGET = 8.1;
				LD_RUNPATH_SEARCH_PATHS = "$(inherited) @executable_path/Frameworks";
				PRODUCT_NAME = "$(TARGET_NAME)";
				SWIFT_OBJC_BRIDGING_HEADER = "Cteemo/Cteemo-Bridging-Header.h";
			};
			name = Release;
		};
		42B85A0D1A74840F00FD4642 /* Debug */ = {
			isa = XCBuildConfiguration;
			buildSettings = {
				BUNDLE_LOADER = "$(TEST_HOST)";
				FRAMEWORK_SEARCH_PATHS = (
					"$(SDKROOT)/Developer/Library/Frameworks",
					"$(inherited)",
				);
				GCC_PREPROCESSOR_DEFINITIONS = (
					"DEBUG=1",
					"$(inherited)",
				);
				INFOPLIST_FILE = CteemoTests/Info.plist;
				LD_RUNPATH_SEARCH_PATHS = "$(inherited) @executable_path/Frameworks @loader_path/Frameworks";
				PRODUCT_NAME = "$(TARGET_NAME)";
				TEST_HOST = "$(BUILT_PRODUCTS_DIR)/Cteemo.app/Cteemo";
			};
			name = Debug;
		};
		42B85A0E1A74840F00FD4642 /* Release */ = {
			isa = XCBuildConfiguration;
			buildSettings = {
				BUNDLE_LOADER = "$(TEST_HOST)";
				FRAMEWORK_SEARCH_PATHS = (
					"$(SDKROOT)/Developer/Library/Frameworks",
					"$(inherited)",
				);
				INFOPLIST_FILE = CteemoTests/Info.plist;
				LD_RUNPATH_SEARCH_PATHS = "$(inherited) @executable_path/Frameworks @loader_path/Frameworks";
				PRODUCT_NAME = "$(TARGET_NAME)";
				TEST_HOST = "$(BUILT_PRODUCTS_DIR)/Cteemo.app/Cteemo";
			};
			name = Release;
		};
/* End XCBuildConfiguration section */

/* Begin XCConfigurationList section */
		42B859E21A74840E00FD4642 /* Build configuration list for PBXProject "Cteemo" */ = {
			isa = XCConfigurationList;
			buildConfigurations = (
				42B85A071A74840F00FD4642 /* Debug */,
				42B85A081A74840F00FD4642 /* Release */,
			);
			defaultConfigurationIsVisible = 0;
			defaultConfigurationName = Release;
		};
		42B85A091A74840F00FD4642 /* Build configuration list for PBXNativeTarget "Cteemo" */ = {
			isa = XCConfigurationList;
			buildConfigurations = (
				42B85A0A1A74840F00FD4642 /* Debug */,
				42B85A0B1A74840F00FD4642 /* Release */,
			);
			defaultConfigurationIsVisible = 0;
			defaultConfigurationName = Release;
		};
		42B85A0C1A74840F00FD4642 /* Build configuration list for PBXNativeTarget "CteemoTests" */ = {
			isa = XCConfigurationList;
			buildConfigurations = (
				42B85A0D1A74840F00FD4642 /* Debug */,
				42B85A0E1A74840F00FD4642 /* Release */,
			);
			defaultConfigurationIsVisible = 0;
			defaultConfigurationName = Release;
		};
/* End XCConfigurationList section */

/* Begin XCVersionGroup section */
		42B859EE1A74840F00FD4642 /* Cteemo.xcdatamodeld */ = {
			isa = XCVersionGroup;
			children = (
				42B859EF1A74840F00FD4642 /* Cteemo.xcdatamodel */,
			);
			currentVersion = 42B859EF1A74840F00FD4642 /* Cteemo.xcdatamodel */;
			path = Cteemo.xcdatamodeld;
			sourceTree = "<group>";
			versionGroupType = wrapper.xcdatamodel;
		};
/* End XCVersionGroup section */
	};
	rootObject = 42B859DF1A74840E00FD4642 /* Project object */;
}
