<?xml version="1.0" encoding="UTF-8"?>
<!DOCTYPE plist PUBLIC "-//Apple//DTD PLIST 1.0//EN" "http://www.apple.com/DTDs/PropertyList-1.0.dtd">
<plist version="1.0">
<dict>
	<key>archiveVersion</key>
	<string>1</string>
	<key>classes</key>
	<dict/>
	<key>objectVersion</key>
	<string>46</string>
	<key>objects</key>
	<dict>
		<key>0B576E3A73CC5DE44B477B7F</key>
		<dict>
			<key>buildActionMask</key>
			<string>2147483647</string>
			<key>files</key>
			<array/>
			<key>inputPaths</key>
			<array/>
			<key>isa</key>
			<string>PBXShellScriptBuildPhase</string>
			<key>name</key>
			<string>Check Pods Manifest.lock</string>
			<key>outputPaths</key>
			<array/>
			<key>runOnlyForDeploymentPostprocessing</key>
			<string>0</string>
			<key>shellPath</key>
			<string>/bin/sh</string>
			<key>shellScript</key>
			<string>diff "${PODS_ROOT}/../Podfile.lock" "${PODS_ROOT}/Manifest.lock" &gt; /dev/null
if [[ $? != 0 ]] ; then
    cat &lt;&lt; EOM
error: The sandbox is not in sync with the Podfile.lock. Run 'pod install' or update your CocoaPods installation.
EOM
    exit 1
fi
</string>
			<key>showEnvVarsInLog</key>
			<string>0</string>
		</dict>
		<key>25BDD0ED54E6DFFDE001E796</key>
		<dict>
			<key>includeInIndex</key>
			<string>1</string>
			<key>isa</key>
			<string>PBXFileReference</string>
			<key>lastKnownFileType</key>
			<string>text.xcconfig</string>
			<key>name</key>
			<string>Pods.debug.xcconfig</string>
			<key>path</key>
			<string>Pods/Target Support Files/Pods/Pods.debug.xcconfig</string>
			<key>sourceTree</key>
			<string>&lt;group&gt;</string>
		</dict>
		<key>3225B93F0EEA46A9AA85D74E</key>
		<dict>
			<key>explicitFileType</key>
			<string>archive.ar</string>
			<key>includeInIndex</key>
			<string>0</string>
			<key>isa</key>
			<string>PBXFileReference</string>
			<key>path</key>
			<string>libPods.a</string>
			<key>sourceTree</key>
			<string>BUILT_PRODUCTS_DIR</string>
		</dict>
		<key>42041AE41A81592600623C70</key>
		<dict>
			<key>isa</key>
			<string>PBXFileReference</string>
			<key>lastKnownFileType</key>
			<string>image.png</string>
			<key>path</key>
			<string>left.png</string>
			<key>sourceTree</key>
			<string>&lt;group&gt;</string>
		</dict>
		<key>42041AE51A81592600623C70</key>
		<dict>
			<key>fileRef</key>
			<string>42041AE41A81592600623C70</string>
			<key>isa</key>
			<string>PBXBuildFile</string>
		</dict>
		<key>42041AE61A81594900623C70</key>
		<dict>
			<key>isa</key>
			<string>PBXFileReference</string>
			<key>lastKnownFileType</key>
			<string>image.png</string>
			<key>path</key>
			<string>right.png</string>
			<key>sourceTree</key>
			<string>&lt;group&gt;</string>
		</dict>
		<key>42041AE71A81594900623C70</key>
		<dict>
			<key>fileRef</key>
			<string>42041AE61A81594900623C70</string>
			<key>isa</key>
			<string>PBXBuildFile</string>
		</dict>
		<key>42041AE81A815E1600623C70</key>
		<dict>
			<key>isa</key>
			<string>PBXFileReference</string>
			<key>lastKnownFileType</key>
			<string>image.png</string>
			<key>path</key>
			<string>addfriendsbutton.png</string>
			<key>sourceTree</key>
			<string>&lt;group&gt;</string>
		</dict>
		<key>42041AE91A815E1600623C70</key>
		<dict>
			<key>fileRef</key>
			<string>42041AE81A815E1600623C70</string>
			<key>isa</key>
			<string>PBXBuildFile</string>
		</dict>
		<key>42041AF01A81665E00623C70</key>
		<dict>
			<key>isa</key>
			<string>PBXFileReference</string>
			<key>lastKnownFileType</key>
			<string>image.png</string>
			<key>path</key>
			<string>white.png</string>
			<key>sourceTree</key>
			<string>&lt;group&gt;</string>
		</dict>
		<key>42041AF11A81665E00623C70</key>
		<dict>
			<key>fileRef</key>
			<string>42041AF01A81665E00623C70</string>
			<key>isa</key>
			<string>PBXBuildFile</string>
		</dict>
		<key>42041AF41A816EE400623C70</key>
		<dict>
			<key>isa</key>
			<string>PBXFileReference</string>
			<key>lastKnownFileType</key>
			<string>image.png</string>
			<key>path</key>
			<string>box1.png</string>
			<key>sourceTree</key>
			<string>&lt;group&gt;</string>
		</dict>
		<key>42041AF51A816EE400623C70</key>
		<dict>
			<key>isa</key>
			<string>PBXFileReference</string>
			<key>lastKnownFileType</key>
			<string>image.png</string>
			<key>path</key>
			<string>institution.png</string>
			<key>sourceTree</key>
			<string>&lt;group&gt;</string>
		</dict>
		<key>42041AF61A816EE400623C70</key>
		<dict>
			<key>isa</key>
			<string>PBXFileReference</string>
			<key>lastKnownFileType</key>
			<string>image.png</string>
			<key>path</key>
			<string>SUITCASE.png</string>
			<key>sourceTree</key>
			<string>&lt;group&gt;</string>
		</dict>
		<key>42041AF71A816EE400623C70</key>
		<dict>
			<key>fileRef</key>
			<string>42041AF41A816EE400623C70</string>
			<key>isa</key>
			<string>PBXBuildFile</string>
		</dict>
		<key>42041AF81A816EE400623C70</key>
		<dict>
			<key>fileRef</key>
			<string>42041AF51A816EE400623C70</string>
			<key>isa</key>
			<string>PBXBuildFile</string>
		</dict>
		<key>42041AF91A816EE400623C70</key>
		<dict>
			<key>fileRef</key>
			<string>42041AF61A816EE400623C70</string>
			<key>isa</key>
			<string>PBXBuildFile</string>
		</dict>
		<key>4215A66F1A7B45E1002EB62E</key>
		<dict>
			<key>isa</key>
			<string>PBXFileReference</string>
			<key>lastKnownFileType</key>
			<string>image.png</string>
			<key>path</key>
			<string>speaker.png</string>
			<key>sourceTree</key>
			<string>&lt;group&gt;</string>
		</dict>
		<key>4215A6701A7B45E1002EB62E</key>
		<dict>
			<key>fileRef</key>
			<string>4215A66F1A7B45E1002EB62E</string>
			<key>isa</key>
			<string>PBXBuildFile</string>
		</dict>
		<key>4215A6711A7D7616002EB62E</key>
		<dict>
			<key>fileEncoding</key>
			<string>4</string>
			<key>isa</key>
			<string>PBXFileReference</string>
			<key>lastKnownFileType</key>
			<string>text</string>
			<key>path</key>
			<string>API</string>
			<key>sourceTree</key>
			<string>&lt;group&gt;</string>
		</dict>
		<key>4215A6721A7D7616002EB62E</key>
		<dict>
			<key>fileRef</key>
			<string>4215A6711A7D7616002EB62E</string>
			<key>isa</key>
			<string>PBXBuildFile</string>
		</dict>
		<key>421D56511A832452005E56F0</key>
		<dict>
			<key>children</key>
			<array>
				<string>42B74FC11A812416008B575C</string>
				<string>42855B9C1A8459A600EB9546</string>
				<string>421D565B1A8339D2005E56F0</string>
				<string>42855BA11A846C0000EB9546</string>
				<string>42855BA71A84803000EB9546</string>
				<string>A12FDD891A85EF9B00DF278F</string>
				<string>4260F3FB1A886D6000A6F39D</string>
			</array>
			<key>isa</key>
			<string>PBXGroup</string>
			<key>name</key>
			<string>Team</string>
			<key>sourceTree</key>
			<string>&lt;group&gt;</string>
		</dict>
		<key>421D565B1A8339D2005E56F0</key>
		<dict>
			<key>fileEncoding</key>
			<string>4</string>
			<key>isa</key>
			<string>PBXFileReference</string>
			<key>lastKnownFileType</key>
			<string>sourcecode.swift</string>
			<key>path</key>
			<string>Team_FindTeamViewController.swift</string>
			<key>sourceTree</key>
			<string>&lt;group&gt;</string>
		</dict>
		<key>421D565C1A8339D2005E56F0</key>
		<dict>
			<key>fileRef</key>
			<string>421D565B1A8339D2005E56F0</string>
			<key>isa</key>
			<string>PBXBuildFile</string>
		</dict>
		<key>424AF75D1A872DA20033B863</key>
		<dict>
			<key>isa</key>
			<string>PBXFileReference</string>
			<key>lastKnownFileType</key>
			<string>image.png</string>
			<key>path</key>
			<string>adddd.png</string>
			<key>sourceTree</key>
			<string>&lt;group&gt;</string>
		</dict>
		<key>424AF75E1A872DA20033B863</key>
		<dict>
			<key>fileRef</key>
			<string>424AF75D1A872DA20033B863</string>
			<key>isa</key>
			<string>PBXBuildFile</string>
		</dict>
		<key>4260F3FB1A886D6000A6F39D</key>
		<dict>
			<key>fileEncoding</key>
			<string>4</string>
			<key>isa</key>
			<string>PBXFileReference</string>
			<key>lastKnownFileType</key>
			<string>sourcecode.swift</string>
			<key>path</key>
			<string>Team_TeamInfoViewController.swift</string>
			<key>sourceTree</key>
			<string>&lt;group&gt;</string>
		</dict>
		<key>4260F3FC1A886D6000A6F39D</key>
		<dict>
			<key>fileRef</key>
			<string>4260F3FB1A886D6000A6F39D</string>
			<key>isa</key>
			<string>PBXBuildFile</string>
		</dict>
		<key>4260F4021A886F1E00A6F39D</key>
		<dict>
			<key>isa</key>
			<string>PBXFileReference</string>
			<key>lastKnownFileType</key>
			<string>image.png</string>
			<key>path</key>
			<string>more111.png</string>
			<key>sourceTree</key>
			<string>&lt;group&gt;</string>
		</dict>
		<key>4260F4031A886F1E00A6F39D</key>
		<dict>
			<key>fileRef</key>
			<string>4260F4021A886F1E00A6F39D</string>
			<key>isa</key>
			<string>PBXBuildFile</string>
		</dict>
		<key>4267D82E1A8011D20054E800</key>
		<dict>
			<key>fileEncoding</key>
			<string>4</string>
			<key>isa</key>
			<string>PBXFileReference</string>
			<key>lastKnownFileType</key>
			<string>sourcecode.swift</string>
			<key>path</key>
			<string>ImageProcessor.swift</string>
			<key>sourceTree</key>
			<string>&lt;group&gt;</string>
		</dict>
		<key>4267D82F1A8011D20054E800</key>
		<dict>
			<key>fileRef</key>
			<string>4267D82E1A8011D20054E800</string>
			<key>isa</key>
			<string>PBXBuildFile</string>
		</dict>
		<key>426CD2EB1A89649D0042F4F7</key>
		<dict>
			<key>isa</key>
			<string>PBXFileReference</string>
			<key>lastKnownFileType</key>
			<string>image.png</string>
			<key>path</key>
			<string>config.png</string>
			<key>sourceTree</key>
			<string>&lt;group&gt;</string>
		</dict>
		<key>426CD2EC1A89649D0042F4F7</key>
		<dict>
			<key>fileRef</key>
			<string>426CD2EB1A89649D0042F4F7</string>
			<key>isa</key>
			<string>PBXBuildFile</string>
		</dict>
		<key>427D7A901A85C36000BFB2DA</key>
		<dict>
			<key>fileEncoding</key>
			<string>4</string>
			<key>isa</key>
			<string>PBXFileReference</string>
			<key>lastKnownFileType</key>
			<string>sourcecode.swift</string>
			<key>path</key>
			<string>CustomSwitcher.swift</string>
			<key>sourceTree</key>
			<string>&lt;group&gt;</string>
		</dict>
		<key>427D7A911A85C36000BFB2DA</key>
		<dict>
			<key>fileRef</key>
			<string>427D7A901A85C36000BFB2DA</string>
			<key>isa</key>
			<string>PBXBuildFile</string>
		</dict>
		<key>427D7A921A85CBA600BFB2DA</key>
		<dict>
			<key>fileEncoding</key>
			<string>4</string>
			<key>isa</key>
			<string>PBXFileReference</string>
			<key>lastKnownFileType</key>
			<string>sourcecode.swift</string>
			<key>path</key>
			<string>UserTeam.swift</string>
			<key>sourceTree</key>
			<string>&lt;group&gt;</string>
		</dict>
		<key>427D7A931A85CBA600BFB2DA</key>
		<dict>
			<key>fileRef</key>
			<string>427D7A921A85CBA600BFB2DA</string>
			<key>isa</key>
			<string>PBXBuildFile</string>
		</dict>
		<key>427D7A941A85CBDE00BFB2DA</key>
		<dict>
			<key>fileEncoding</key>
			<string>4</string>
			<key>isa</key>
			<string>PBXFileReference</string>
			<key>lastKnownFileType</key>
			<string>text.plist.xml</string>
			<key>path</key>
			<string>UserTeam.plist</string>
			<key>sourceTree</key>
			<string>&lt;group&gt;</string>
		</dict>
		<key>427D7A951A85CBDE00BFB2DA</key>
		<dict>
			<key>fileRef</key>
			<string>427D7A941A85CBDE00BFB2DA</string>
			<key>isa</key>
			<string>PBXBuildFile</string>
		</dict>
		<key>42855B9C1A8459A600EB9546</key>
		<dict>
			<key>fileEncoding</key>
			<string>4</string>
			<key>isa</key>
			<string>PBXFileReference</string>
			<key>lastKnownFileType</key>
			<string>sourcecode.swift</string>
			<key>path</key>
			<string>Team_JoinTeamViewController.swift</string>
			<key>sourceTree</key>
			<string>&lt;group&gt;</string>
		</dict>
		<key>42855B9D1A8459A600EB9546</key>
		<dict>
			<key>fileRef</key>
			<string>42855B9C1A8459A600EB9546</string>
			<key>isa</key>
			<string>PBXBuildFile</string>
		</dict>
		<key>42855BA11A846C0000EB9546</key>
		<dict>
			<key>fileEncoding</key>
			<string>4</string>
			<key>isa</key>
			<string>PBXFileReference</string>
			<key>lastKnownFileType</key>
			<string>sourcecode.swift</string>
			<key>path</key>
			<string>Team_FindTeamPostsViewController.swift</string>
			<key>sourceTree</key>
			<string>&lt;group&gt;</string>
		</dict>
		<key>42855BA21A846C0000EB9546</key>
		<dict>
			<key>fileRef</key>
			<string>42855BA11A846C0000EB9546</string>
			<key>isa</key>
			<string>PBXBuildFile</string>
		</dict>
		<key>42855BA31A847CCC00EB9546</key>
		<dict>
			<key>isa</key>
			<string>PBXFileReference</string>
			<key>lastKnownFileType</key>
			<string>image.png</string>
			<key>path</key>
			<string>CAMERA.png</string>
			<key>sourceTree</key>
			<string>&lt;group&gt;</string>
		</dict>
		<key>42855BA41A847CCC00EB9546</key>
		<dict>
			<key>fileRef</key>
			<string>42855BA31A847CCC00EB9546</string>
			<key>isa</key>
			<string>PBXBuildFile</string>
		</dict>
		<key>42855BA51A847D9F00EB9546</key>
		<dict>
			<key>isa</key>
			<string>PBXFileReference</string>
			<key>lastKnownFileType</key>
			<string>image.png</string>
			<key>path</key>
			<string>teambg .png</string>
			<key>sourceTree</key>
			<string>&lt;group&gt;</string>
		</dict>
		<key>42855BA61A847D9F00EB9546</key>
		<dict>
			<key>fileRef</key>
			<string>42855BA51A847D9F00EB9546</string>
			<key>isa</key>
			<string>PBXBuildFile</string>
		</dict>
		<key>42855BA71A84803000EB9546</key>
		<dict>
			<key>fileEncoding</key>
			<string>4</string>
			<key>isa</key>
			<string>PBXFileReference</string>
			<key>lastKnownFileType</key>
			<string>sourcecode.swift</string>
			<key>path</key>
			<string>Team_CreateTeamViewController.swift</string>
			<key>sourceTree</key>
			<string>&lt;group&gt;</string>
		</dict>
		<key>42855BA81A84803000EB9546</key>
		<dict>
			<key>fileRef</key>
			<string>42855BA71A84803000EB9546</string>
			<key>isa</key>
			<string>PBXBuildFile</string>
		</dict>
		<key>428F6E721A7F2F3C007C21AC</key>
		<dict>
			<key>isa</key>
			<string>PBXFileReference</string>
			<key>lastKnownFileType</key>
			<string>wrapper.pb-project</string>
			<key>name</key>
			<string>Alamofire.xcodeproj</string>
			<key>path</key>
			<string>Alamofire-master/Alamofire.xcodeproj</string>
			<key>sourceTree</key>
			<string>&lt;group&gt;</string>
		</dict>
		<key>428F6E731A7F2F3C007C21AC</key>
		<dict>
			<key>children</key>
			<array>
				<string>428F6E7A1A7F2F3D007C21AC</string>
				<string>428F6E7C1A7F2F3D007C21AC</string>
				<string>428F6E7E1A7F2F3D007C21AC</string>
				<string>428F6E801A7F2F3D007C21AC</string>
			</array>
			<key>isa</key>
			<string>PBXGroup</string>
			<key>name</key>
			<string>Products</string>
			<key>sourceTree</key>
			<string>&lt;group&gt;</string>
		</dict>
		<key>428F6E791A7F2F3D007C21AC</key>
		<dict>
			<key>containerPortal</key>
			<string>428F6E721A7F2F3C007C21AC</string>
			<key>isa</key>
			<string>PBXContainerItemProxy</string>
			<key>proxyType</key>
			<string>2</string>
			<key>remoteGlobalIDString</key>
			<string>F8111E3319A95C8B0040E7D1</string>
			<key>remoteInfo</key>
			<string>Alamofire iOS</string>
		</dict>
		<key>428F6E7A1A7F2F3D007C21AC</key>
		<dict>
			<key>fileType</key>
			<string>wrapper.framework</string>
			<key>isa</key>
			<string>PBXReferenceProxy</string>
			<key>path</key>
			<string>Alamofire.framework</string>
			<key>remoteRef</key>
			<string>428F6E791A7F2F3D007C21AC</string>
			<key>sourceTree</key>
			<string>BUILT_PRODUCTS_DIR</string>
		</dict>
		<key>428F6E7B1A7F2F3D007C21AC</key>
		<dict>
			<key>containerPortal</key>
			<string>428F6E721A7F2F3C007C21AC</string>
			<key>isa</key>
			<string>PBXContainerItemProxy</string>
			<key>proxyType</key>
			<string>2</string>
			<key>remoteGlobalIDString</key>
			<string>4DD67C0B1A5C55C900ED2280</string>
			<key>remoteInfo</key>
			<string>Alamofire OSX</string>
		</dict>
		<key>428F6E7C1A7F2F3D007C21AC</key>
		<dict>
			<key>fileType</key>
			<string>wrapper.framework</string>
			<key>isa</key>
			<string>PBXReferenceProxy</string>
			<key>path</key>
			<string>Alamofire.framework</string>
			<key>remoteRef</key>
			<string>428F6E7B1A7F2F3D007C21AC</string>
			<key>sourceTree</key>
			<string>BUILT_PRODUCTS_DIR</string>
		</dict>
		<key>428F6E7D1A7F2F3D007C21AC</key>
		<dict>
			<key>containerPortal</key>
			<string>428F6E721A7F2F3C007C21AC</string>
			<key>isa</key>
			<string>PBXContainerItemProxy</string>
			<key>proxyType</key>
			<string>2</string>
			<key>remoteGlobalIDString</key>
			<string>F8111E3E19A95C8B0040E7D1</string>
			<key>remoteInfo</key>
			<string>Alamofire iOS Tests</string>
		</dict>
		<key>428F6E7E1A7F2F3D007C21AC</key>
		<dict>
			<key>fileType</key>
			<string>wrapper.cfbundle</string>
			<key>isa</key>
			<string>PBXReferenceProxy</string>
			<key>path</key>
			<string>Alamofire iOS Tests.xctest</string>
			<key>remoteRef</key>
			<string>428F6E7D1A7F2F3D007C21AC</string>
			<key>sourceTree</key>
			<string>BUILT_PRODUCTS_DIR</string>
		</dict>
		<key>428F6E7F1A7F2F3D007C21AC</key>
		<dict>
			<key>containerPortal</key>
			<string>428F6E721A7F2F3C007C21AC</string>
			<key>isa</key>
			<string>PBXContainerItemProxy</string>
			<key>proxyType</key>
			<string>2</string>
			<key>remoteGlobalIDString</key>
			<string>F829C6B21A7A94F100A2CD59</string>
			<key>remoteInfo</key>
			<string>Alamofire OSX Tests</string>
		</dict>
		<key>428F6E801A7F2F3D007C21AC</key>
		<dict>
			<key>fileType</key>
			<string>wrapper.cfbundle</string>
			<key>isa</key>
			<string>PBXReferenceProxy</string>
			<key>path</key>
			<string>Alamofire OSX Tests.xctest</string>
			<key>remoteRef</key>
			<string>428F6E7F1A7F2F3D007C21AC</string>
			<key>sourceTree</key>
			<string>BUILT_PRODUCTS_DIR</string>
		</dict>
		<key>429FD09E1A801607003BA84D</key>
		<dict>
			<key>fileEncoding</key>
			<string>4</string>
			<key>isa</key>
			<string>PBXFileReference</string>
			<key>lastKnownFileType</key>
			<string>sourcecode.swift</string>
			<key>path</key>
			<string>Login_AddPhoto.swift</string>
			<key>sourceTree</key>
			<string>&lt;group&gt;</string>
		</dict>
		<key>429FD09F1A801607003BA84D</key>
		<dict>
			<key>fileRef</key>
			<string>429FD09E1A801607003BA84D</string>
			<key>isa</key>
			<string>PBXBuildFile</string>
		</dict>
		<key>429FD0A31A801F25003BA84D</key>
		<dict>
			<key>isa</key>
			<string>PBXFileReference</string>
			<key>lastKnownFileType</key>
			<string>image.png</string>
			<key>path</key>
			<string>circleCropper.png</string>
			<key>sourceTree</key>
			<string>&lt;group&gt;</string>
		</dict>
		<key>429FD0A41A801F25003BA84D</key>
		<dict>
			<key>fileRef</key>
			<string>429FD0A31A801F25003BA84D</string>
			<key>isa</key>
			<string>PBXBuildFile</string>
		</dict>
		<key>42AB57D91A7F391A00C7799E</key>
		<dict>
			<key>isa</key>
			<string>PBXFileReference</string>
			<key>lastKnownFileType</key>
			<string>image.png</string>
			<key>path</key>
			<string>tableback.png</string>
			<key>sourceTree</key>
			<string>&lt;group&gt;</string>
		</dict>
		<key>42AB57DA1A7F391A00C7799E</key>
		<dict>
			<key>fileRef</key>
			<string>42AB57D91A7F391A00C7799E</string>
			<key>isa</key>
			<string>PBXBuildFile</string>
		</dict>
		<key>42AB57DB1A7F3D4800C7799E</key>
		<dict>
			<key>fileRef</key>
			<string>428F6E7A1A7F2F3D007C21AC</string>
			<key>isa</key>
			<string>PBXBuildFile</string>
		</dict>
		<key>42AB57DC1A7F3D4800C7799E</key>
		<dict>
			<key>fileRef</key>
			<string>428F6E7A1A7F2F3D007C21AC</string>
			<key>isa</key>
			<string>PBXBuildFile</string>
			<key>settings</key>
			<dict>
				<key>ATTRIBUTES</key>
				<array>
					<string>CodeSignOnCopy</string>
					<string>RemoveHeadersOnCopy</string>
				</array>
			</dict>
		</dict>
		<key>42AB57DD1A7F3D4800C7799E</key>
		<dict>
			<key>containerPortal</key>
			<string>428F6E721A7F2F3C007C21AC</string>
			<key>isa</key>
			<string>PBXContainerItemProxy</string>
			<key>proxyType</key>
			<string>1</string>
			<key>remoteGlobalIDString</key>
			<string>F8111E3219A95C8B0040E7D1</string>
			<key>remoteInfo</key>
			<string>Alamofire iOS</string>
		</dict>
		<key>42AB57DE1A7F3D4800C7799E</key>
		<dict>
			<key>isa</key>
			<string>PBXTargetDependency</string>
			<key>name</key>
			<string>Alamofire iOS</string>
			<key>targetProxy</key>
			<string>42AB57DD1A7F3D4800C7799E</string>
		</dict>
		<key>42B0A3231A898BD200EA908C</key>
		<dict>
			<key>children</key>
			<array>
				<string>42B0A3241A898BD200EA908C</string>
				<string>42B0A3251A898BD200EA908C</string>
				<string>42B0A3261A898BD200EA908C</string>
				<string>42B0A3271A898BD200EA908C</string>
				<string>42B0A3281A898BD200EA908C</string>
				<string>42B0A3291A898BD200EA908C</string>
				<string>42B0A32A1A898BD200EA908C</string>
				<string>42B0A32B1A898BD200EA908C</string>
				<string>42B0A32C1A898BD200EA908C</string>
				<string>42B0A32D1A898BD200EA908C</string>
				<string>42B0A32E1A898BD200EA908C</string>
				<string>42B0A32F1A898BD200EA908C</string>
				<string>42B0A3301A898BD200EA908C</string>
				<string>42B0A3311A898BD200EA908C</string>
				<string>42B0A3321A898BD200EA908C</string>
				<string>42B0A3331A898BD200EA908C</string>
				<string>42B0A3341A898BD200EA908C</string>
				<string>42B0A3351A898BD200EA908C</string>
				<string>42B0A3361A898BD200EA908C</string>
			</array>
			<key>isa</key>
			<string>PBXGroup</string>
			<key>path</key>
			<string>AFNetworking</string>
			<key>sourceTree</key>
			<string>&lt;group&gt;</string>
		</dict>
		<key>42B0A3241A898BD200EA908C</key>
		<dict>
			<key>fileEncoding</key>
			<string>4</string>
			<key>isa</key>
			<string>PBXFileReference</string>
			<key>lastKnownFileType</key>
			<string>sourcecode.c.h</string>
			<key>path</key>
			<string>AFHTTPRequestOperation.h</string>
			<key>sourceTree</key>
			<string>&lt;group&gt;</string>
		</dict>
		<key>42B0A3251A898BD200EA908C</key>
		<dict>
			<key>fileEncoding</key>
			<string>4</string>
			<key>isa</key>
			<string>PBXFileReference</string>
			<key>lastKnownFileType</key>
			<string>sourcecode.c.objc</string>
			<key>path</key>
			<string>AFHTTPRequestOperation.m</string>
			<key>sourceTree</key>
			<string>&lt;group&gt;</string>
		</dict>
		<key>42B0A3261A898BD200EA908C</key>
		<dict>
			<key>fileEncoding</key>
			<string>4</string>
			<key>isa</key>
			<string>PBXFileReference</string>
			<key>lastKnownFileType</key>
			<string>sourcecode.c.h</string>
			<key>path</key>
			<string>AFHTTPRequestOperationManager.h</string>
			<key>sourceTree</key>
			<string>&lt;group&gt;</string>
		</dict>
		<key>42B0A3271A898BD200EA908C</key>
		<dict>
			<key>fileEncoding</key>
			<string>4</string>
			<key>isa</key>
			<string>PBXFileReference</string>
			<key>lastKnownFileType</key>
			<string>sourcecode.c.objc</string>
			<key>path</key>
			<string>AFHTTPRequestOperationManager.m</string>
			<key>sourceTree</key>
			<string>&lt;group&gt;</string>
		</dict>
		<key>42B0A3281A898BD200EA908C</key>
		<dict>
			<key>fileEncoding</key>
			<string>4</string>
			<key>isa</key>
			<string>PBXFileReference</string>
			<key>lastKnownFileType</key>
			<string>sourcecode.c.h</string>
			<key>path</key>
			<string>AFHTTPSessionManager.h</string>
			<key>sourceTree</key>
			<string>&lt;group&gt;</string>
		</dict>
		<key>42B0A3291A898BD200EA908C</key>
		<dict>
			<key>fileEncoding</key>
			<string>4</string>
			<key>isa</key>
			<string>PBXFileReference</string>
			<key>lastKnownFileType</key>
			<string>sourcecode.c.objc</string>
			<key>path</key>
			<string>AFHTTPSessionManager.m</string>
			<key>sourceTree</key>
			<string>&lt;group&gt;</string>
		</dict>
		<key>42B0A32A1A898BD200EA908C</key>
		<dict>
			<key>fileEncoding</key>
			<string>4</string>
			<key>isa</key>
			<string>PBXFileReference</string>
			<key>lastKnownFileType</key>
			<string>sourcecode.c.h</string>
			<key>path</key>
			<string>AFNetworking.h</string>
			<key>sourceTree</key>
			<string>&lt;group&gt;</string>
		</dict>
		<key>42B0A32B1A898BD200EA908C</key>
		<dict>
			<key>fileEncoding</key>
			<string>4</string>
			<key>isa</key>
			<string>PBXFileReference</string>
			<key>lastKnownFileType</key>
			<string>sourcecode.c.h</string>
			<key>path</key>
			<string>AFNetworkReachabilityManager.h</string>
			<key>sourceTree</key>
			<string>&lt;group&gt;</string>
		</dict>
		<key>42B0A32C1A898BD200EA908C</key>
		<dict>
			<key>fileEncoding</key>
			<string>4</string>
			<key>isa</key>
			<string>PBXFileReference</string>
			<key>lastKnownFileType</key>
			<string>sourcecode.c.objc</string>
			<key>path</key>
			<string>AFNetworkReachabilityManager.m</string>
			<key>sourceTree</key>
			<string>&lt;group&gt;</string>
		</dict>
		<key>42B0A32D1A898BD200EA908C</key>
		<dict>
			<key>fileEncoding</key>
			<string>4</string>
			<key>isa</key>
			<string>PBXFileReference</string>
			<key>lastKnownFileType</key>
			<string>sourcecode.c.h</string>
			<key>path</key>
			<string>AFSecurityPolicy.h</string>
			<key>sourceTree</key>
			<string>&lt;group&gt;</string>
		</dict>
		<key>42B0A32E1A898BD200EA908C</key>
		<dict>
			<key>fileEncoding</key>
			<string>4</string>
			<key>isa</key>
			<string>PBXFileReference</string>
			<key>lastKnownFileType</key>
			<string>sourcecode.c.objc</string>
			<key>path</key>
			<string>AFSecurityPolicy.m</string>
			<key>sourceTree</key>
			<string>&lt;group&gt;</string>
		</dict>
		<key>42B0A32F1A898BD200EA908C</key>
		<dict>
			<key>fileEncoding</key>
			<string>4</string>
			<key>isa</key>
			<string>PBXFileReference</string>
			<key>lastKnownFileType</key>
			<string>sourcecode.c.h</string>
			<key>path</key>
			<string>AFURLConnectionOperation.h</string>
			<key>sourceTree</key>
			<string>&lt;group&gt;</string>
		</dict>
		<key>42B0A3301A898BD200EA908C</key>
		<dict>
			<key>fileEncoding</key>
			<string>4</string>
			<key>isa</key>
			<string>PBXFileReference</string>
			<key>lastKnownFileType</key>
			<string>sourcecode.c.objc</string>
			<key>path</key>
			<string>AFURLConnectionOperation.m</string>
			<key>sourceTree</key>
			<string>&lt;group&gt;</string>
		</dict>
		<key>42B0A3311A898BD200EA908C</key>
		<dict>
			<key>fileEncoding</key>
			<string>4</string>
			<key>isa</key>
			<string>PBXFileReference</string>
			<key>lastKnownFileType</key>
			<string>sourcecode.c.h</string>
			<key>path</key>
			<string>AFURLRequestSerialization.h</string>
			<key>sourceTree</key>
			<string>&lt;group&gt;</string>
		</dict>
		<key>42B0A3321A898BD200EA908C</key>
		<dict>
			<key>fileEncoding</key>
			<string>4</string>
			<key>isa</key>
			<string>PBXFileReference</string>
			<key>lastKnownFileType</key>
			<string>sourcecode.c.objc</string>
			<key>path</key>
			<string>AFURLRequestSerialization.m</string>
			<key>sourceTree</key>
			<string>&lt;group&gt;</string>
		</dict>
		<key>42B0A3331A898BD200EA908C</key>
		<dict>
			<key>fileEncoding</key>
			<string>4</string>
			<key>isa</key>
			<string>PBXFileReference</string>
			<key>lastKnownFileType</key>
			<string>sourcecode.c.h</string>
			<key>path</key>
			<string>AFURLResponseSerialization.h</string>
			<key>sourceTree</key>
			<string>&lt;group&gt;</string>
		</dict>
		<key>42B0A3341A898BD200EA908C</key>
		<dict>
			<key>fileEncoding</key>
			<string>4</string>
			<key>isa</key>
			<string>PBXFileReference</string>
			<key>lastKnownFileType</key>
			<string>sourcecode.c.objc</string>
			<key>path</key>
			<string>AFURLResponseSerialization.m</string>
			<key>sourceTree</key>
			<string>&lt;group&gt;</string>
		</dict>
		<key>42B0A3351A898BD200EA908C</key>
		<dict>
			<key>fileEncoding</key>
			<string>4</string>
			<key>isa</key>
			<string>PBXFileReference</string>
			<key>lastKnownFileType</key>
			<string>sourcecode.c.h</string>
			<key>path</key>
			<string>AFURLSessionManager.h</string>
			<key>sourceTree</key>
			<string>&lt;group&gt;</string>
		</dict>
		<key>42B0A3361A898BD200EA908C</key>
		<dict>
			<key>fileEncoding</key>
			<string>4</string>
			<key>isa</key>
			<string>PBXFileReference</string>
			<key>lastKnownFileType</key>
			<string>sourcecode.c.objc</string>
			<key>path</key>
			<string>AFURLSessionManager.m</string>
			<key>sourceTree</key>
			<string>&lt;group&gt;</string>
		</dict>
		<key>42B0A3371A898BD200EA908C</key>
		<dict>
			<key>fileRef</key>
			<string>42B0A3251A898BD200EA908C</string>
			<key>isa</key>
			<string>PBXBuildFile</string>
		</dict>
		<key>42B0A3381A898BD200EA908C</key>
		<dict>
			<key>fileRef</key>
			<string>42B0A3271A898BD200EA908C</string>
			<key>isa</key>
			<string>PBXBuildFile</string>
		</dict>
		<key>42B0A3391A898BD200EA908C</key>
		<dict>
			<key>fileRef</key>
			<string>42B0A3291A898BD200EA908C</string>
			<key>isa</key>
			<string>PBXBuildFile</string>
		</dict>
		<key>42B0A33A1A898BD200EA908C</key>
		<dict>
			<key>fileRef</key>
			<string>42B0A32C1A898BD200EA908C</string>
			<key>isa</key>
			<string>PBXBuildFile</string>
		</dict>
		<key>42B0A33B1A898BD200EA908C</key>
		<dict>
			<key>fileRef</key>
			<string>42B0A32E1A898BD200EA908C</string>
			<key>isa</key>
			<string>PBXBuildFile</string>
		</dict>
		<key>42B0A33C1A898BD200EA908C</key>
		<dict>
			<key>fileRef</key>
			<string>42B0A3301A898BD200EA908C</string>
			<key>isa</key>
			<string>PBXBuildFile</string>
		</dict>
		<key>42B0A33D1A898BD200EA908C</key>
		<dict>
			<key>fileRef</key>
			<string>42B0A3321A898BD200EA908C</string>
			<key>isa</key>
			<string>PBXBuildFile</string>
		</dict>
		<key>42B0A33E1A898BD200EA908C</key>
		<dict>
			<key>fileRef</key>
			<string>42B0A3341A898BD200EA908C</string>
			<key>isa</key>
			<string>PBXBuildFile</string>
		</dict>
		<key>42B0A33F1A898BD200EA908C</key>
		<dict>
			<key>fileRef</key>
			<string>42B0A3361A898BD200EA908C</string>
			<key>isa</key>
			<string>PBXBuildFile</string>
		</dict>
		<key>42B0A3471A89CFF800EA908C</key>
		<dict>
			<key>fileEncoding</key>
			<string>4</string>
			<key>isa</key>
			<string>PBXFileReference</string>
			<key>lastKnownFileType</key>
			<string>sourcecode.swift</string>
			<key>path</key>
			<string>Login_Forpassword.swift</string>
			<key>sourceTree</key>
			<string>&lt;group&gt;</string>
		</dict>
		<key>42B0A3481A89CFF800EA908C</key>
		<dict>
			<key>fileRef</key>
			<string>42B0A3471A89CFF800EA908C</string>
			<key>isa</key>
			<string>PBXBuildFile</string>
		</dict>
		<key>42B74FBD1A812220008B575C</key>
		<dict>
			<key>children</key>
			<array>
				<string>42B859F11A74840F00FD4642</string>
				<string>42E5E78A1A773E56004A781E</string>
				<string>42B85A0F1A74884100FD4642</string>
				<string>42B85A111A74888500FD4642</string>
				<string>42B0A3471A89CFF800EA908C</string>
				<string>429FD09E1A801607003BA84D</string>
				<string>42B85A171A748B2E00FD4642</string>
				<string>A16023F51A87356E00CFAACA</string>
			</array>
			<key>isa</key>
			<string>PBXGroup</string>
			<key>name</key>
			<string>Login</string>
			<key>sourceTree</key>
			<string>&lt;group&gt;</string>
		</dict>
		<key>42B74FBE1A812416008B575C</key>
		<dict>
			<key>fileEncoding</key>
			<string>4</string>
			<key>isa</key>
			<string>PBXFileReference</string>
			<key>lastKnownFileType</key>
			<string>sourcecode.swift</string>
			<key>path</key>
			<string>MainViewController.swift</string>
			<key>sourceTree</key>
			<string>&lt;group&gt;</string>
		</dict>
		<key>42B74FBF1A812416008B575C</key>
		<dict>
			<key>fileEncoding</key>
			<string>4</string>
			<key>isa</key>
			<string>PBXFileReference</string>
			<key>lastKnownFileType</key>
			<string>sourcecode.swift</string>
			<key>path</key>
			<string>TournamentViewController.swift</string>
			<key>sourceTree</key>
			<string>&lt;group&gt;</string>
		</dict>
		<key>42B74FC11A812416008B575C</key>
		<dict>
			<key>fileEncoding</key>
			<string>4</string>
			<key>isa</key>
			<string>PBXFileReference</string>
			<key>lastKnownFileType</key>
			<string>sourcecode.swift</string>
			<key>path</key>
			<string>TeamViewController.swift</string>
			<key>sourceTree</key>
			<string>&lt;group&gt;</string>
		</dict>
		<key>42B74FC21A812416008B575C</key>
		<dict>
			<key>fileEncoding</key>
			<string>4</string>
			<key>isa</key>
			<string>PBXFileReference</string>
			<key>lastKnownFileType</key>
			<string>sourcecode.swift</string>
			<key>path</key>
			<string>NewsViewController.swift</string>
			<key>sourceTree</key>
			<string>&lt;group&gt;</string>
		</dict>
		<key>42B74FC31A812416008B575C</key>
		<dict>
			<key>fileEncoding</key>
			<string>4</string>
			<key>isa</key>
			<string>PBXFileReference</string>
			<key>lastKnownFileType</key>
			<string>sourcecode.swift</string>
			<key>path</key>
			<string>MeViewController.swift</string>
			<key>sourceTree</key>
			<string>&lt;group&gt;</string>
		</dict>
		<key>42B74FC41A812416008B575C</key>
		<dict>
			<key>fileRef</key>
			<string>42B74FBE1A812416008B575C</string>
			<key>isa</key>
			<string>PBXBuildFile</string>
		</dict>
		<key>42B74FC51A812416008B575C</key>
		<dict>
			<key>fileRef</key>
			<string>42B74FBF1A812416008B575C</string>
			<key>isa</key>
			<string>PBXBuildFile</string>
		</dict>
		<key>42B74FC71A812416008B575C</key>
		<dict>
			<key>fileRef</key>
			<string>42B74FC11A812416008B575C</string>
			<key>isa</key>
			<string>PBXBuildFile</string>
		</dict>
		<key>42B74FC81A812416008B575C</key>
		<dict>
			<key>fileRef</key>
			<string>42B74FC21A812416008B575C</string>
			<key>isa</key>
			<string>PBXBuildFile</string>
		</dict>
		<key>42B74FC91A812416008B575C</key>
		<dict>
			<key>fileRef</key>
			<string>42B74FC31A812416008B575C</string>
			<key>isa</key>
			<string>PBXBuildFile</string>
		</dict>
		<key>42B859DE1A74840E00FD4642</key>
		<dict>
			<key>children</key>
			<array>
				<string>A136BEBB1A89FD57002824A0</string>
				<string>A136BEB91A89FD46002824A0</string>
				<string>A136BEB71A89FCF1002824A0</string>
				<string>42B85A351A749F6E00FD4642</string>
				<string>42B85A361A749F6E00FD4642</string>
				<string>42B85A371A749F6E00FD4642</string>
				<string>42B859E91A74840F00FD4642</string>
				<string>42B85A021A74840F00FD4642</string>
				<string>42B859E81A74840F00FD4642</string>
				<string>428F6E721A7F2F3C007C21AC</string>
				<string>A433E8BD233EACE85BBE4352</string>
				<string>C3CDAA98EEDA0174084C2D9C</string>
			</array>
			<key>isa</key>
			<string>PBXGroup</string>
			<key>sourceTree</key>
			<string>&lt;group&gt;</string>
		</dict>
		<key>42B859DF1A74840E00FD4642</key>
		<dict>
			<key>attributes</key>
			<dict>
				<key>LastUpgradeCheck</key>
				<string>0610</string>
				<key>ORGANIZATIONNAME</key>
				<string>Kedan Li</string>
				<key>TargetAttributes</key>
				<dict>
					<key>42B859E61A74840E00FD4642</key>
					<dict>
						<key>CreatedOnToolsVersion</key>
						<string>6.1.1</string>
						<key>DevelopmentTeam</key>
						<string>Z52YC535HH</string>
					</dict>
					<key>42B859FE1A74840F00FD4642</key>
					<dict>
						<key>CreatedOnToolsVersion</key>
						<string>6.1.1</string>
						<key>TestTargetID</key>
						<string>42B859E61A74840E00FD4642</string>
					</dict>
				</dict>
			</dict>
			<key>buildConfigurationList</key>
			<string>42B859E21A74840E00FD4642</string>
			<key>compatibilityVersion</key>
			<string>Xcode 3.2</string>
			<key>developmentRegion</key>
			<string>English</string>
			<key>hasScannedForEncodings</key>
			<string>0</string>
			<key>isa</key>
			<string>PBXProject</string>
			<key>knownRegions</key>
			<array>
				<string>en</string>
				<string>Base</string>
			</array>
			<key>mainGroup</key>
			<string>42B859DE1A74840E00FD4642</string>
			<key>productRefGroup</key>
			<string>42B859E81A74840F00FD4642</string>
			<key>projectDirPath</key>
			<string></string>
			<key>projectReferences</key>
			<array>
				<dict>
					<key>ProductGroup</key>
					<string>428F6E731A7F2F3C007C21AC</string>
					<key>ProjectRef</key>
					<string>428F6E721A7F2F3C007C21AC</string>
				</dict>
			</array>
			<key>projectRoot</key>
			<string></string>
			<key>targets</key>
			<array>
				<string>42B859E61A74840E00FD4642</string>
				<string>42B859FE1A74840F00FD4642</string>
			</array>
		</dict>
		<key>42B859E21A74840E00FD4642</key>
		<dict>
			<key>buildConfigurations</key>
			<array>
				<string>42B85A071A74840F00FD4642</string>
				<string>42B85A081A74840F00FD4642</string>
			</array>
			<key>defaultConfigurationIsVisible</key>
			<string>0</string>
			<key>defaultConfigurationName</key>
			<string>Release</string>
			<key>isa</key>
			<string>XCConfigurationList</string>
		</dict>
		<key>42B859E31A74840E00FD4642</key>
		<dict>
			<key>buildActionMask</key>
			<string>2147483647</string>
			<key>files</key>
			<array>
				<string>42B85A101A74884100FD4642</string>
				<string>A1010D471A7B2ACF00256208</string>
				<string>42B859F21A74840F00FD4642</string>
				<string>42B74FC81A812416008B575C</string>
				<string>42B0A33C1A898BD200EA908C</string>
				<string>42E5E78B1A773E56004A781E</string>
				<string>42855B9D1A8459A600EB9546</string>
				<string>4260F3FC1A886D6000A6F39D</string>
				<string>42B74FC71A812416008B575C</string>
				<string>A16023F61A87356E00CFAACA</string>
				<string>427D7A931A85CBA600BFB2DA</string>
				<string>42B0A33D1A898BD200EA908C</string>
				<string>42B74FC91A812416008B575C</string>
				<string>42B85A121A74888500FD4642</string>
				<string>4267D82F1A8011D20054E800</string>
				<string>42B85A461A74A81A00FD4642</string>
				<string>421D565C1A8339D2005E56F0</string>
				<string>42B85A3E1A74A0D800FD4642</string>
				<string>42B859F01A74840F00FD4642</string>
				<string>42B0A3481A89CFF800EA908C</string>
				<string>42855BA81A84803000EB9546</string>
				<string>42B74FC51A812416008B575C</string>
				<string>42B85A441A74A81A00FD4642</string>
				<string>427D7A911A85C36000BFB2DA</string>
				<string>42B0A33B1A898BD200EA908C</string>
				<string>42B0A33F1A898BD200EA908C</string>
				<string>429FD09F1A801607003BA84D</string>
				<string>42B0A3381A898BD200EA908C</string>
				<string>42B859ED1A74840F00FD4642</string>
				<string>42B0A33E1A898BD200EA908C</string>
				<string>42B85A451A74A81A00FD4642</string>
				<string>42B74FC41A812416008B575C</string>
				<string>42B0A3391A898BD200EA908C</string>
				<string>42B0A33A1A898BD200EA908C</string>
				<string>A1F138861A8346C9007DE5A2</string>
				<string>42B0A3371A898BD200EA908C</string>
				<string>42B85A181A748B2E00FD4642</string>
				<string>42855BA21A846C0000EB9546</string>
				<string>A12FDD8A1A85EF9B00DF278F</string>
			</array>
			<key>isa</key>
			<string>PBXSourcesBuildPhase</string>
			<key>runOnlyForDeploymentPostprocessing</key>
			<string>0</string>
		</dict>
		<key>42B859E41A74840E00FD4642</key>
		<dict>
			<key>buildActionMask</key>
			<string>2147483647</string>
			<key>files</key>
			<array>
				<string>A136BEBC1A89FD57002824A0</string>
				<string>A136BEBA1A89FD46002824A0</string>
				<string>A136BEB81A89FCF1002824A0</string>
				<string>42B85A3A1A749F6E00FD4642</string>
				<string>42B85A381A749F6E00FD4642</string>
				<string>42B85A391A749F6E00FD4642</string>
				<string>42AB57DB1A7F3D4800C7799E</string>
				<string>83A592B41AEA1B4C2CF2BC73</string>
			</array>
			<key>isa</key>
			<string>PBXFrameworksBuildPhase</string>
			<key>runOnlyForDeploymentPostprocessing</key>
			<string>0</string>
		</dict>
		<key>42B859E51A74840E00FD4642</key>
		<dict>
			<key>buildActionMask</key>
			<string>2147483647</string>
			<key>files</key>
			<array>
				<string>A1010D491A7B2F9100256208</string>
				<string>429FD0A41A801F25003BA84D</string>
				<string>424AF75E1A872DA20033B863</string>
				<string>42855BA41A847CCC00EB9546</string>
				<string>A1B8E95C1A7B20F2009BE011</string>
				<string>A1B8E9581A7B20F2009BE011</string>
				<string>A1B8E9571A7B20F2009BE011</string>
				<string>42041AF71A816EE400623C70</string>
				<string>42B85A291A748CDB00FD4642</string>
				<string>42B85A271A748CDB00FD4642</string>
				<string>4215A6721A7D7616002EB62E</string>
				<string>A1B8E9631A7B20F2009BE011</string>
				<string>42041AF91A816EE400623C70</string>
				<string>42B85A251A748CDB00FD4642</string>
				<string>42AB57DA1A7F391A00C7799E</string>
				<string>42B85A241A748CDB00FD4642</string>
				<string>42855BA61A847D9F00EB9546</string>
				<string>4215A6701A7B45E1002EB62E</string>
				<string>42041AF11A81665E00623C70</string>
				<string>42B85A481A74A9FC00FD4642</string>
				<string>A1B8E95E1A7B20F2009BE011</string>
				<string>42B85A2A1A748CDB00FD4642</string>
				<string>42B859F51A74840F00FD4642</string>
				<string>42041AE91A815E1600623C70</string>
				<string>A1B8E95A1A7B20F2009BE011</string>
				<string>A1B8E9601A7B20F2009BE011</string>
				<string>A1B8E95B1A7B20F2009BE011</string>
				<string>42E5E7911A7762DB004A781E</string>
				<string>42B859FA1A74840F00FD4642</string>
				<string>42B85A161A7489CF00FD4642</string>
				<string>42B85A231A748CDB00FD4642</string>
				<string>426CD2EC1A89649D0042F4F7</string>
				<string>427D7A951A85CBDE00BFB2DA</string>
				<string>A1B8E9591A7B20F2009BE011</string>
				<string>42041AF81A816EE400623C70</string>
				<string>A1B8E95F1A7B20F2009BE011</string>
				<string>42041AE51A81592600623C70</string>
				<string>42B85A2D1A748D4E00FD4642</string>
				<string>A1B8E95D1A7B20F2009BE011</string>
				<string>42B85A2F1A74947E00FD4642</string>
				<string>42041AE71A81594900623C70</string>
				<string>4260F4031A886F1E00A6F39D</string>
				<string>A1B8E9621A7B20F2009BE011</string>
				<string>42B85A2B1A748CDB00FD4642</string>
				<string>42B859F71A74840F00FD4642</string>
				<string>42B85A281A748CDB00FD4642</string>
				<string>A1010D4B1A7B385700256208</string>
			</array>
			<key>isa</key>
			<string>PBXResourcesBuildPhase</string>
			<key>runOnlyForDeploymentPostprocessing</key>
			<string>0</string>
		</dict>
		<key>42B859E61A74840E00FD4642</key>
		<dict>
			<key>buildConfigurationList</key>
			<string>42B85A091A74840F00FD4642</string>
			<key>buildPhases</key>
			<array>
				<string>0B576E3A73CC5DE44B477B7F</string>
				<string>42B859E31A74840E00FD4642</string>
				<string>42B859E41A74840E00FD4642</string>
				<string>42B859E51A74840E00FD4642</string>
				<string>A10CA2931A7DE81200D69FAB</string>
				<string>5782B42EEC0FE5E7F8B1D4AE</string>
			</array>
			<key>buildRules</key>
			<array/>
			<key>dependencies</key>
			<array>
				<string>42AB57DE1A7F3D4800C7799E</string>
			</array>
			<key>isa</key>
			<string>PBXNativeTarget</string>
			<key>name</key>
			<string>Cteemo</string>
			<key>productName</key>
			<string>Cteemo</string>
			<key>productReference</key>
			<string>42B859E71A74840F00FD4642</string>
			<key>productType</key>
			<string>com.apple.product-type.application</string>
		</dict>
		<key>42B859E71A74840F00FD4642</key>
		<dict>
			<key>explicitFileType</key>
			<string>wrapper.application</string>
			<key>includeInIndex</key>
			<string>0</string>
			<key>isa</key>
			<string>PBXFileReference</string>
			<key>path</key>
			<string>Cteemo.app</string>
			<key>sourceTree</key>
			<string>BUILT_PRODUCTS_DIR</string>
		</dict>
		<key>42B859E81A74840F00FD4642</key>
		<dict>
			<key>children</key>
			<array>
				<string>42B859E71A74840F00FD4642</string>
				<string>42B859FF1A74840F00FD4642</string>
			</array>
			<key>isa</key>
			<string>PBXGroup</string>
			<key>name</key>
			<string>Products</string>
			<key>sourceTree</key>
			<string>&lt;group&gt;</string>
		</dict>
		<key>42B859E91A74840F00FD4642</key>
		<dict>
			<key>children</key>
			<array>
				<string>4215A6711A7D7616002EB62E</string>
				<string>42B859EC1A74840F00FD4642</string>
				<string>42B859F31A74840F00FD4642</string>
				<string>42B859F61A74840F00FD4642</string>
				<string>42B859F81A74840F00FD4642</string>
				<string>42B74FBE1A812416008B575C</string>
				<string>42B74FBF1A812416008B575C</string>
				<string>427D7A901A85C36000BFB2DA</string>
				<string>421D56511A832452005E56F0</string>
				<string>42B74FC21A812416008B575C</string>
				<string>42B74FC31A812416008B575C</string>
				<string>42B74FBD1A812220008B575C</string>
				<string>42B85A411A74A81A00FD4642</string>
				<string>42B85A471A74A9FC00FD4642</string>
				<string>427D7A921A85CBA600BFB2DA</string>
				<string>427D7A941A85CBDE00BFB2DA</string>
				<string>A1F138851A8346C9007DE5A2</string>
				<string>42B85A421A74A81A00FD4642</string>
				<string>42B85A431A74A81A00FD4642</string>
				<string>A1010D461A7B2ACF00256208</string>
				<string>4267D82E1A8011D20054E800</string>
				<string>42B859EE1A74840F00FD4642</string>
				<string>42B85A3C1A74A0D800FD4642</string>
				<string>42B85A3D1A74A0D800FD4642</string>
				<string>42B0A3231A898BD200EA908C</string>
				<string>42B85A131A74897A00FD4642</string>
				<string>42B859EA1A74840F00FD4642</string>
				<string>42B85A3B1A74A0D700FD4642</string>
			</array>
			<key>isa</key>
			<string>PBXGroup</string>
			<key>path</key>
			<string>Cteemo</string>
			<key>sourceTree</key>
			<string>&lt;group&gt;</string>
		</dict>
		<key>42B859EA1A74840F00FD4642</key>
		<dict>
			<key>children</key>
			<array>
				<string>42B859EB1A74840F00FD4642</string>
			</array>
			<key>isa</key>
			<string>PBXGroup</string>
			<key>name</key>
			<string>Supporting Files</string>
			<key>sourceTree</key>
			<string>&lt;group&gt;</string>
		</dict>
		<key>42B859EB1A74840F00FD4642</key>
		<dict>
			<key>isa</key>
			<string>PBXFileReference</string>
			<key>lastKnownFileType</key>
			<string>text.plist.xml</string>
			<key>path</key>
			<string>Info.plist</string>
			<key>sourceTree</key>
			<string>&lt;group&gt;</string>
		</dict>
		<key>42B859EC1A74840F00FD4642</key>
		<dict>
			<key>isa</key>
			<string>PBXFileReference</string>
			<key>lastKnownFileType</key>
			<string>sourcecode.swift</string>
			<key>path</key>
			<string>AppDelegate.swift</string>
			<key>sourceTree</key>
			<string>&lt;group&gt;</string>
		</dict>
		<key>42B859ED1A74840F00FD4642</key>
		<dict>
			<key>fileRef</key>
			<string>42B859EC1A74840F00FD4642</string>
			<key>isa</key>
			<string>PBXBuildFile</string>
		</dict>
		<key>42B859EE1A74840F00FD4642</key>
		<dict>
			<key>children</key>
			<array>
				<string>42B859EF1A74840F00FD4642</string>
			</array>
			<key>currentVersion</key>
			<string>42B859EF1A74840F00FD4642</string>
			<key>isa</key>
			<string>XCVersionGroup</string>
			<key>path</key>
			<string>Cteemo.xcdatamodeld</string>
			<key>sourceTree</key>
			<string>&lt;group&gt;</string>
			<key>versionGroupType</key>
			<string>wrapper.xcdatamodel</string>
		</dict>
		<key>42B859EF1A74840F00FD4642</key>
		<dict>
			<key>isa</key>
			<string>PBXFileReference</string>
			<key>lastKnownFileType</key>
			<string>wrapper.xcdatamodel</string>
			<key>path</key>
			<string>Cteemo.xcdatamodel</string>
			<key>sourceTree</key>
			<string>&lt;group&gt;</string>
		</dict>
		<key>42B859F01A74840F00FD4642</key>
		<dict>
			<key>fileRef</key>
			<string>42B859EE1A74840F00FD4642</string>
			<key>isa</key>
			<string>PBXBuildFile</string>
		</dict>
		<key>42B859F11A74840F00FD4642</key>
		<dict>
			<key>isa</key>
			<string>PBXFileReference</string>
			<key>lastKnownFileType</key>
			<string>sourcecode.swift</string>
			<key>path</key>
			<string>Login_MainViewController.swift</string>
			<key>sourceTree</key>
			<string>&lt;group&gt;</string>
		</dict>
		<key>42B859F21A74840F00FD4642</key>
		<dict>
			<key>fileRef</key>
			<string>42B859F11A74840F00FD4642</string>
			<key>isa</key>
			<string>PBXBuildFile</string>
		</dict>
		<key>42B859F31A74840F00FD4642</key>
		<dict>
			<key>children</key>
			<array>
				<string>42B859F41A74840F00FD4642</string>
			</array>
			<key>isa</key>
			<string>PBXVariantGroup</string>
			<key>name</key>
			<string>Main.storyboard</string>
			<key>sourceTree</key>
			<string>&lt;group&gt;</string>
		</dict>
		<key>42B859F41A74840F00FD4642</key>
		<dict>
			<key>isa</key>
			<string>PBXFileReference</string>
			<key>lastKnownFileType</key>
			<string>file.storyboard</string>
			<key>name</key>
			<string>Base</string>
			<key>path</key>
			<string>Base.lproj/Main.storyboard</string>
			<key>sourceTree</key>
			<string>&lt;group&gt;</string>
		</dict>
		<key>42B859F51A74840F00FD4642</key>
		<dict>
			<key>fileRef</key>
			<string>42B859F31A74840F00FD4642</string>
			<key>isa</key>
			<string>PBXBuildFile</string>
		</dict>
		<key>42B859F61A74840F00FD4642</key>
		<dict>
			<key>isa</key>
			<string>PBXFileReference</string>
			<key>lastKnownFileType</key>
			<string>folder.assetcatalog</string>
			<key>path</key>
			<string>Images.xcassets</string>
			<key>sourceTree</key>
			<string>&lt;group&gt;</string>
		</dict>
		<key>42B859F71A74840F00FD4642</key>
		<dict>
			<key>fileRef</key>
			<string>42B859F61A74840F00FD4642</string>
			<key>isa</key>
			<string>PBXBuildFile</string>
		</dict>
		<key>42B859F81A74840F00FD4642</key>
		<dict>
			<key>children</key>
			<array>
				<string>42B859F91A74840F00FD4642</string>
			</array>
			<key>isa</key>
			<string>PBXVariantGroup</string>
			<key>name</key>
			<string>LaunchScreen.xib</string>
			<key>sourceTree</key>
			<string>&lt;group&gt;</string>
		</dict>
		<key>42B859F91A74840F00FD4642</key>
		<dict>
			<key>isa</key>
			<string>PBXFileReference</string>
			<key>lastKnownFileType</key>
			<string>file.xib</string>
			<key>name</key>
			<string>Base</string>
			<key>path</key>
			<string>Base.lproj/LaunchScreen.xib</string>
			<key>sourceTree</key>
			<string>&lt;group&gt;</string>
		</dict>
		<key>42B859FA1A74840F00FD4642</key>
		<dict>
			<key>fileRef</key>
			<string>42B859F81A74840F00FD4642</string>
			<key>isa</key>
			<string>PBXBuildFile</string>
		</dict>
		<key>42B859FB1A74840F00FD4642</key>
		<dict>
			<key>buildActionMask</key>
			<string>2147483647</string>
			<key>files</key>
			<array>
				<string>42B85A061A74840F00FD4642</string>
			</array>
			<key>isa</key>
			<string>PBXSourcesBuildPhase</string>
			<key>runOnlyForDeploymentPostprocessing</key>
			<string>0</string>
		</dict>
		<key>42B859FC1A74840F00FD4642</key>
		<dict>
			<key>buildActionMask</key>
			<string>2147483647</string>
			<key>files</key>
			<array/>
			<key>isa</key>
			<string>PBXFrameworksBuildPhase</string>
			<key>runOnlyForDeploymentPostprocessing</key>
			<string>0</string>
		</dict>
		<key>42B859FD1A74840F00FD4642</key>
		<dict>
			<key>buildActionMask</key>
			<string>2147483647</string>
			<key>files</key>
			<array/>
			<key>isa</key>
			<string>PBXResourcesBuildPhase</string>
			<key>runOnlyForDeploymentPostprocessing</key>
			<string>0</string>
		</dict>
		<key>42B859FE1A74840F00FD4642</key>
		<dict>
			<key>buildConfigurationList</key>
			<string>42B85A0C1A74840F00FD4642</string>
			<key>buildPhases</key>
			<array>
				<string>42B859FB1A74840F00FD4642</string>
				<string>42B859FC1A74840F00FD4642</string>
				<string>42B859FD1A74840F00FD4642</string>
			</array>
			<key>buildRules</key>
			<array/>
			<key>dependencies</key>
			<array>
				<string>42B85A011A74840F00FD4642</string>
			</array>
			<key>isa</key>
			<string>PBXNativeTarget</string>
			<key>name</key>
			<string>CteemoTests</string>
			<key>productName</key>
			<string>CteemoTests</string>
			<key>productReference</key>
			<string>42B859FF1A74840F00FD4642</string>
			<key>productType</key>
			<string>com.apple.product-type.bundle.unit-test</string>
		</dict>
		<key>42B859FF1A74840F00FD4642</key>
		<dict>
			<key>explicitFileType</key>
			<string>wrapper.cfbundle</string>
			<key>includeInIndex</key>
			<string>0</string>
			<key>isa</key>
			<string>PBXFileReference</string>
			<key>path</key>
			<string>CteemoTests.xctest</string>
			<key>sourceTree</key>
			<string>BUILT_PRODUCTS_DIR</string>
		</dict>
		<key>42B85A001A74840F00FD4642</key>
		<dict>
			<key>containerPortal</key>
			<string>42B859DF1A74840E00FD4642</string>
			<key>isa</key>
			<string>PBXContainerItemProxy</string>
			<key>proxyType</key>
			<string>1</string>
			<key>remoteGlobalIDString</key>
			<string>42B859E61A74840E00FD4642</string>
			<key>remoteInfo</key>
			<string>Cteemo</string>
		</dict>
		<key>42B85A011A74840F00FD4642</key>
		<dict>
			<key>isa</key>
			<string>PBXTargetDependency</string>
			<key>target</key>
			<string>42B859E61A74840E00FD4642</string>
			<key>targetProxy</key>
			<string>42B85A001A74840F00FD4642</string>
		</dict>
		<key>42B85A021A74840F00FD4642</key>
		<dict>
			<key>children</key>
			<array>
				<string>42B85A051A74840F00FD4642</string>
				<string>42B85A031A74840F00FD4642</string>
			</array>
			<key>isa</key>
			<string>PBXGroup</string>
			<key>path</key>
			<string>CteemoTests</string>
			<key>sourceTree</key>
			<string>&lt;group&gt;</string>
		</dict>
		<key>42B85A031A74840F00FD4642</key>
		<dict>
			<key>children</key>
			<array>
				<string>42B85A041A74840F00FD4642</string>
			</array>
			<key>isa</key>
			<string>PBXGroup</string>
			<key>name</key>
			<string>Supporting Files</string>
			<key>sourceTree</key>
			<string>&lt;group&gt;</string>
		</dict>
		<key>42B85A041A74840F00FD4642</key>
		<dict>
			<key>isa</key>
			<string>PBXFileReference</string>
			<key>lastKnownFileType</key>
			<string>text.plist.xml</string>
			<key>path</key>
			<string>Info.plist</string>
			<key>sourceTree</key>
			<string>&lt;group&gt;</string>
		</dict>
		<key>42B85A051A74840F00FD4642</key>
		<dict>
			<key>isa</key>
			<string>PBXFileReference</string>
			<key>lastKnownFileType</key>
			<string>sourcecode.swift</string>
			<key>path</key>
			<string>CteemoTests.swift</string>
			<key>sourceTree</key>
			<string>&lt;group&gt;</string>
		</dict>
		<key>42B85A061A74840F00FD4642</key>
		<dict>
			<key>fileRef</key>
			<string>42B85A051A74840F00FD4642</string>
			<key>isa</key>
			<string>PBXBuildFile</string>
		</dict>
		<key>42B85A071A74840F00FD4642</key>
		<dict>
			<key>buildSettings</key>
			<dict>
				<key>ALWAYS_SEARCH_USER_PATHS</key>
				<string>NO</string>
				<key>CLANG_CXX_LANGUAGE_STANDARD</key>
				<string>gnu++0x</string>
				<key>CLANG_CXX_LIBRARY</key>
				<string>libc++</string>
				<key>CLANG_ENABLE_MODULES</key>
				<string>YES</string>
				<key>CLANG_ENABLE_OBJC_ARC</key>
				<string>YES</string>
				<key>CLANG_WARN_BOOL_CONVERSION</key>
				<string>YES</string>
				<key>CLANG_WARN_CONSTANT_CONVERSION</key>
				<string>YES</string>
				<key>CLANG_WARN_DIRECT_OBJC_ISA_USAGE</key>
				<string>YES_ERROR</string>
				<key>CLANG_WARN_EMPTY_BODY</key>
				<string>YES</string>
				<key>CLANG_WARN_ENUM_CONVERSION</key>
				<string>YES</string>
				<key>CLANG_WARN_INT_CONVERSION</key>
				<string>YES</string>
				<key>CLANG_WARN_OBJC_ROOT_CLASS</key>
				<string>YES_ERROR</string>
				<key>CLANG_WARN_UNREACHABLE_CODE</key>
				<string>YES</string>
				<key>CLANG_WARN__DUPLICATE_METHOD_MATCH</key>
				<string>YES</string>
				<key>CODE_SIGN_IDENTITY[sdk=iphoneos*]</key>
				<string>iPhone Developer</string>
				<key>COPY_PHASE_STRIP</key>
				<string>NO</string>
				<key>ENABLE_STRICT_OBJC_MSGSEND</key>
				<string>YES</string>
				<key>GCC_C_LANGUAGE_STANDARD</key>
				<string>gnu99</string>
				<key>GCC_DYNAMIC_NO_PIC</key>
				<string>NO</string>
				<key>GCC_OPTIMIZATION_LEVEL</key>
				<string>0</string>
				<key>GCC_PREPROCESSOR_DEFINITIONS</key>
				<array>
					<string>DEBUG=1</string>
					<string>$(inherited)</string>
				</array>
				<key>GCC_SYMBOLS_PRIVATE_EXTERN</key>
				<string>NO</string>
				<key>GCC_WARN_64_TO_32_BIT_CONVERSION</key>
				<string>YES</string>
				<key>GCC_WARN_ABOUT_RETURN_TYPE</key>
				<string>YES_ERROR</string>
				<key>GCC_WARN_UNDECLARED_SELECTOR</key>
				<string>YES</string>
				<key>GCC_WARN_UNINITIALIZED_AUTOS</key>
				<string>YES_AGGRESSIVE</string>
				<key>GCC_WARN_UNUSED_FUNCTION</key>
				<string>YES</string>
				<key>GCC_WARN_UNUSED_VARIABLE</key>
				<string>YES</string>
				<key>IPHONEOS_DEPLOYMENT_TARGET</key>
				<string>8.1</string>
				<key>MTL_ENABLE_DEBUG_INFO</key>
				<string>YES</string>
				<key>ONLY_ACTIVE_ARCH</key>
				<string>YES</string>
				<key>SDKROOT</key>
				<string>iphoneos</string>
				<key>SWIFT_OPTIMIZATION_LEVEL</key>
				<string>-Onone</string>
			</dict>
			<key>isa</key>
			<string>XCBuildConfiguration</string>
			<key>name</key>
			<string>Debug</string>
		</dict>
		<key>42B85A081A74840F00FD4642</key>
		<dict>
			<key>buildSettings</key>
			<dict>
				<key>ALWAYS_SEARCH_USER_PATHS</key>
				<string>NO</string>
				<key>CLANG_CXX_LANGUAGE_STANDARD</key>
				<string>gnu++0x</string>
				<key>CLANG_CXX_LIBRARY</key>
				<string>libc++</string>
				<key>CLANG_ENABLE_MODULES</key>
				<string>YES</string>
				<key>CLANG_ENABLE_OBJC_ARC</key>
				<string>YES</string>
				<key>CLANG_WARN_BOOL_CONVERSION</key>
				<string>YES</string>
				<key>CLANG_WARN_CONSTANT_CONVERSION</key>
				<string>YES</string>
				<key>CLANG_WARN_DIRECT_OBJC_ISA_USAGE</key>
				<string>YES_ERROR</string>
				<key>CLANG_WARN_EMPTY_BODY</key>
				<string>YES</string>
				<key>CLANG_WARN_ENUM_CONVERSION</key>
				<string>YES</string>
				<key>CLANG_WARN_INT_CONVERSION</key>
				<string>YES</string>
				<key>CLANG_WARN_OBJC_ROOT_CLASS</key>
				<string>YES_ERROR</string>
				<key>CLANG_WARN_UNREACHABLE_CODE</key>
				<string>YES</string>
				<key>CLANG_WARN__DUPLICATE_METHOD_MATCH</key>
				<string>YES</string>
				<key>CODE_SIGN_IDENTITY[sdk=iphoneos*]</key>
				<string>iPhone Developer</string>
				<key>COPY_PHASE_STRIP</key>
				<string>YES</string>
				<key>ENABLE_NS_ASSERTIONS</key>
				<string>NO</string>
				<key>ENABLE_STRICT_OBJC_MSGSEND</key>
				<string>YES</string>
				<key>GCC_C_LANGUAGE_STANDARD</key>
				<string>gnu99</string>
				<key>GCC_WARN_64_TO_32_BIT_CONVERSION</key>
				<string>YES</string>
				<key>GCC_WARN_ABOUT_RETURN_TYPE</key>
				<string>YES_ERROR</string>
				<key>GCC_WARN_UNDECLARED_SELECTOR</key>
				<string>YES</string>
				<key>GCC_WARN_UNINITIALIZED_AUTOS</key>
				<string>YES_AGGRESSIVE</string>
				<key>GCC_WARN_UNUSED_FUNCTION</key>
				<string>YES</string>
				<key>GCC_WARN_UNUSED_VARIABLE</key>
				<string>YES</string>
				<key>IPHONEOS_DEPLOYMENT_TARGET</key>
				<string>8.1</string>
				<key>MTL_ENABLE_DEBUG_INFO</key>
				<string>NO</string>
				<key>SDKROOT</key>
				<string>iphoneos</string>
				<key>VALIDATE_PRODUCT</key>
				<string>YES</string>
			</dict>
			<key>isa</key>
			<string>XCBuildConfiguration</string>
			<key>name</key>
			<string>Release</string>
		</dict>
		<key>42B85A091A74840F00FD4642</key>
		<dict>
			<key>buildConfigurations</key>
			<array>
				<string>42B85A0A1A74840F00FD4642</string>
				<string>42B85A0B1A74840F00FD4642</string>
			</array>
			<key>defaultConfigurationIsVisible</key>
			<string>0</string>
			<key>defaultConfigurationName</key>
			<string>Release</string>
			<key>isa</key>
			<string>XCConfigurationList</string>
		</dict>
		<key>42B85A0A1A74840F00FD4642</key>
		<dict>
			<key>baseConfigurationReference</key>
			<string>25BDD0ED54E6DFFDE001E796</string>
			<key>buildSettings</key>
			<dict>
				<key>ASSETCATALOG_COMPILER_APPICON_NAME</key>
				<string>AppIcon</string>
				<key>CLANG_ENABLE_MODULES</key>
				<string>YES</string>
				<key>EMBEDDED_CONTENT_CONTAINS_SWIFT</key>
				<string>YES</string>
				<key>FRAMEWORK_SEARCH_PATHS</key>
				<array>
					<string>$(inherited)</string>
					<string>$(PROJECT_DIR)</string>
				</array>
				<key>INFOPLIST_FILE</key>
				<string>Cteemo/Info.plist</string>
				<key>IPHONEOS_DEPLOYMENT_TARGET</key>
				<string>8.0</string>
				<key>LD_RUNPATH_SEARCH_PATHS</key>
				<string>$(inherited) @executable_path/Frameworks</string>
				<key>LIBRARY_SEARCH_PATHS</key>
				<array>
					<string>$(inherited)</string>
					<string>$(PROJECT_DIR)</string>
				</array>
				<key>PRODUCT_NAME</key>
				<string>$(TARGET_NAME)</string>
				<key>SWIFT_OBJC_BRIDGING_HEADER</key>
				<string>Cteemo/Cteemo-Bridging-Header.h</string>
				<key>SWIFT_OPTIMIZATION_LEVEL</key>
				<string>-Onone</string>
				<key>TARGETED_DEVICE_FAMILY</key>
				<string>1</string>
			</dict>
			<key>isa</key>
			<string>XCBuildConfiguration</string>
			<key>name</key>
			<string>Debug</string>
		</dict>
		<key>42B85A0B1A74840F00FD4642</key>
		<dict>
			<key>baseConfigurationReference</key>
			<string>83B236CE869F92F958522D92</string>
			<key>buildSettings</key>
			<dict>
				<key>ASSETCATALOG_COMPILER_APPICON_NAME</key>
				<string>AppIcon</string>
				<key>CLANG_ENABLE_MODULES</key>
				<string>YES</string>
				<key>EMBEDDED_CONTENT_CONTAINS_SWIFT</key>
				<string>YES</string>
				<key>FRAMEWORK_SEARCH_PATHS</key>
				<array>
					<string>$(inherited)</string>
					<string>$(PROJECT_DIR)</string>
				</array>
				<key>INFOPLIST_FILE</key>
				<string>Cteemo/Info.plist</string>
				<key>IPHONEOS_DEPLOYMENT_TARGET</key>
				<string>8.0</string>
				<key>LD_RUNPATH_SEARCH_PATHS</key>
				<string>$(inherited) @executable_path/Frameworks</string>
				<key>LIBRARY_SEARCH_PATHS</key>
				<array>
					<string>$(inherited)</string>
					<string>$(PROJECT_DIR)</string>
				</array>
				<key>PRODUCT_NAME</key>
				<string>$(TARGET_NAME)</string>
				<key>SWIFT_OBJC_BRIDGING_HEADER</key>
				<string>Cteemo/Cteemo-Bridging-Header.h</string>
				<key>TARGETED_DEVICE_FAMILY</key>
				<string>1</string>
			</dict>
			<key>isa</key>
			<string>XCBuildConfiguration</string>
			<key>name</key>
			<string>Release</string>
		</dict>
		<key>42B85A0C1A74840F00FD4642</key>
		<dict>
			<key>buildConfigurations</key>
			<array>
				<string>42B85A0D1A74840F00FD4642</string>
				<string>42B85A0E1A74840F00FD4642</string>
			</array>
			<key>defaultConfigurationIsVisible</key>
			<string>0</string>
			<key>defaultConfigurationName</key>
			<string>Release</string>
			<key>isa</key>
			<string>XCConfigurationList</string>
		</dict>
		<key>42B85A0D1A74840F00FD4642</key>
		<dict>
			<key>buildSettings</key>
			<dict>
				<key>BUNDLE_LOADER</key>
				<string>$(TEST_HOST)</string>
				<key>FRAMEWORK_SEARCH_PATHS</key>
				<array>
					<string>$(SDKROOT)/Developer/Library/Frameworks</string>
					<string>$(inherited)</string>
				</array>
				<key>GCC_PREPROCESSOR_DEFINITIONS</key>
				<array>
					<string>DEBUG=1</string>
					<string>$(inherited)</string>
				</array>
				<key>INFOPLIST_FILE</key>
				<string>CteemoTests/Info.plist</string>
				<key>LD_RUNPATH_SEARCH_PATHS</key>
				<string>$(inherited) @executable_path/Frameworks @loader_path/Frameworks</string>
				<key>PRODUCT_NAME</key>
				<string>$(TARGET_NAME)</string>
				<key>TEST_HOST</key>
				<string>$(BUILT_PRODUCTS_DIR)/Cteemo.app/Cteemo</string>
			</dict>
			<key>isa</key>
			<string>XCBuildConfiguration</string>
			<key>name</key>
			<string>Debug</string>
		</dict>
		<key>42B85A0E1A74840F00FD4642</key>
		<dict>
			<key>buildSettings</key>
			<dict>
				<key>BUNDLE_LOADER</key>
				<string>$(TEST_HOST)</string>
				<key>FRAMEWORK_SEARCH_PATHS</key>
				<array>
					<string>$(SDKROOT)/Developer/Library/Frameworks</string>
					<string>$(inherited)</string>
				</array>
				<key>INFOPLIST_FILE</key>
				<string>CteemoTests/Info.plist</string>
				<key>LD_RUNPATH_SEARCH_PATHS</key>
				<string>$(inherited) @executable_path/Frameworks @loader_path/Frameworks</string>
				<key>PRODUCT_NAME</key>
				<string>$(TARGET_NAME)</string>
				<key>TEST_HOST</key>
				<string>$(BUILT_PRODUCTS_DIR)/Cteemo.app/Cteemo</string>
			</dict>
			<key>isa</key>
			<string>XCBuildConfiguration</string>
			<key>name</key>
			<string>Release</string>
		</dict>
		<key>42B85A0F1A74884100FD4642</key>
		<dict>
			<key>fileEncoding</key>
			<string>4</string>
			<key>isa</key>
			<string>PBXFileReference</string>
			<key>lastKnownFileType</key>
			<string>sourcecode.swift</string>
			<key>path</key>
			<string>Login_CreateViewController.swift</string>
			<key>sourceTree</key>
			<string>&lt;group&gt;</string>
		</dict>
		<key>42B85A101A74884100FD4642</key>
		<dict>
			<key>fileRef</key>
			<string>42B85A0F1A74884100FD4642</string>
			<key>isa</key>
			<string>PBXBuildFile</string>
		</dict>
		<key>42B85A111A74888500FD4642</key>
		<dict>
			<key>fileEncoding</key>
			<string>4</string>
			<key>isa</key>
			<string>PBXFileReference</string>
			<key>lastKnownFileType</key>
			<string>sourcecode.swift</string>
			<key>path</key>
			<string>Login_SchoolAndPhoto.swift</string>
			<key>sourceTree</key>
			<string>&lt;group&gt;</string>
		</dict>
		<key>42B85A121A74888500FD4642</key>
		<dict>
			<key>fileRef</key>
			<string>42B85A111A74888500FD4642</string>
			<key>isa</key>
			<string>PBXBuildFile</string>
		</dict>
		<key>42B85A131A74897A00FD4642</key>
		<dict>
			<key>children</key>
			<array>
				<string>A1B8E9641A7B215C009BE011</string>
				<string>42B85A191A748C1500FD4642</string>
				<string>42B85A141A7489B700FD4642</string>
			</array>
			<key>isa</key>
			<string>PBXGroup</string>
			<key>name</key>
			<string>Images</string>
			<key>sourceTree</key>
			<string>&lt;group&gt;</string>
		</dict>
		<key>42B85A141A7489B700FD4642</key>
		<dict>
			<key>children</key>
			<array>
				<string>42B85A151A7489CF00FD4642</string>
			</array>
			<key>isa</key>
			<string>PBXGroup</string>
			<key>name</key>
			<string>StartPage</string>
			<key>sourceTree</key>
			<string>&lt;group&gt;</string>
		</dict>
		<key>42B85A151A7489CF00FD4642</key>
		<dict>
			<key>isa</key>
			<string>PBXFileReference</string>
			<key>lastKnownFileType</key>
			<string>image.png</string>
			<key>path</key>
			<string>loading_page.png</string>
			<key>sourceTree</key>
			<string>&lt;group&gt;</string>
		</dict>
		<key>42B85A161A7489CF00FD4642</key>
		<dict>
			<key>fileRef</key>
			<string>42B85A151A7489CF00FD4642</string>
			<key>isa</key>
			<string>PBXBuildFile</string>
		</dict>
		<key>42B85A171A748B2E00FD4642</key>
		<dict>
			<key>fileEncoding</key>
			<string>4</string>
			<key>isa</key>
			<string>PBXFileReference</string>
			<key>lastKnownFileType</key>
			<string>sourcecode.swift</string>
			<key>path</key>
			<string>Login_SchoolSearchViewController.swift</string>
			<key>sourceTree</key>
			<string>&lt;group&gt;</string>
		</dict>
		<key>42B85A181A748B2E00FD4642</key>
		<dict>
			<key>fileRef</key>
			<string>42B85A171A748B2E00FD4642</string>
			<key>isa</key>
			<string>PBXBuildFile</string>
		</dict>
		<key>42B85A191A748C1500FD4642</key>
		<dict>
			<key>children</key>
			<array>
				<string>429FD0A31A801F25003BA84D</string>
				<string>4215A66F1A7B45E1002EB62E</string>
				<string>42AB57D91A7F391A00C7799E</string>
				<string>A1010D4A1A7B385700256208</string>
				<string>42B85A2E1A74947E00FD4642</string>
				<string>42B85A1A1A748CDB00FD4642</string>
				<string>42B85A2C1A748D4E00FD4642</string>
				<string>42E5E7901A7762DB004A781E</string>
				<string>42B85A1B1A748CDB00FD4642</string>
				<string>42B85A1C1A748CDB00FD4642</string>
				<string>42B85A1E1A748CDB00FD4642</string>
				<string>42B85A1F1A748CDB00FD4642</string>
				<string>42B85A201A748CDB00FD4642</string>
				<string>42B85A211A748CDB00FD4642</string>
				<string>A1010D481A7B2F9100256208</string>
				<string>42B85A221A748CDB00FD4642</string>
			</array>
			<key>isa</key>
			<string>PBXGroup</string>
			<key>name</key>
			<string>Login</string>
			<key>sourceTree</key>
			<string>&lt;group&gt;</string>
		</dict>
		<key>42B85A1A1A748CDB00FD4642</key>
		<dict>
			<key>isa</key>
			<string>PBXFileReference</string>
			<key>lastKnownFileType</key>
			<string>image.png</string>
			<key>path</key>
			<string>arrow.png</string>
			<key>sourceTree</key>
			<string>&lt;group&gt;</string>
		</dict>
		<key>42B85A1B1A748CDB00FD4642</key>
		<dict>
			<key>isa</key>
			<string>PBXFileReference</string>
			<key>lastKnownFileType</key>
			<string>image.png</string>
			<key>path</key>
			<string>backG.png</string>
			<key>sourceTree</key>
			<string>&lt;group&gt;</string>
		</dict>
		<key>42B85A1C1A748CDB00FD4642</key>
		<dict>
			<key>isa</key>
			<string>PBXFileReference</string>
			<key>lastKnownFileType</key>
			<string>image.png</string>
			<key>path</key>
			<string>button.png</string>
			<key>sourceTree</key>
			<string>&lt;group&gt;</string>
		</dict>
		<key>42B85A1E1A748CDB00FD4642</key>
		<dict>
			<key>isa</key>
			<string>PBXFileReference</string>
			<key>lastKnownFileType</key>
			<string>image.png</string>
			<key>path</key>
			<string>Inkinesss.png</string>
			<key>sourceTree</key>
			<string>&lt;group&gt;</string>
		</dict>
		<key>42B85A1F1A748CDB00FD4642</key>
		<dict>
			<key>isa</key>
			<string>PBXFileReference</string>
			<key>lastKnownFileType</key>
			<string>image.png</string>
			<key>path</key>
			<string>lock1.png</string>
			<key>sourceTree</key>
			<string>&lt;group&gt;</string>
		</dict>
		<key>42B85A201A748CDB00FD4642</key>
		<dict>
			<key>isa</key>
			<string>PBXFileReference</string>
			<key>lastKnownFileType</key>
			<string>image.png</string>
			<key>path</key>
			<string>me_icons1.png</string>
			<key>sourceTree</key>
			<string>&lt;group&gt;</string>
		</dict>
		<key>42B85A211A748CDB00FD4642</key>
		<dict>
			<key>isa</key>
			<string>PBXFileReference</string>
			<key>lastKnownFileType</key>
			<string>image.png</string>
			<key>path</key>
			<string>PHOTO icons.png</string>
			<key>sourceTree</key>
			<string>&lt;group&gt;</string>
		</dict>
		<key>42B85A221A748CDB00FD4642</key>
		<dict>
			<key>isa</key>
			<string>PBXFileReference</string>
			<key>lastKnownFileType</key>
			<string>image.png</string>
			<key>path</key>
			<string>SUBMIT.png</string>
			<key>sourceTree</key>
			<string>&lt;group&gt;</string>
		</dict>
		<key>42B85A231A748CDB00FD4642</key>
		<dict>
			<key>fileRef</key>
			<string>42B85A1A1A748CDB00FD4642</string>
			<key>isa</key>
			<string>PBXBuildFile</string>
		</dict>
		<key>42B85A241A748CDB00FD4642</key>
		<dict>
			<key>fileRef</key>
			<string>42B85A1B1A748CDB00FD4642</string>
			<key>isa</key>
			<string>PBXBuildFile</string>
		</dict>
		<key>42B85A251A748CDB00FD4642</key>
		<dict>
			<key>fileRef</key>
			<string>42B85A1C1A748CDB00FD4642</string>
			<key>isa</key>
			<string>PBXBuildFile</string>
		</dict>
		<key>42B85A271A748CDB00FD4642</key>
		<dict>
			<key>fileRef</key>
			<string>42B85A1E1A748CDB00FD4642</string>
			<key>isa</key>
			<string>PBXBuildFile</string>
		</dict>
		<key>42B85A281A748CDB00FD4642</key>
		<dict>
			<key>fileRef</key>
			<string>42B85A1F1A748CDB00FD4642</string>
			<key>isa</key>
			<string>PBXBuildFile</string>
		</dict>
		<key>42B85A291A748CDB00FD4642</key>
		<dict>
			<key>fileRef</key>
			<string>42B85A201A748CDB00FD4642</string>
			<key>isa</key>
			<string>PBXBuildFile</string>
		</dict>
		<key>42B85A2A1A748CDB00FD4642</key>
		<dict>
			<key>fileRef</key>
			<string>42B85A211A748CDB00FD4642</string>
			<key>isa</key>
			<string>PBXBuildFile</string>
		</dict>
		<key>42B85A2B1A748CDB00FD4642</key>
		<dict>
			<key>fileRef</key>
			<string>42B85A221A748CDB00FD4642</string>
			<key>isa</key>
			<string>PBXBuildFile</string>
		</dict>
		<key>42B85A2C1A748D4E00FD4642</key>
		<dict>
			<key>isa</key>
			<string>PBXFileReference</string>
			<key>lastKnownFileType</key>
			<string>image.png</string>
			<key>path</key>
			<string>arrowTurned.png</string>
			<key>sourceTree</key>
			<string>&lt;group&gt;</string>
		</dict>
		<key>42B85A2D1A748D4E00FD4642</key>
		<dict>
			<key>fileRef</key>
			<string>42B85A2C1A748D4E00FD4642</string>
			<key>isa</key>
			<string>PBXBuildFile</string>
		</dict>
		<key>42B85A2E1A74947E00FD4642</key>
		<dict>
			<key>isa</key>
			<string>PBXFileReference</string>
			<key>lastKnownFileType</key>
			<string>image.png</string>
			<key>path</key>
			<string>textField.png</string>
			<key>sourceTree</key>
			<string>&lt;group&gt;</string>
		</dict>
		<key>42B85A2F1A74947E00FD4642</key>
		<dict>
			<key>fileRef</key>
			<string>42B85A2E1A74947E00FD4642</string>
			<key>isa</key>
			<string>PBXBuildFile</string>
		</dict>
		<key>42B85A351A749F6E00FD4642</key>
		<dict>
			<key>isa</key>
			<string>PBXFileReference</string>
			<key>lastKnownFileType</key>
			<string>wrapper.framework</string>
			<key>path</key>
			<string>Bolts.framework</string>
			<key>sourceTree</key>
			<string>&lt;group&gt;</string>
		</dict>
		<key>42B85A361A749F6E00FD4642</key>
		<dict>
			<key>isa</key>
			<string>PBXFileReference</string>
			<key>lastKnownFileType</key>
			<string>wrapper.framework</string>
			<key>path</key>
			<string>FacebookSDK.framework</string>
			<key>sourceTree</key>
			<string>&lt;group&gt;</string>
		</dict>
		<key>42B85A371A749F6E00FD4642</key>
		<dict>
			<key>isa</key>
			<string>PBXFileReference</string>
			<key>lastKnownFileType</key>
			<string>wrapper.framework</string>
			<key>path</key>
			<string>FBAudienceNetwork.framework</string>
			<key>sourceTree</key>
			<string>&lt;group&gt;</string>
		</dict>
		<key>42B85A381A749F6E00FD4642</key>
		<dict>
			<key>fileRef</key>
			<string>42B85A351A749F6E00FD4642</string>
			<key>isa</key>
			<string>PBXBuildFile</string>
		</dict>
		<key>42B85A391A749F6E00FD4642</key>
		<dict>
			<key>fileRef</key>
			<string>42B85A361A749F6E00FD4642</string>
			<key>isa</key>
			<string>PBXBuildFile</string>
		</dict>
		<key>42B85A3A1A749F6E00FD4642</key>
		<dict>
			<key>fileRef</key>
			<string>42B85A371A749F6E00FD4642</string>
			<key>isa</key>
			<string>PBXBuildFile</string>
		</dict>
		<key>42B85A3B1A74A0D700FD4642</key>
		<dict>
			<key>isa</key>
			<string>PBXFileReference</string>
			<key>lastKnownFileType</key>
			<string>sourcecode.c.h</string>
			<key>path</key>
			<string>Cteemo-Bridging-Header.h</string>
			<key>sourceTree</key>
			<string>&lt;group&gt;</string>
		</dict>
		<key>42B85A3C1A74A0D800FD4642</key>
		<dict>
			<key>fileEncoding</key>
			<string>4</string>
			<key>isa</key>
			<string>PBXFileReference</string>
			<key>lastKnownFileType</key>
			<string>sourcecode.c.h</string>
			<key>path</key>
			<string>Reachability.h</string>
			<key>sourceTree</key>
			<string>&lt;group&gt;</string>
		</dict>
		<key>42B85A3D1A74A0D800FD4642</key>
		<dict>
			<key>fileEncoding</key>
			<string>4</string>
			<key>isa</key>
			<string>PBXFileReference</string>
			<key>lastKnownFileType</key>
			<string>sourcecode.c.objc</string>
			<key>path</key>
			<string>Reachability.m</string>
			<key>sourceTree</key>
			<string>&lt;group&gt;</string>
		</dict>
		<key>42B85A3E1A74A0D800FD4642</key>
		<dict>
			<key>fileRef</key>
			<string>42B85A3D1A74A0D800FD4642</string>
			<key>isa</key>
			<string>PBXBuildFile</string>
			<key>settings</key>
			<dict>
				<key>COMPILER_FLAGS</key>
				<string>-fno-objc-arc</string>
			</dict>
		</dict>
		<key>42B85A411A74A81A00FD4642</key>
		<dict>
			<key>fileEncoding</key>
			<string>4</string>
			<key>isa</key>
			<string>PBXFileReference</string>
			<key>lastKnownFileType</key>
			<string>sourcecode.swift</string>
			<key>path</key>
			<string>UserInformation.swift</string>
			<key>sourceTree</key>
			<string>&lt;group&gt;</string>
		</dict>
		<key>42B85A421A74A81A00FD4642</key>
		<dict>
			<key>fileEncoding</key>
			<string>4</string>
			<key>isa</key>
			<string>PBXFileReference</string>
			<key>lastKnownFileType</key>
			<string>sourcecode.swift</string>
			<key>path</key>
			<string>DataManager.swift</string>
			<key>sourceTree</key>
			<string>&lt;group&gt;</string>
		</dict>
		<key>42B85A431A74A81A00FD4642</key>
		<dict>
			<key>fileEncoding</key>
			<string>4</string>
			<key>isa</key>
			<string>PBXFileReference</string>
			<key>lastKnownFileType</key>
			<string>sourcecode.swift</string>
			<key>path</key>
			<string>InteractingWithServer.swift</string>
			<key>sourceTree</key>
			<string>&lt;group&gt;</string>
		</dict>
		<key>42B85A441A74A81A00FD4642</key>
		<dict>
			<key>fileRef</key>
			<string>42B85A411A74A81A00FD4642</string>
			<key>isa</key>
			<string>PBXBuildFile</string>
		</dict>
		<key>42B85A451A74A81A00FD4642</key>
		<dict>
			<key>fileRef</key>
			<string>42B85A421A74A81A00FD4642</string>
			<key>isa</key>
			<string>PBXBuildFile</string>
		</dict>
		<key>42B85A461A74A81A00FD4642</key>
		<dict>
			<key>fileRef</key>
			<string>42B85A431A74A81A00FD4642</string>
			<key>isa</key>
			<string>PBXBuildFile</string>
		</dict>
		<key>42B85A471A74A9FC00FD4642</key>
		<dict>
			<key>fileEncoding</key>
			<string>4</string>
			<key>isa</key>
			<string>PBXFileReference</string>
			<key>lastKnownFileType</key>
			<string>text.plist.xml</string>
			<key>path</key>
			<string>UserInformation.plist</string>
			<key>sourceTree</key>
			<string>&lt;group&gt;</string>
		</dict>
		<key>42B85A481A74A9FC00FD4642</key>
		<dict>
			<key>fileRef</key>
			<string>42B85A471A74A9FC00FD4642</string>
			<key>isa</key>
			<string>PBXBuildFile</string>
		</dict>
		<key>42E5E78A1A773E56004A781E</key>
		<dict>
			<key>fileEncoding</key>
			<string>4</string>
			<key>isa</key>
			<string>PBXFileReference</string>
			<key>lastKnownFileType</key>
			<string>sourcecode.swift</string>
			<key>path</key>
			<string>Login_LoginBySelfViewController.swift</string>
			<key>sourceTree</key>
			<string>&lt;group&gt;</string>
		</dict>
		<key>42E5E78B1A773E56004A781E</key>
		<dict>
			<key>fileRef</key>
			<string>42E5E78A1A773E56004A781E</string>
			<key>isa</key>
			<string>PBXBuildFile</string>
		</dict>
		<key>42E5E7901A7762DB004A781E</key>
		<dict>
			<key>isa</key>
			<string>PBXFileReference</string>
			<key>lastKnownFileType</key>
			<string>image.png</string>
			<key>path</key>
			<string>teemoDouble.png</string>
			<key>sourceTree</key>
			<string>&lt;group&gt;</string>
		</dict>
		<key>42E5E7911A7762DB004A781E</key>
		<dict>
			<key>fileRef</key>
			<string>42E5E7901A7762DB004A781E</string>
			<key>isa</key>
			<string>PBXBuildFile</string>
		</dict>
		<key>5782B42EEC0FE5E7F8B1D4AE</key>
		<dict>
			<key>buildActionMask</key>
			<string>2147483647</string>
			<key>files</key>
			<array/>
			<key>inputPaths</key>
			<array/>
			<key>isa</key>
			<string>PBXShellScriptBuildPhase</string>
			<key>name</key>
			<string>Copy Pods Resources</string>
			<key>outputPaths</key>
			<array/>
			<key>runOnlyForDeploymentPostprocessing</key>
			<string>0</string>
			<key>shellPath</key>
			<string>/bin/sh</string>
			<key>shellScript</key>
			<string>"${SRCROOT}/Pods/Target Support Files/Pods/Pods-resources.sh"
</string>
			<key>showEnvVarsInLog</key>
			<string>0</string>
		</dict>
		<key>83A592B41AEA1B4C2CF2BC73</key>
		<dict>
			<key>fileRef</key>
			<string>3225B93F0EEA46A9AA85D74E</string>
			<key>isa</key>
			<string>PBXBuildFile</string>
		</dict>
		<key>83B236CE869F92F958522D92</key>
		<dict>
			<key>includeInIndex</key>
			<string>1</string>
			<key>isa</key>
			<string>PBXFileReference</string>
			<key>lastKnownFileType</key>
			<string>text.xcconfig</string>
			<key>name</key>
			<string>Pods.release.xcconfig</string>
			<key>path</key>
			<string>Pods/Target Support Files/Pods/Pods.release.xcconfig</string>
			<key>sourceTree</key>
			<string>&lt;group&gt;</string>
		</dict>
		<key>A1010D461A7B2ACF00256208</key>
		<dict>
			<key>fileEncoding</key>
			<string>4</string>
			<key>isa</key>
			<string>PBXFileReference</string>
			<key>lastKnownFileType</key>
			<string>sourcecode.swift</string>
			<key>path</key>
			<string>ARequest.swift</string>
			<key>sourceTree</key>
			<string>&lt;group&gt;</string>
		</dict>
		<key>A1010D471A7B2ACF00256208</key>
		<dict>
			<key>fileRef</key>
			<string>A1010D461A7B2ACF00256208</string>
			<key>isa</key>
			<string>PBXBuildFile</string>
		</dict>
		<key>A1010D481A7B2F9100256208</key>
		<dict>
			<key>isa</key>
			<string>PBXFileReference</string>
			<key>lastKnownFileType</key>
			<string>image.png</string>
			<key>path</key>
			<string>school button icon.png</string>
			<key>sourceTree</key>
			<string>&lt;group&gt;</string>
		</dict>
		<key>A1010D491A7B2F9100256208</key>
		<dict>
			<key>fileRef</key>
			<string>A1010D481A7B2F9100256208</string>
			<key>isa</key>
			<string>PBXBuildFile</string>
		</dict>
		<key>A1010D4A1A7B385700256208</key>
		<dict>
			<key>isa</key>
			<string>PBXFileReference</string>
			<key>lastKnownFileType</key>
			<string>image.png</string>
			<key>path</key>
			<string>school.png</string>
			<key>sourceTree</key>
			<string>&lt;group&gt;</string>
		</dict>
		<key>A1010D4B1A7B385700256208</key>
		<dict>
			<key>fileRef</key>
			<string>A1010D4A1A7B385700256208</string>
			<key>isa</key>
			<string>PBXBuildFile</string>
		</dict>
		<key>A10CA2931A7DE81200D69FAB</key>
		<dict>
			<key>buildActionMask</key>
			<string>2147483647</string>
			<key>dstPath</key>
			<string></string>
			<key>dstSubfolderSpec</key>
			<string>10</string>
			<key>files</key>
			<array>
				<string>42AB57DC1A7F3D4800C7799E</string>
			</array>
			<key>isa</key>
			<string>PBXCopyFilesBuildPhase</string>
			<key>name</key>
			<string>Copy Framework</string>
			<key>runOnlyForDeploymentPostprocessing</key>
			<string>0</string>
		</dict>
		<key>A12FDD891A85EF9B00DF278F</key>
		<dict>
			<key>fileEncoding</key>
			<string>4</string>
			<key>isa</key>
			<string>PBXFileReference</string>
			<key>lastKnownFileType</key>
			<string>sourcecode.swift</string>
			<key>path</key>
			<string>Team_AddPhoto.swift</string>
			<key>sourceTree</key>
			<string>&lt;group&gt;</string>
		</dict>
		<key>A12FDD8A1A85EF9B00DF278F</key>
		<dict>
			<key>fileRef</key>
			<string>A12FDD891A85EF9B00DF278F</string>
			<key>isa</key>
			<string>PBXBuildFile</string>
		</dict>
		<key>A136BEB71A89FCF1002824A0</key>
		<dict>
			<key>isa</key>
			<string>PBXFileReference</string>
			<key>lastKnownFileType</key>
			<string>wrapper.framework</string>
			<key>name</key>
			<string>AudioToolbox.framework</string>
			<key>path</key>
			<string>System/Library/Frameworks/AudioToolbox.framework</string>
			<key>sourceTree</key>
			<string>SDKROOT</string>
		</dict>
		<key>A136BEB81A89FCF1002824A0</key>
		<dict>
			<key>fileRef</key>
			<string>A136BEB71A89FCF1002824A0</string>
			<key>isa</key>
			<string>PBXBuildFile</string>
		</dict>
		<key>A136BEB91A89FD46002824A0</key>
		<dict>
			<key>isa</key>
			<string>PBXFileReference</string>
			<key>lastKnownFileType</key>
			<string>wrapper.framework</string>
			<key>name</key>
			<string>AVFoundation.framework</string>
			<key>path</key>
			<string>System/Library/Frameworks/AVFoundation.framework</string>
			<key>sourceTree</key>
			<string>SDKROOT</string>
		</dict>
		<key>A136BEBA1A89FD46002824A0</key>
		<dict>
			<key>fileRef</key>
			<string>A136BEB91A89FD46002824A0</string>
			<key>isa</key>
			<string>PBXBuildFile</string>
		</dict>
		<key>A136BEBB1A89FD57002824A0</key>
		<dict>
			<key>isa</key>
			<string>PBXFileReference</string>
			<key>lastKnownFileType</key>
			<string>wrapper.framework</string>
			<key>name</key>
			<string>CFNetwork.framework</string>
			<key>path</key>
			<string>System/Library/Frameworks/CFNetwork.framework</string>
			<key>sourceTree</key>
			<string>SDKROOT</string>
		</dict>
		<key>A136BEBC1A89FD57002824A0</key>
		<dict>
			<key>fileRef</key>
			<string>A136BEBB1A89FD57002824A0</string>
			<key>isa</key>
			<string>PBXBuildFile</string>
		</dict>
		<key>A16023F51A87356E00CFAACA</key>
		<dict>
			<key>fileEncoding</key>
			<string>4</string>
			<key>isa</key>
			<string>PBXFileReference</string>
			<key>lastKnownFileType</key>
			<string>sourcecode.swift</string>
			<key>path</key>
			<string>Login_lolID.swift</string>
			<key>sourceTree</key>
			<string>&lt;group&gt;</string>
		</dict>
		<key>A16023F61A87356E00CFAACA</key>
		<dict>
			<key>fileRef</key>
			<string>A16023F51A87356E00CFAACA</string>
			<key>isa</key>
			<string>PBXBuildFile</string>
		</dict>
		<key>A1B8E94A1A7B20F2009BE011</key>
		<dict>
			<key>isa</key>
			<string>PBXFileReference</string>
			<key>lastKnownFileType</key>
			<string>image.png</string>
			<key>path</key>
			<string>&#22870;&#26479;1.png</string>
			<key>sourceTree</key>
			<string>&lt;group&gt;</string>
		</dict>
		<key>A1B8E94B1A7B20F2009BE011</key>
		<dict>
			<key>isa</key>
			<string>PBXFileReference</string>
			<key>lastKnownFileType</key>
			<string>image.png</string>
			<key>path</key>
			<string>&#22870;&#26479;2.png</string>
			<key>sourceTree</key>
			<string>&lt;group&gt;</string>
		</dict>
		<key>A1B8E94C1A7B20F2009BE011</key>
		<dict>
			<key>isa</key>
			<string>PBXFileReference</string>
			<key>lastKnownFileType</key>
			<string>image.png</string>
			<key>path</key>
			<string>&#25105;.png</string>
			<key>sourceTree</key>
			<string>&lt;group&gt;</string>
		</dict>
		<key>A1B8E94D1A7B20F2009BE011</key>
		<dict>
			<key>isa</key>
			<string>PBXFileReference</string>
			<key>lastKnownFileType</key>
			<string>image.png</string>
			<key>path</key>
			<string>&#25105;2.png</string>
			<key>sourceTree</key>
			<string>&lt;group&gt;</string>
		</dict>
		<key>A1B8E94E1A7B20F2009BE011</key>
		<dict>
			<key>isa</key>
			<string>PBXFileReference</string>
			<key>lastKnownFileType</key>
			<string>image.png</string>
			<key>path</key>
			<string>&#26032;&#38395;1.png</string>
			<key>sourceTree</key>
			<string>&lt;group&gt;</string>
		</dict>
		<key>A1B8E94F1A7B20F2009BE011</key>
		<dict>
			<key>isa</key>
			<string>PBXFileReference</string>
			<key>lastKnownFileType</key>
			<string>image.png</string>
			<key>path</key>
			<string>joinTeam.png</string>
			<key>sourceTree</key>
			<string>&lt;group&gt;</string>
		</dict>
		<key>A1B8E9501A7B20F2009BE011</key>
		<dict>
			<key>isa</key>
			<string>PBXFileReference</string>
			<key>lastKnownFileType</key>
			<string>image.png</string>
			<key>path</key>
			<string>&#25112;&#38431;1.png</string>
			<key>sourceTree</key>
			<string>&lt;group&gt;</string>
		</dict>
		<key>A1B8E9511A7B20F2009BE011</key>
		<dict>
			<key>isa</key>
			<string>PBXFileReference</string>
			<key>lastKnownFileType</key>
			<string>image.png</string>
			<key>path</key>
			<string>&#25112;&#38431;2.png</string>
			<key>sourceTree</key>
			<string>&lt;group&gt;</string>
		</dict>
		<key>A1B8E9521A7B20F2009BE011</key>
		<dict>
			<key>isa</key>
			<string>PBXFileReference</string>
			<key>lastKnownFileType</key>
			<string>image.png</string>
			<key>path</key>
			<string>createTeam.png</string>
			<key>sourceTree</key>
			<string>&lt;group&gt;</string>
		</dict>
		<key>A1B8E9531A7B20F2009BE011</key>
		<dict>
			<key>isa</key>
			<string>PBXFileReference</string>
			<key>lastKnownFileType</key>
			<string>image.png</string>
			<key>path</key>
			<string>Forma 1.png</string>
			<key>sourceTree</key>
			<string>&lt;group&gt;</string>
		</dict>
		<key>A1B8E9551A7B20F2009BE011</key>
		<dict>
			<key>isa</key>
			<string>PBXFileReference</string>
			<key>lastKnownFileType</key>
			<string>image.png</string>
			<key>path</key>
			<string>hentiao2.png</string>
			<key>sourceTree</key>
			<string>&lt;group&gt;</string>
		</dict>
		<key>A1B8E9561A7B20F2009BE011</key>
		<dict>
			<key>isa</key>
			<string>PBXFileReference</string>
			<key>lastKnownFileType</key>
			<string>image.png</string>
			<key>path</key>
			<string>OK.png</string>
			<key>sourceTree</key>
			<string>&lt;group&gt;</string>
		</dict>
		<key>A1B8E9571A7B20F2009BE011</key>
		<dict>
			<key>fileRef</key>
			<string>A1B8E94A1A7B20F2009BE011</string>
			<key>isa</key>
			<string>PBXBuildFile</string>
		</dict>
		<key>A1B8E9581A7B20F2009BE011</key>
		<dict>
			<key>fileRef</key>
			<string>A1B8E94B1A7B20F2009BE011</string>
			<key>isa</key>
			<string>PBXBuildFile</string>
		</dict>
		<key>A1B8E9591A7B20F2009BE011</key>
		<dict>
			<key>fileRef</key>
			<string>A1B8E94C1A7B20F2009BE011</string>
			<key>isa</key>
			<string>PBXBuildFile</string>
		</dict>
		<key>A1B8E95A1A7B20F2009BE011</key>
		<dict>
			<key>fileRef</key>
			<string>A1B8E94D1A7B20F2009BE011</string>
			<key>isa</key>
			<string>PBXBuildFile</string>
		</dict>
		<key>A1B8E95B1A7B20F2009BE011</key>
		<dict>
			<key>fileRef</key>
			<string>A1B8E94E1A7B20F2009BE011</string>
			<key>isa</key>
			<string>PBXBuildFile</string>
		</dict>
		<key>A1B8E95C1A7B20F2009BE011</key>
		<dict>
			<key>fileRef</key>
			<string>A1B8E94F1A7B20F2009BE011</string>
			<key>isa</key>
			<string>PBXBuildFile</string>
		</dict>
		<key>A1B8E95D1A7B20F2009BE011</key>
		<dict>
			<key>fileRef</key>
			<string>A1B8E9501A7B20F2009BE011</string>
			<key>isa</key>
			<string>PBXBuildFile</string>
		</dict>
		<key>A1B8E95E1A7B20F2009BE011</key>
		<dict>
			<key>fileRef</key>
			<string>A1B8E9511A7B20F2009BE011</string>
			<key>isa</key>
			<string>PBXBuildFile</string>
		</dict>
		<key>A1B8E95F1A7B20F2009BE011</key>
		<dict>
			<key>fileRef</key>
			<string>A1B8E9521A7B20F2009BE011</string>
			<key>isa</key>
			<string>PBXBuildFile</string>
		</dict>
		<key>A1B8E9601A7B20F2009BE011</key>
		<dict>
			<key>fileRef</key>
			<string>A1B8E9531A7B20F2009BE011</string>
			<key>isa</key>
			<string>PBXBuildFile</string>
		</dict>
		<key>A1B8E9621A7B20F2009BE011</key>
		<dict>
			<key>fileRef</key>
			<string>A1B8E9551A7B20F2009BE011</string>
			<key>isa</key>
			<string>PBXBuildFile</string>
		</dict>
		<key>A1B8E9631A7B20F2009BE011</key>
		<dict>
			<key>fileRef</key>
			<string>A1B8E9561A7B20F2009BE011</string>
			<key>isa</key>
			<string>PBXBuildFile</string>
		</dict>
		<key>A1B8E9641A7B215C009BE011</key>
		<dict>
			<key>children</key>
			<array>
				<string>426CD2EB1A89649D0042F4F7</string>
				<string>424AF75D1A872DA20033B863</string>
				<string>42855BA31A847CCC00EB9546</string>
				<string>4260F4021A886F1E00A6F39D</string>
				<string>42041AF41A816EE400623C70</string>
				<string>42041AF51A816EE400623C70</string>
				<string>42041AF61A816EE400623C70</string>
				<string>42855BA51A847D9F00EB9546</string>
				<string>42041AE41A81592600623C70</string>
				<string>42041AE61A81594900623C70</string>
				<string>A1B8E94A1A7B20F2009BE011</string>
				<string>42041AF01A81665E00623C70</string>
				<string>A1B8E94B1A7B20F2009BE011</string>
				<string>A1B8E94C1A7B20F2009BE011</string>
				<string>A1B8E94D1A7B20F2009BE011</string>
				<string>A1B8E94E1A7B20F2009BE011</string>
				<string>A1B8E94F1A7B20F2009BE011</string>
				<string>A1B8E9501A7B20F2009BE011</string>
				<string>A1B8E9511A7B20F2009BE011</string>
				<string>A1B8E9521A7B20F2009BE011</string>
				<string>A1B8E9531A7B20F2009BE011</string>
				<string>A1B8E9551A7B20F2009BE011</string>
				<string>A1B8E9561A7B20F2009BE011</string>
				<string>42041AE81A815E1600623C70</string>
			</array>
			<key>isa</key>
			<string>PBXGroup</string>
			<key>name</key>
			<string>Team</string>
			<key>sourceTree</key>
			<string>&lt;group&gt;</string>
		</dict>
		<key>A1F138851A8346C9007DE5A2</key>
		<dict>
			<key>fileEncoding</key>
			<string>4</string>
			<key>isa</key>
			<string>PBXFileReference</string>
			<key>lastKnownFileType</key>
			<string>sourcecode.swift</string>
			<key>path</key>
			<string>lol_api.swift</string>
			<key>sourceTree</key>
			<string>&lt;group&gt;</string>
		</dict>
		<key>A1F138861A8346C9007DE5A2</key>
		<dict>
			<key>fileRef</key>
			<string>A1F138851A8346C9007DE5A2</string>
			<key>isa</key>
			<string>PBXBuildFile</string>
		</dict>
		<key>A433E8BD233EACE85BBE4352</key>
		<dict>
			<key>children</key>
			<array>
				<string>25BDD0ED54E6DFFDE001E796</string>
				<string>83B236CE869F92F958522D92</string>
			</array>
			<key>isa</key>
			<string>PBXGroup</string>
			<key>name</key>
			<string>Pods</string>
			<key>sourceTree</key>
			<string>&lt;group&gt;</string>
		</dict>
		<key>C3CDAA98EEDA0174084C2D9C</key>
		<dict>
			<key>children</key>
			<array>
				<string>3225B93F0EEA46A9AA85D74E</string>
			</array>
			<key>isa</key>
			<string>PBXGroup</string>
			<key>name</key>
			<string>Frameworks</string>
			<key>sourceTree</key>
			<string>&lt;group&gt;</string>
		</dict>
	</dict>
	<key>rootObject</key>
	<string>42B859DF1A74840E00FD4642</string>
</dict>
</plist>
