// !$*UTF8*$!
{
	archiveVersion = 1;
	classes = {
	};
	objectVersion = 46;
	objects = {

/* Begin PBXBuildFile section */
		42041AE51A81592600623C70 /* left.png in Resources */ = {isa = PBXBuildFile; fileRef = 42041AE41A81592600623C70 /* left.png */; };
		42041AE71A81594900623C70 /* right.png in Resources */ = {isa = PBXBuildFile; fileRef = 42041AE61A81594900623C70 /* right.png */; };
		42041AE91A815E1600623C70 /* addfriendsbutton.png in Resources */ = {isa = PBXBuildFile; fileRef = 42041AE81A815E1600623C70 /* addfriendsbutton.png */; };
		42041AF11A81665E00623C70 /* white.png in Resources */ = {isa = PBXBuildFile; fileRef = 42041AF01A81665E00623C70 /* white.png */; };
		42041AF71A816EE400623C70 /* box1.png in Resources */ = {isa = PBXBuildFile; fileRef = 42041AF41A816EE400623C70 /* box1.png */; };
		42041AF81A816EE400623C70 /* institution.png in Resources */ = {isa = PBXBuildFile; fileRef = 42041AF51A816EE400623C70 /* institution.png */; };
		42041AF91A816EE400623C70 /* SUITCASE.png in Resources */ = {isa = PBXBuildFile; fileRef = 42041AF61A816EE400623C70 /* SUITCASE.png */; };
		4215A6701A7B45E1002EB62E /* speaker.png in Resources */ = {isa = PBXBuildFile; fileRef = 4215A66F1A7B45E1002EB62E /* speaker.png */; };
		4215A6721A7D7616002EB62E /* API in Resources */ = {isa = PBXBuildFile; fileRef = 4215A6711A7D7616002EB62E /* API */; };
		421D565C1A8339D2005E56F0 /* Team_FindTeamViewController.swift in Sources */ = {isa = PBXBuildFile; fileRef = 421D565B1A8339D2005E56F0 /* Team_FindTeamViewController.swift */; };
		423142F91A9C40180033B3E7 /* NewsDisplayViewController.swift in Sources */ = {isa = PBXBuildFile; fileRef = 423142F81A9C40180033B3E7 /* NewsDisplayViewController.swift */; };
		424AF75E1A872DA20033B863 /* adddd.png in Resources */ = {isa = PBXBuildFile; fileRef = 424AF75D1A872DA20033B863 /* adddd.png */; };
		425E8FE51A8B19BF00A06752 /* CustomPosterView.swift in Sources */ = {isa = PBXBuildFile; fileRef = 425E8FE41A8B19BF00A06752 /* CustomPosterView.swift */; };
		4260F3FC1A886D6000A6F39D /* Team_TeamInfoViewController.swift in Sources */ = {isa = PBXBuildFile; fileRef = 4260F3FB1A886D6000A6F39D /* Team_TeamInfoViewController.swift */; };
		4260F4031A886F1E00A6F39D /* more111.png in Resources */ = {isa = PBXBuildFile; fileRef = 4260F4021A886F1E00A6F39D /* more111.png */; };
		4267D82F1A8011D20054E800 /* ImageProcessor.swift in Sources */ = {isa = PBXBuildFile; fileRef = 4267D82E1A8011D20054E800 /* ImageProcessor.swift */; };
		426CD2EC1A89649D0042F4F7 /* config.png in Resources */ = {isa = PBXBuildFile; fileRef = 426CD2EB1A89649D0042F4F7 /* config.png */; };
		427D7A911A85C36000BFB2DA /* CustomSwitcher.swift in Sources */ = {isa = PBXBuildFile; fileRef = 427D7A901A85C36000BFB2DA /* CustomSwitcher.swift */; };
		427D7A931A85CBA600BFB2DA /* UserTeam.swift in Sources */ = {isa = PBXBuildFile; fileRef = 427D7A921A85CBA600BFB2DA /* UserTeam.swift */; };
		427D7A951A85CBDE00BFB2DA /* UserTeam.plist in Resources */ = {isa = PBXBuildFile; fileRef = 427D7A941A85CBDE00BFB2DA /* UserTeam.plist */; };
		42855B9D1A8459A600EB9546 /* Team_JoinTeamViewController.swift in Sources */ = {isa = PBXBuildFile; fileRef = 42855B9C1A8459A600EB9546 /* Team_JoinTeamViewController.swift */; };
		42855BA21A846C0000EB9546 /* Team_FindTeamPostsViewController.swift in Sources */ = {isa = PBXBuildFile; fileRef = 42855BA11A846C0000EB9546 /* Team_FindTeamPostsViewController.swift */; };
		42855BA41A847CCC00EB9546 /* CAMERA.png in Resources */ = {isa = PBXBuildFile; fileRef = 42855BA31A847CCC00EB9546 /* CAMERA.png */; };
		42855BA61A847D9F00EB9546 /* teambg .png in Resources */ = {isa = PBXBuildFile; fileRef = 42855BA51A847D9F00EB9546 /* teambg .png */; };
		42855BA81A84803000EB9546 /* Team_CreateTeamViewController.swift in Sources */ = {isa = PBXBuildFile; fileRef = 42855BA71A84803000EB9546 /* Team_CreateTeamViewController.swift */; };
		429FD09F1A801607003BA84D /* Login_AddPhoto.swift in Sources */ = {isa = PBXBuildFile; fileRef = 429FD09E1A801607003BA84D /* Login_AddPhoto.swift */; };
		429FD0A41A801F25003BA84D /* circleCropper.png in Resources */ = {isa = PBXBuildFile; fileRef = 429FD0A31A801F25003BA84D /* circleCropper.png */; };
		42AB57DA1A7F391A00C7799E /* tableback.png in Resources */ = {isa = PBXBuildFile; fileRef = 42AB57D91A7F391A00C7799E /* tableback.png */; };
		42AB57DB1A7F3D4800C7799E /* Alamofire.framework in Frameworks */ = {isa = PBXBuildFile; fileRef = 428F6E7A1A7F2F3D007C21AC /* Alamofire.framework */; };
		42AB57DC1A7F3D4800C7799E /* Alamofire.framework in Copy Framework */ = {isa = PBXBuildFile; fileRef = 428F6E7A1A7F2F3D007C21AC /* Alamofire.framework */; settings = {ATTRIBUTES = (CodeSignOnCopy, RemoveHeadersOnCopy, ); }; };
		42ABFAC41A8A869000DC5D1F /* minussss.png in Resources */ = {isa = PBXBuildFile; fileRef = 42ABFAC31A8A869000DC5D1F /* minussss.png */; };
		42B0A3371A898BD200EA908C /* AFHTTPRequestOperation.m in Sources */ = {isa = PBXBuildFile; fileRef = 42B0A3251A898BD200EA908C /* AFHTTPRequestOperation.m */; };
		42B0A3381A898BD200EA908C /* AFHTTPRequestOperationManager.m in Sources */ = {isa = PBXBuildFile; fileRef = 42B0A3271A898BD200EA908C /* AFHTTPRequestOperationManager.m */; };
		42B0A3391A898BD200EA908C /* AFHTTPSessionManager.m in Sources */ = {isa = PBXBuildFile; fileRef = 42B0A3291A898BD200EA908C /* AFHTTPSessionManager.m */; };
		42B0A33A1A898BD200EA908C /* AFNetworkReachabilityManager.m in Sources */ = {isa = PBXBuildFile; fileRef = 42B0A32C1A898BD200EA908C /* AFNetworkReachabilityManager.m */; };
		42B0A33B1A898BD200EA908C /* AFSecurityPolicy.m in Sources */ = {isa = PBXBuildFile; fileRef = 42B0A32E1A898BD200EA908C /* AFSecurityPolicy.m */; };
		42B0A33C1A898BD200EA908C /* AFURLConnectionOperation.m in Sources */ = {isa = PBXBuildFile; fileRef = 42B0A3301A898BD200EA908C /* AFURLConnectionOperation.m */; };
		42B0A33D1A898BD200EA908C /* AFURLRequestSerialization.m in Sources */ = {isa = PBXBuildFile; fileRef = 42B0A3321A898BD200EA908C /* AFURLRequestSerialization.m */; };
		42B0A33E1A898BD200EA908C /* AFURLResponseSerialization.m in Sources */ = {isa = PBXBuildFile; fileRef = 42B0A3341A898BD200EA908C /* AFURLResponseSerialization.m */; };
		42B0A33F1A898BD200EA908C /* AFURLSessionManager.m in Sources */ = {isa = PBXBuildFile; fileRef = 42B0A3361A898BD200EA908C /* AFURLSessionManager.m */; };
		42B0A3481A89CFF800EA908C /* Login_Forpassword.swift in Sources */ = {isa = PBXBuildFile; fileRef = 42B0A3471A89CFF800EA908C /* Login_Forpassword.swift */; };
		42B74FC41A812416008B575C /* MainViewController.swift in Sources */ = {isa = PBXBuildFile; fileRef = 42B74FBE1A812416008B575C /* MainViewController.swift */; };
		42B74FC51A812416008B575C /* TournamentViewController.swift in Sources */ = {isa = PBXBuildFile; fileRef = 42B74FBF1A812416008B575C /* TournamentViewController.swift */; };
		42B74FC71A812416008B575C /* TeamViewController.swift in Sources */ = {isa = PBXBuildFile; fileRef = 42B74FC11A812416008B575C /* TeamViewController.swift */; };
		42B74FC81A812416008B575C /* NewsViewController.swift in Sources */ = {isa = PBXBuildFile; fileRef = 42B74FC21A812416008B575C /* NewsViewController.swift */; };
		42B74FC91A812416008B575C /* MeViewController.swift in Sources */ = {isa = PBXBuildFile; fileRef = 42B74FC31A812416008B575C /* MeViewController.swift */; };
		42B859ED1A74840F00FD4642 /* AppDelegate.swift in Sources */ = {isa = PBXBuildFile; fileRef = 42B859EC1A74840F00FD4642 /* AppDelegate.swift */; };
		42B859F01A74840F00FD4642 /* Cteemo.xcdatamodeld in Sources */ = {isa = PBXBuildFile; fileRef = 42B859EE1A74840F00FD4642 /* Cteemo.xcdatamodeld */; };
		42B859F21A74840F00FD4642 /* Login_MainViewController.swift in Sources */ = {isa = PBXBuildFile; fileRef = 42B859F11A74840F00FD4642 /* Login_MainViewController.swift */; };
		42B859F51A74840F00FD4642 /* Main.storyboard in Resources */ = {isa = PBXBuildFile; fileRef = 42B859F31A74840F00FD4642 /* Main.storyboard */; };
		42B859F71A74840F00FD4642 /* Images.xcassets in Resources */ = {isa = PBXBuildFile; fileRef = 42B859F61A74840F00FD4642 /* Images.xcassets */; };
		42B859FA1A74840F00FD4642 /* LaunchScreen.xib in Resources */ = {isa = PBXBuildFile; fileRef = 42B859F81A74840F00FD4642 /* LaunchScreen.xib */; };
		42B85A061A74840F00FD4642 /* CteemoTests.swift in Sources */ = {isa = PBXBuildFile; fileRef = 42B85A051A74840F00FD4642 /* CteemoTests.swift */; };
		42B85A101A74884100FD4642 /* Login_CreateViewController.swift in Sources */ = {isa = PBXBuildFile; fileRef = 42B85A0F1A74884100FD4642 /* Login_CreateViewController.swift */; };
		42B85A121A74888500FD4642 /* Login_SchoolAndPhoto.swift in Sources */ = {isa = PBXBuildFile; fileRef = 42B85A111A74888500FD4642 /* Login_SchoolAndPhoto.swift */; };
		42B85A161A7489CF00FD4642 /* loading_page.png in Resources */ = {isa = PBXBuildFile; fileRef = 42B85A151A7489CF00FD4642 /* loading_page.png */; };
		42B85A181A748B2E00FD4642 /* Login_SchoolSearchViewController.swift in Sources */ = {isa = PBXBuildFile; fileRef = 42B85A171A748B2E00FD4642 /* Login_SchoolSearchViewController.swift */; };
		42B85A231A748CDB00FD4642 /* arrow.png in Resources */ = {isa = PBXBuildFile; fileRef = 42B85A1A1A748CDB00FD4642 /* arrow.png */; };
		42B85A241A748CDB00FD4642 /* backG.png in Resources */ = {isa = PBXBuildFile; fileRef = 42B85A1B1A748CDB00FD4642 /* backG.png */; };
		42B85A251A748CDB00FD4642 /* button.png in Resources */ = {isa = PBXBuildFile; fileRef = 42B85A1C1A748CDB00FD4642 /* button.png */; };
		42B85A271A748CDB00FD4642 /* Inkinesss.png in Resources */ = {isa = PBXBuildFile; fileRef = 42B85A1E1A748CDB00FD4642 /* Inkinesss.png */; };
		42B85A281A748CDB00FD4642 /* lock1.png in Resources */ = {isa = PBXBuildFile; fileRef = 42B85A1F1A748CDB00FD4642 /* lock1.png */; };
		42B85A291A748CDB00FD4642 /* me_icons1.png in Resources */ = {isa = PBXBuildFile; fileRef = 42B85A201A748CDB00FD4642 /* me_icons1.png */; };
		42B85A2A1A748CDB00FD4642 /* PHOTO icons.png in Resources */ = {isa = PBXBuildFile; fileRef = 42B85A211A748CDB00FD4642 /* PHOTO icons.png */; };
		42B85A2B1A748CDB00FD4642 /* SUBMIT.png in Resources */ = {isa = PBXBuildFile; fileRef = 42B85A221A748CDB00FD4642 /* SUBMIT.png */; };
		42B85A2D1A748D4E00FD4642 /* arrowTurned.png in Resources */ = {isa = PBXBuildFile; fileRef = 42B85A2C1A748D4E00FD4642 /* arrowTurned.png */; };
		42B85A2F1A74947E00FD4642 /* textField.png in Resources */ = {isa = PBXBuildFile; fileRef = 42B85A2E1A74947E00FD4642 /* textField.png */; };
		42B85A381A749F6E00FD4642 /* Bolts.framework in Frameworks */ = {isa = PBXBuildFile; fileRef = 42B85A351A749F6E00FD4642 /* Bolts.framework */; };
		42B85A391A749F6E00FD4642 /* FacebookSDK.framework in Frameworks */ = {isa = PBXBuildFile; fileRef = 42B85A361A749F6E00FD4642 /* FacebookSDK.framework */; };
		42B85A3A1A749F6E00FD4642 /* FBAudienceNetwork.framework in Frameworks */ = {isa = PBXBuildFile; fileRef = 42B85A371A749F6E00FD4642 /* FBAudienceNetwork.framework */; };
		42B85A3E1A74A0D800FD4642 /* Reachability.m in Sources */ = {isa = PBXBuildFile; fileRef = 42B85A3D1A74A0D800FD4642 /* Reachability.m */; settings = {COMPILER_FLAGS = "-fno-objc-arc"; }; };
		42B85A441A74A81A00FD4642 /* UserInformation.swift in Sources */ = {isa = PBXBuildFile; fileRef = 42B85A411A74A81A00FD4642 /* UserInformation.swift */; };
		42B85A451A74A81A00FD4642 /* DataManager.swift in Sources */ = {isa = PBXBuildFile; fileRef = 42B85A421A74A81A00FD4642 /* DataManager.swift */; };
		42B85A461A74A81A00FD4642 /* InteractingWithServer.swift in Sources */ = {isa = PBXBuildFile; fileRef = 42B85A431A74A81A00FD4642 /* InteractingWithServer.swift */; };
		42B85A481A74A9FC00FD4642 /* UserInformation.plist in Resources */ = {isa = PBXBuildFile; fileRef = 42B85A471A74A9FC00FD4642 /* UserInformation.plist */; };
		42E5E78B1A773E56004A781E /* Login_LoginBySelfViewController.swift in Sources */ = {isa = PBXBuildFile; fileRef = 42E5E78A1A773E56004A781E /* Login_LoginBySelfViewController.swift */; };
		42E5E7911A7762DB004A781E /* teemoDouble.png in Resources */ = {isa = PBXBuildFile; fileRef = 42E5E7901A7762DB004A781E /* teemoDouble.png */; };
		88535F501A89A0CB00F38098 /* RED.png in Resources */ = {isa = PBXBuildFile; fileRef = 88535F4F1A89A0CB00F38098 /* RED.png */; };
		88535F551A89C84B00F38098 /* SUMMARY.png in Resources */ = {isa = PBXBuildFile; fileRef = 88535F541A89C84B00F38098 /* SUMMARY.png */; };
		88535F5A1A89DFF400F38098 /* img1.jpg in Resources */ = {isa = PBXBuildFile; fileRef = 88535F591A89DFF400F38098 /* img1.jpg */; };
		88535F5F1A89DFFA00F38098 /* img2.jpg in Resources */ = {isa = PBXBuildFile; fileRef = 88535F5E1A89DFFA00F38098 /* img2.jpg */; };
		88535F611A89E00000F38098 /* img3.jpg in Resources */ = {isa = PBXBuildFile; fileRef = 88535F601A89E00000F38098 /* img3.jpg */; };
		A1010D471A7B2ACF00256208 /* ARequest.swift in Sources */ = {isa = PBXBuildFile; fileRef = A1010D461A7B2ACF00256208 /* ARequest.swift */; };
		A1010D491A7B2F9100256208 /* school button icon.png in Resources */ = {isa = PBXBuildFile; fileRef = A1010D481A7B2F9100256208 /* school button icon.png */; };
		A1010D4B1A7B385700256208 /* school.png in Resources */ = {isa = PBXBuildFile; fileRef = A1010D4A1A7B385700256208 /* school.png */; };
		A12FDD8A1A85EF9B00DF278F /* Team_AddPhoto.swift in Sources */ = {isa = PBXBuildFile; fileRef = A12FDD891A85EF9B00DF278F /* Team_AddPhoto.swift */; };
		A13918E01AA2B26500CD232A /* annie.jpg in Resources */ = {isa = PBXBuildFile; fileRef = A13918DF1AA2B26500CD232A /* annie.jpg */; };
		A13918E51AA2B2D300CD232A /* juxing.png in Resources */ = {isa = PBXBuildFile; fileRef = A13918E41AA2B2D300CD232A /* juxing.png */; };
		A13919081AA2C21D00CD232A /* 3v3 black button.png in Resources */ = {isa = PBXBuildFile; fileRef = A13918E71AA2C21D00CD232A /* 3v3 black button.png */; };
		A13919091AA2C21D00CD232A /* 5V5框.png in Resources */ = {isa = PBXBuildFile; fileRef = A13918E81AA2C21D00CD232A /* 5V5框.png */; };
		A139190A1AA2C21D00CD232A /* 大框.png in Resources */ = {isa = PBXBuildFile; fileRef = A13918E91AA2C21D00CD232A /* 大框.png */; };
		A139190B1AA2C21D00CD232A /* 红色框.png in Resources */ = {isa = PBXBuildFile; fileRef = A13918EA1AA2C21D00CD232A /* 红色框.png */; };
		A139190C1AA2C21D00CD232A /* 框.png in Resources */ = {isa = PBXBuildFile; fileRef = A13918EB1AA2C21D00CD232A /* 框.png */; };
		A139190D1AA2C21D00CD232A /* 时间框.png in Resources */ = {isa = PBXBuildFile; fileRef = A13918EC1AA2C21D00CD232A /* 时间框.png */; };
		A139190E1AA2C21D00CD232A /* 小框.png in Resources */ = {isa = PBXBuildFile; fileRef = A13918ED1AA2C21D00CD232A /* 小框.png */; };
		A139190F1AA2C21D00CD232A /* BO3.png in Resources */ = {isa = PBXBuildFile; fileRef = A13918EE1AA2C21D00CD232A /* BO3.png */; };
		A13919101AA2C21D00CD232A /* camera icons (report result).png in Resources */ = {isa = PBXBuildFile; fileRef = A13918EF1AA2C21D00CD232A /* camera icons (report result).png */; };
		A13919111AA2C21D00CD232A /* create button.png in Resources */ = {isa = PBXBuildFile; fileRef = A13918F01AA2C21D00CD232A /* create button.png */; };
		A13919121AA2C21D00CD232A /* create game.png in Resources */ = {isa = PBXBuildFile; fileRef = A13918F11AA2C21D00CD232A /* create game.png */; };
		A13919131AA2C21D00CD232A /* create tournament bg.png in Resources */ = {isa = PBXBuildFile; fileRef = A13918F21AA2C21D00CD232A /* create tournament bg.png */; };
		A13919141AA2C21D00CD232A /* date icons.png in Resources */ = {isa = PBXBuildFile; fileRef = A13918F31AA2C21D00CD232A /* date icons.png */; };
		A13919151AA2C21D00CD232A /* Double - Elimination.png in Resources */ = {isa = PBXBuildFile; fileRef = A13918F41AA2C21D00CD232A /* Double - Elimination.png */; };
		A13919161AA2C21D00CD232A /* fire.png in Resources */ = {isa = PBXBuildFile; fileRef = A13918F51AA2C21D00CD232A /* fire.png */; };
		A13919171AA2C21D00CD232A /* free button.png in Resources */ = {isa = PBXBuildFile; fileRef = A13918F61AA2C21D00CD232A /* free button.png */; };
		A13919181AA2C21D00CD232A /* LOL LOGO BLACK.png in Resources */ = {isa = PBXBuildFile; fileRef = A13918F71AA2C21D00CD232A /* LOL LOGO BLACK.png */; };
		A13919191AA2C21D00CD232A /* lose button.png in Resources */ = {isa = PBXBuildFile; fileRef = A13918F81AA2C21D00CD232A /* lose button.png */; };
		A139191A1AA2C21D00CD232A /* mode_time框子.png in Resources */ = {isa = PBXBuildFile; fileRef = A13918F91AA2C21D00CD232A /* mode_time框子.png */; };
		A139191B1AA2C21D00CD232A /* money icons.png in Resources */ = {isa = PBXBuildFile; fileRef = A13918FA1AA2C21D00CD232A /* money icons.png */; };
		A139191C1AA2C21D00CD232A /* next button(black).png in Resources */ = {isa = PBXBuildFile; fileRef = A13918FB1AA2C21D00CD232A /* next button(black).png */; };
		A139191D1AA2C21D00CD232A /* NEXT ROUND BUTTON.png in Resources */ = {isa = PBXBuildFile; fileRef = A13918FC1AA2C21D00CD232A /* NEXT ROUND BUTTON.png */; };
		A139191E1AA2C21D00CD232A /* Public.png in Resources */ = {isa = PBXBuildFile; fileRef = A13918FD1AA2C21D00CD232A /* Public.png */; };
		A139191F1AA2C21D00CD232A /* red button 大.png in Resources */ = {isa = PBXBuildFile; fileRef = A13918FE1AA2C21D00CD232A /* red button 大.png */; };
		A13919201AA2C21D00CD232A /* red small button.png in Resources */ = {isa = PBXBuildFile; fileRef = A13918FF1AA2C21D00CD232A /* red small button.png */; };
		A13919211AA2C21D00CD232A /* School Tournament.png in Resources */ = {isa = PBXBuildFile; fileRef = A13919001AA2C21D00CD232A /* School Tournament.png */; };
		A13919221AA2C21D00CD232A /* Start time.png in Resources */ = {isa = PBXBuildFile; fileRef = A13919011AA2C21D00CD232A /* Start time.png */; };
		A13919231AA2C21D00CD232A /* teemo with words icons.png in Resources */ = {isa = PBXBuildFile; fileRef = A13919021AA2C21D00CD232A /* teemo with words icons.png */; };
		A13919241AA2C21D00CD232A /* Tournament Rule Icons.png in Resources */ = {isa = PBXBuildFile; fileRef = A13919031AA2C21D00CD232A /* Tournament Rule Icons.png */; };
		A13919251AA2C21D00CD232A /* Tournament Size.png in Resources */ = {isa = PBXBuildFile; fileRef = A13919041AA2C21D00CD232A /* Tournament Size.png */; };
		A13919261AA2C21D00CD232A /* Tournament.zip in Resources */ = {isa = PBXBuildFile; fileRef = A13919051AA2C21D00CD232A /* Tournament.zip */; };
		A13919271AA2C21D00CD232A /* win button_.png in Resources */ = {isa = PBXBuildFile; fileRef = A13919061AA2C21D00CD232A /* win button_.png */; };
		A13919281AA2C21D00CD232A /* write sth button.png in Resources */ = {isa = PBXBuildFile; fileRef = A13919071AA2C21D00CD232A /* write sth button.png */; };
		A139192A1AA2CD6700CD232A /* Tournament_game.swift in Sources */ = {isa = PBXBuildFile; fileRef = A13919291AA2CD6700CD232A /* Tournament_game.swift */; };
		A14E3C1F1A9B20E7003C837F /* SOXPanRotateZoomImageView.swift in Sources */ = {isa = PBXBuildFile; fileRef = A14E3C1E1A9B20E7003C837F /* SOXPanRotateZoomImageView.swift */; };
		A14E3C211A9B21F8003C837F /* Bracket.swift in Sources */ = {isa = PBXBuildFile; fileRef = A14E3C201A9B21F8003C837F /* Bracket.swift */; };
		A16023F61A87356E00CFAACA /* Login_lolID.swift in Sources */ = {isa = PBXBuildFile; fileRef = A16023F51A87356E00CFAACA /* Login_lolID.swift */; };
		A1A858381A8C7DC1001BF576 /* LOLInfo.plist in Resources */ = {isa = PBXBuildFile; fileRef = A1A858371A8C7DC1001BF576 /* LOLInfo.plist */; };
		A1B8E9571A7B20F2009BE011 /* 奖杯1.png in Resources */ = {isa = PBXBuildFile; fileRef = A1B8E94A1A7B20F2009BE011 /* 奖杯1.png */; };
		A1B8E9581A7B20F2009BE011 /* 奖杯2.png in Resources */ = {isa = PBXBuildFile; fileRef = A1B8E94B1A7B20F2009BE011 /* 奖杯2.png */; };
		A1B8E9591A7B20F2009BE011 /* 我.png in Resources */ = {isa = PBXBuildFile; fileRef = A1B8E94C1A7B20F2009BE011 /* 我.png */; };
		A1B8E95A1A7B20F2009BE011 /* 我2.png in Resources */ = {isa = PBXBuildFile; fileRef = A1B8E94D1A7B20F2009BE011 /* 我2.png */; };
		A1B8E95B1A7B20F2009BE011 /* 新闻1.png in Resources */ = {isa = PBXBuildFile; fileRef = A1B8E94E1A7B20F2009BE011 /* 新闻1.png */; };
		A1B8E95C1A7B20F2009BE011 /* joinTeam.png in Resources */ = {isa = PBXBuildFile; fileRef = A1B8E94F1A7B20F2009BE011 /* joinTeam.png */; };
		A1B8E95D1A7B20F2009BE011 /* 战队1.png in Resources */ = {isa = PBXBuildFile; fileRef = A1B8E9501A7B20F2009BE011 /* 战队1.png */; };
		A1B8E95E1A7B20F2009BE011 /* 战队2.png in Resources */ = {isa = PBXBuildFile; fileRef = A1B8E9511A7B20F2009BE011 /* 战队2.png */; };
		A1B8E95F1A7B20F2009BE011 /* createTeam.png in Resources */ = {isa = PBXBuildFile; fileRef = A1B8E9521A7B20F2009BE011 /* createTeam.png */; };
		A1B8E9601A7B20F2009BE011 /* Forma 1.png in Resources */ = {isa = PBXBuildFile; fileRef = A1B8E9531A7B20F2009BE011 /* Forma 1.png */; };
		A1B8E9621A7B20F2009BE011 /* hentiao2.png in Resources */ = {isa = PBXBuildFile; fileRef = A1B8E9551A7B20F2009BE011 /* hentiao2.png */; };
		A1B8E9631A7B20F2009BE011 /* OK.png in Resources */ = {isa = PBXBuildFile; fileRef = A1B8E9561A7B20F2009BE011 /* OK.png */; };
		A1EB12041A99263800FC8388 /* ImageLoader.swift in Sources */ = {isa = PBXBuildFile; fileRef = A1EB12031A99263800FC8388 /* ImageLoader.swift */; };
		A1EB12091A99277900FC8388 /* error.png in Resources */ = {isa = PBXBuildFile; fileRef = A1EB12081A99277900FC8388 /* error.png */; };
		A1EB12141A99AAE700FC8388 /* TournamentAPI.swift in Sources */ = {isa = PBXBuildFile; fileRef = A1EB12131A99AAE700FC8388 /* TournamentAPI.swift */; };
		A1EB121B1A99C64E00FC8388 /* SCLAlertView.swift in Sources */ = {isa = PBXBuildFile; fileRef = A1EB121A1A99C64E00FC8388 /* SCLAlertView.swift */; };
		A1F138861A8346C9007DE5A2 /* LolAPI.swift in Sources */ = {isa = PBXBuildFile; fileRef = A1F138851A8346C9007DE5A2 /* LolAPI.swift */; };
/* End PBXBuildFile section */

/* Begin PBXContainerItemProxy section */
		428F6E791A7F2F3D007C21AC /* PBXContainerItemProxy */ = {
			isa = PBXContainerItemProxy;
			containerPortal = 428F6E721A7F2F3C007C21AC /* Alamofire.xcodeproj */;
			proxyType = 2;
			remoteGlobalIDString = F8111E3319A95C8B0040E7D1;
			remoteInfo = "Alamofire iOS";
		};
		428F6E7B1A7F2F3D007C21AC /* PBXContainerItemProxy */ = {
			isa = PBXContainerItemProxy;
			containerPortal = 428F6E721A7F2F3C007C21AC /* Alamofire.xcodeproj */;
			proxyType = 2;
			remoteGlobalIDString = 4DD67C0B1A5C55C900ED2280;
			remoteInfo = "Alamofire OSX";
		};
		428F6E7D1A7F2F3D007C21AC /* PBXContainerItemProxy */ = {
			isa = PBXContainerItemProxy;
			containerPortal = 428F6E721A7F2F3C007C21AC /* Alamofire.xcodeproj */;
			proxyType = 2;
			remoteGlobalIDString = F8111E3E19A95C8B0040E7D1;
			remoteInfo = "Alamofire iOS Tests";
		};
		428F6E7F1A7F2F3D007C21AC /* PBXContainerItemProxy */ = {
			isa = PBXContainerItemProxy;
			containerPortal = 428F6E721A7F2F3C007C21AC /* Alamofire.xcodeproj */;
			proxyType = 2;
			remoteGlobalIDString = F829C6B21A7A94F100A2CD59;
			remoteInfo = "Alamofire OSX Tests";
		};
		42AB57DD1A7F3D4800C7799E /* PBXContainerItemProxy */ = {
			isa = PBXContainerItemProxy;
			containerPortal = 428F6E721A7F2F3C007C21AC /* Alamofire.xcodeproj */;
			proxyType = 1;
			remoteGlobalIDString = F8111E3219A95C8B0040E7D1;
			remoteInfo = "Alamofire iOS";
		};
		42B85A001A74840F00FD4642 /* PBXContainerItemProxy */ = {
			isa = PBXContainerItemProxy;
			containerPortal = 42B859DF1A74840E00FD4642 /* Project object */;
			proxyType = 1;
			remoteGlobalIDString = 42B859E61A74840E00FD4642;
			remoteInfo = Cteemo;
		};
/* End PBXContainerItemProxy section */

/* Begin PBXCopyFilesBuildPhase section */
		A10CA2931A7DE81200D69FAB /* Copy Framework */ = {
			isa = PBXCopyFilesBuildPhase;
			buildActionMask = 2147483647;
			dstPath = "";
			dstSubfolderSpec = 10;
			files = (
				42AB57DC1A7F3D4800C7799E /* Alamofire.framework in Copy Framework */,
			);
			name = "Copy Framework";
			runOnlyForDeploymentPostprocessing = 0;
		};
/* End PBXCopyFilesBuildPhase section */

/* Begin PBXFileReference section */
		42041AE41A81592600623C70 /* left.png */ = {isa = PBXFileReference; lastKnownFileType = image.png; path = left.png; sourceTree = "<group>"; };
		42041AE61A81594900623C70 /* right.png */ = {isa = PBXFileReference; lastKnownFileType = image.png; path = right.png; sourceTree = "<group>"; };
		42041AE81A815E1600623C70 /* addfriendsbutton.png */ = {isa = PBXFileReference; lastKnownFileType = image.png; path = addfriendsbutton.png; sourceTree = "<group>"; };
		42041AF01A81665E00623C70 /* white.png */ = {isa = PBXFileReference; lastKnownFileType = image.png; path = white.png; sourceTree = "<group>"; };
		42041AF41A816EE400623C70 /* box1.png */ = {isa = PBXFileReference; lastKnownFileType = image.png; path = box1.png; sourceTree = "<group>"; };
		42041AF51A816EE400623C70 /* institution.png */ = {isa = PBXFileReference; lastKnownFileType = image.png; path = institution.png; sourceTree = "<group>"; };
		42041AF61A816EE400623C70 /* SUITCASE.png */ = {isa = PBXFileReference; lastKnownFileType = image.png; path = SUITCASE.png; sourceTree = "<group>"; };
		4215A66F1A7B45E1002EB62E /* speaker.png */ = {isa = PBXFileReference; lastKnownFileType = image.png; path = speaker.png; sourceTree = "<group>"; };
		4215A6711A7D7616002EB62E /* API */ = {isa = PBXFileReference; fileEncoding = 4; lastKnownFileType = text; path = API; sourceTree = "<group>"; };
		421D565B1A8339D2005E56F0 /* Team_FindTeamViewController.swift */ = {isa = PBXFileReference; fileEncoding = 4; lastKnownFileType = sourcecode.swift; path = Team_FindTeamViewController.swift; sourceTree = "<group>"; };
		423142F81A9C40180033B3E7 /* NewsDisplayViewController.swift */ = {isa = PBXFileReference; fileEncoding = 4; lastKnownFileType = sourcecode.swift; path = NewsDisplayViewController.swift; sourceTree = "<group>"; };
		424AF75D1A872DA20033B863 /* adddd.png */ = {isa = PBXFileReference; lastKnownFileType = image.png; path = adddd.png; sourceTree = "<group>"; };
		425E8FE41A8B19BF00A06752 /* CustomPosterView.swift */ = {isa = PBXFileReference; fileEncoding = 4; lastKnownFileType = sourcecode.swift; path = CustomPosterView.swift; sourceTree = "<group>"; };
		4260F3FB1A886D6000A6F39D /* Team_TeamInfoViewController.swift */ = {isa = PBXFileReference; fileEncoding = 4; lastKnownFileType = sourcecode.swift; path = Team_TeamInfoViewController.swift; sourceTree = "<group>"; };
		4260F4021A886F1E00A6F39D /* more111.png */ = {isa = PBXFileReference; lastKnownFileType = image.png; path = more111.png; sourceTree = "<group>"; };
		4267D82E1A8011D20054E800 /* ImageProcessor.swift */ = {isa = PBXFileReference; fileEncoding = 4; lastKnownFileType = sourcecode.swift; path = ImageProcessor.swift; sourceTree = "<group>"; };
		426CD2EB1A89649D0042F4F7 /* config.png */ = {isa = PBXFileReference; lastKnownFileType = image.png; path = config.png; sourceTree = "<group>"; };
		427D7A901A85C36000BFB2DA /* CustomSwitcher.swift */ = {isa = PBXFileReference; fileEncoding = 4; lastKnownFileType = sourcecode.swift; path = CustomSwitcher.swift; sourceTree = "<group>"; };
		427D7A921A85CBA600BFB2DA /* UserTeam.swift */ = {isa = PBXFileReference; fileEncoding = 4; lastKnownFileType = sourcecode.swift; path = UserTeam.swift; sourceTree = "<group>"; };
		427D7A941A85CBDE00BFB2DA /* UserTeam.plist */ = {isa = PBXFileReference; fileEncoding = 4; lastKnownFileType = text.plist.xml; path = UserTeam.plist; sourceTree = "<group>"; };
		42855B9C1A8459A600EB9546 /* Team_JoinTeamViewController.swift */ = {isa = PBXFileReference; fileEncoding = 4; lastKnownFileType = sourcecode.swift; path = Team_JoinTeamViewController.swift; sourceTree = "<group>"; };
		42855BA11A846C0000EB9546 /* Team_FindTeamPostsViewController.swift */ = {isa = PBXFileReference; fileEncoding = 4; lastKnownFileType = sourcecode.swift; path = Team_FindTeamPostsViewController.swift; sourceTree = "<group>"; };
		42855BA31A847CCC00EB9546 /* CAMERA.png */ = {isa = PBXFileReference; lastKnownFileType = image.png; path = CAMERA.png; sourceTree = "<group>"; };
		42855BA51A847D9F00EB9546 /* teambg .png */ = {isa = PBXFileReference; lastKnownFileType = image.png; path = "teambg .png"; sourceTree = "<group>"; };
		42855BA71A84803000EB9546 /* Team_CreateTeamViewController.swift */ = {isa = PBXFileReference; fileEncoding = 4; lastKnownFileType = sourcecode.swift; path = Team_CreateTeamViewController.swift; sourceTree = "<group>"; };
		428F6E721A7F2F3C007C21AC /* Alamofire.xcodeproj */ = {isa = PBXFileReference; lastKnownFileType = "wrapper.pb-project"; name = Alamofire.xcodeproj; path = "Alamofire-master/Alamofire.xcodeproj"; sourceTree = "<group>"; };
		429FD09E1A801607003BA84D /* Login_AddPhoto.swift */ = {isa = PBXFileReference; fileEncoding = 4; lastKnownFileType = sourcecode.swift; path = Login_AddPhoto.swift; sourceTree = "<group>"; };
		429FD0A31A801F25003BA84D /* circleCropper.png */ = {isa = PBXFileReference; lastKnownFileType = image.png; path = circleCropper.png; sourceTree = "<group>"; };
		42AB57D91A7F391A00C7799E /* tableback.png */ = {isa = PBXFileReference; lastKnownFileType = image.png; path = tableback.png; sourceTree = "<group>"; };
		42ABFAC31A8A869000DC5D1F /* minussss.png */ = {isa = PBXFileReference; lastKnownFileType = image.png; path = minussss.png; sourceTree = "<group>"; };
		42B0A3241A898BD200EA908C /* AFHTTPRequestOperation.h */ = {isa = PBXFileReference; fileEncoding = 4; lastKnownFileType = sourcecode.c.h; path = AFHTTPRequestOperation.h; sourceTree = "<group>"; };
		42B0A3251A898BD200EA908C /* AFHTTPRequestOperation.m */ = {isa = PBXFileReference; fileEncoding = 4; lastKnownFileType = sourcecode.c.objc; path = AFHTTPRequestOperation.m; sourceTree = "<group>"; };
		42B0A3261A898BD200EA908C /* AFHTTPRequestOperationManager.h */ = {isa = PBXFileReference; fileEncoding = 4; lastKnownFileType = sourcecode.c.h; path = AFHTTPRequestOperationManager.h; sourceTree = "<group>"; };
		42B0A3271A898BD200EA908C /* AFHTTPRequestOperationManager.m */ = {isa = PBXFileReference; fileEncoding = 4; lastKnownFileType = sourcecode.c.objc; path = AFHTTPRequestOperationManager.m; sourceTree = "<group>"; };
		42B0A3281A898BD200EA908C /* AFHTTPSessionManager.h */ = {isa = PBXFileReference; fileEncoding = 4; lastKnownFileType = sourcecode.c.h; path = AFHTTPSessionManager.h; sourceTree = "<group>"; };
		42B0A3291A898BD200EA908C /* AFHTTPSessionManager.m */ = {isa = PBXFileReference; fileEncoding = 4; lastKnownFileType = sourcecode.c.objc; path = AFHTTPSessionManager.m; sourceTree = "<group>"; };
		42B0A32A1A898BD200EA908C /* AFNetworking.h */ = {isa = PBXFileReference; fileEncoding = 4; lastKnownFileType = sourcecode.c.h; path = AFNetworking.h; sourceTree = "<group>"; };
		42B0A32B1A898BD200EA908C /* AFNetworkReachabilityManager.h */ = {isa = PBXFileReference; fileEncoding = 4; lastKnownFileType = sourcecode.c.h; path = AFNetworkReachabilityManager.h; sourceTree = "<group>"; };
		42B0A32C1A898BD200EA908C /* AFNetworkReachabilityManager.m */ = {isa = PBXFileReference; fileEncoding = 4; lastKnownFileType = sourcecode.c.objc; path = AFNetworkReachabilityManager.m; sourceTree = "<group>"; };
		42B0A32D1A898BD200EA908C /* AFSecurityPolicy.h */ = {isa = PBXFileReference; fileEncoding = 4; lastKnownFileType = sourcecode.c.h; path = AFSecurityPolicy.h; sourceTree = "<group>"; };
		42B0A32E1A898BD200EA908C /* AFSecurityPolicy.m */ = {isa = PBXFileReference; fileEncoding = 4; lastKnownFileType = sourcecode.c.objc; path = AFSecurityPolicy.m; sourceTree = "<group>"; };
		42B0A32F1A898BD200EA908C /* AFURLConnectionOperation.h */ = {isa = PBXFileReference; fileEncoding = 4; lastKnownFileType = sourcecode.c.h; path = AFURLConnectionOperation.h; sourceTree = "<group>"; };
		42B0A3301A898BD200EA908C /* AFURLConnectionOperation.m */ = {isa = PBXFileReference; fileEncoding = 4; lastKnownFileType = sourcecode.c.objc; path = AFURLConnectionOperation.m; sourceTree = "<group>"; };
		42B0A3311A898BD200EA908C /* AFURLRequestSerialization.h */ = {isa = PBXFileReference; fileEncoding = 4; lastKnownFileType = sourcecode.c.h; path = AFURLRequestSerialization.h; sourceTree = "<group>"; };
		42B0A3321A898BD200EA908C /* AFURLRequestSerialization.m */ = {isa = PBXFileReference; fileEncoding = 4; lastKnownFileType = sourcecode.c.objc; path = AFURLRequestSerialization.m; sourceTree = "<group>"; };
		42B0A3331A898BD200EA908C /* AFURLResponseSerialization.h */ = {isa = PBXFileReference; fileEncoding = 4; lastKnownFileType = sourcecode.c.h; path = AFURLResponseSerialization.h; sourceTree = "<group>"; };
		42B0A3341A898BD200EA908C /* AFURLResponseSerialization.m */ = {isa = PBXFileReference; fileEncoding = 4; lastKnownFileType = sourcecode.c.objc; path = AFURLResponseSerialization.m; sourceTree = "<group>"; };
		42B0A3351A898BD200EA908C /* AFURLSessionManager.h */ = {isa = PBXFileReference; fileEncoding = 4; lastKnownFileType = sourcecode.c.h; path = AFURLSessionManager.h; sourceTree = "<group>"; };
		42B0A3361A898BD200EA908C /* AFURLSessionManager.m */ = {isa = PBXFileReference; fileEncoding = 4; lastKnownFileType = sourcecode.c.objc; path = AFURLSessionManager.m; sourceTree = "<group>"; };
		42B0A3471A89CFF800EA908C /* Login_Forpassword.swift */ = {isa = PBXFileReference; fileEncoding = 4; lastKnownFileType = sourcecode.swift; path = Login_Forpassword.swift; sourceTree = "<group>"; };
		42B74FBE1A812416008B575C /* MainViewController.swift */ = {isa = PBXFileReference; fileEncoding = 4; lastKnownFileType = sourcecode.swift; path = MainViewController.swift; sourceTree = "<group>"; };
		42B74FBF1A812416008B575C /* TournamentViewController.swift */ = {isa = PBXFileReference; fileEncoding = 4; lastKnownFileType = sourcecode.swift; path = TournamentViewController.swift; sourceTree = "<group>"; };
		42B74FC11A812416008B575C /* TeamViewController.swift */ = {isa = PBXFileReference; fileEncoding = 4; lastKnownFileType = sourcecode.swift; path = TeamViewController.swift; sourceTree = "<group>"; };
		42B74FC21A812416008B575C /* NewsViewController.swift */ = {isa = PBXFileReference; fileEncoding = 4; lastKnownFileType = sourcecode.swift; path = NewsViewController.swift; sourceTree = "<group>"; };
		42B74FC31A812416008B575C /* MeViewController.swift */ = {isa = PBXFileReference; fileEncoding = 4; lastKnownFileType = sourcecode.swift; path = MeViewController.swift; sourceTree = "<group>"; };
		42B859E71A74840F00FD4642 /* Cteemo.app */ = {isa = PBXFileReference; explicitFileType = wrapper.application; includeInIndex = 0; path = Cteemo.app; sourceTree = BUILT_PRODUCTS_DIR; };
		42B859EB1A74840F00FD4642 /* Info.plist */ = {isa = PBXFileReference; lastKnownFileType = text.plist.xml; path = Info.plist; sourceTree = "<group>"; };
		42B859EC1A74840F00FD4642 /* AppDelegate.swift */ = {isa = PBXFileReference; lastKnownFileType = sourcecode.swift; path = AppDelegate.swift; sourceTree = "<group>"; };
		42B859EF1A74840F00FD4642 /* Cteemo.xcdatamodel */ = {isa = PBXFileReference; lastKnownFileType = wrapper.xcdatamodel; path = Cteemo.xcdatamodel; sourceTree = "<group>"; };
		42B859F11A74840F00FD4642 /* Login_MainViewController.swift */ = {isa = PBXFileReference; lastKnownFileType = sourcecode.swift; path = Login_MainViewController.swift; sourceTree = "<group>"; };
		42B859F41A74840F00FD4642 /* Base */ = {isa = PBXFileReference; lastKnownFileType = file.storyboard; name = Base; path = Base.lproj/Main.storyboard; sourceTree = "<group>"; };
		42B859F61A74840F00FD4642 /* Images.xcassets */ = {isa = PBXFileReference; lastKnownFileType = folder.assetcatalog; path = Images.xcassets; sourceTree = "<group>"; };
		42B859F91A74840F00FD4642 /* Base */ = {isa = PBXFileReference; lastKnownFileType = file.xib; name = Base; path = Base.lproj/LaunchScreen.xib; sourceTree = "<group>"; };
		42B859FF1A74840F00FD4642 /* CteemoTests.xctest */ = {isa = PBXFileReference; explicitFileType = wrapper.cfbundle; includeInIndex = 0; path = CteemoTests.xctest; sourceTree = BUILT_PRODUCTS_DIR; };
		42B85A041A74840F00FD4642 /* Info.plist */ = {isa = PBXFileReference; lastKnownFileType = text.plist.xml; path = Info.plist; sourceTree = "<group>"; };
		42B85A051A74840F00FD4642 /* CteemoTests.swift */ = {isa = PBXFileReference; lastKnownFileType = sourcecode.swift; path = CteemoTests.swift; sourceTree = "<group>"; };
		42B85A0F1A74884100FD4642 /* Login_CreateViewController.swift */ = {isa = PBXFileReference; fileEncoding = 4; lastKnownFileType = sourcecode.swift; path = Login_CreateViewController.swift; sourceTree = "<group>"; };
		42B85A111A74888500FD4642 /* Login_SchoolAndPhoto.swift */ = {isa = PBXFileReference; fileEncoding = 4; lastKnownFileType = sourcecode.swift; path = Login_SchoolAndPhoto.swift; sourceTree = "<group>"; };
		42B85A151A7489CF00FD4642 /* loading_page.png */ = {isa = PBXFileReference; lastKnownFileType = image.png; path = loading_page.png; sourceTree = "<group>"; };
		42B85A171A748B2E00FD4642 /* Login_SchoolSearchViewController.swift */ = {isa = PBXFileReference; fileEncoding = 4; lastKnownFileType = sourcecode.swift; path = Login_SchoolSearchViewController.swift; sourceTree = "<group>"; };
		42B85A1A1A748CDB00FD4642 /* arrow.png */ = {isa = PBXFileReference; lastKnownFileType = image.png; path = arrow.png; sourceTree = "<group>"; };
		42B85A1B1A748CDB00FD4642 /* backG.png */ = {isa = PBXFileReference; lastKnownFileType = image.png; path = backG.png; sourceTree = "<group>"; };
		42B85A1C1A748CDB00FD4642 /* button.png */ = {isa = PBXFileReference; lastKnownFileType = image.png; path = button.png; sourceTree = "<group>"; };
		42B85A1E1A748CDB00FD4642 /* Inkinesss.png */ = {isa = PBXFileReference; lastKnownFileType = image.png; path = Inkinesss.png; sourceTree = "<group>"; };
		42B85A1F1A748CDB00FD4642 /* lock1.png */ = {isa = PBXFileReference; lastKnownFileType = image.png; path = lock1.png; sourceTree = "<group>"; };
		42B85A201A748CDB00FD4642 /* me_icons1.png */ = {isa = PBXFileReference; lastKnownFileType = image.png; path = me_icons1.png; sourceTree = "<group>"; };
		42B85A211A748CDB00FD4642 /* PHOTO icons.png */ = {isa = PBXFileReference; lastKnownFileType = image.png; path = "PHOTO icons.png"; sourceTree = "<group>"; };
		42B85A221A748CDB00FD4642 /* SUBMIT.png */ = {isa = PBXFileReference; lastKnownFileType = image.png; path = SUBMIT.png; sourceTree = "<group>"; };
		42B85A2C1A748D4E00FD4642 /* arrowTurned.png */ = {isa = PBXFileReference; lastKnownFileType = image.png; path = arrowTurned.png; sourceTree = "<group>"; };
		42B85A2E1A74947E00FD4642 /* textField.png */ = {isa = PBXFileReference; lastKnownFileType = image.png; path = textField.png; sourceTree = "<group>"; };
		42B85A351A749F6E00FD4642 /* Bolts.framework */ = {isa = PBXFileReference; lastKnownFileType = wrapper.framework; path = Bolts.framework; sourceTree = "<group>"; };
		42B85A361A749F6E00FD4642 /* FacebookSDK.framework */ = {isa = PBXFileReference; lastKnownFileType = wrapper.framework; path = FacebookSDK.framework; sourceTree = "<group>"; };
		42B85A371A749F6E00FD4642 /* FBAudienceNetwork.framework */ = {isa = PBXFileReference; lastKnownFileType = wrapper.framework; path = FBAudienceNetwork.framework; sourceTree = "<group>"; };
		42B85A3B1A74A0D700FD4642 /* Cteemo-Bridging-Header.h */ = {isa = PBXFileReference; lastKnownFileType = sourcecode.c.h; path = "Cteemo-Bridging-Header.h"; sourceTree = "<group>"; };
		42B85A3C1A74A0D800FD4642 /* Reachability.h */ = {isa = PBXFileReference; fileEncoding = 4; lastKnownFileType = sourcecode.c.h; path = Reachability.h; sourceTree = "<group>"; };
		42B85A3D1A74A0D800FD4642 /* Reachability.m */ = {isa = PBXFileReference; fileEncoding = 4; lastKnownFileType = sourcecode.c.objc; path = Reachability.m; sourceTree = "<group>"; };
		42B85A411A74A81A00FD4642 /* UserInformation.swift */ = {isa = PBXFileReference; fileEncoding = 4; lastKnownFileType = sourcecode.swift; path = UserInformation.swift; sourceTree = "<group>"; };
		42B85A421A74A81A00FD4642 /* DataManager.swift */ = {isa = PBXFileReference; fileEncoding = 4; lastKnownFileType = sourcecode.swift; path = DataManager.swift; sourceTree = "<group>"; };
		42B85A431A74A81A00FD4642 /* InteractingWithServer.swift */ = {isa = PBXFileReference; fileEncoding = 4; lastKnownFileType = sourcecode.swift; path = InteractingWithServer.swift; sourceTree = "<group>"; };
		42B85A471A74A9FC00FD4642 /* UserInformation.plist */ = {isa = PBXFileReference; fileEncoding = 4; lastKnownFileType = text.plist.xml; path = UserInformation.plist; sourceTree = "<group>"; };
		42E5E78A1A773E56004A781E /* Login_LoginBySelfViewController.swift */ = {isa = PBXFileReference; fileEncoding = 4; lastKnownFileType = sourcecode.swift; path = Login_LoginBySelfViewController.swift; sourceTree = "<group>"; };
		42E5E7901A7762DB004A781E /* teemoDouble.png */ = {isa = PBXFileReference; lastKnownFileType = image.png; path = teemoDouble.png; sourceTree = "<group>"; };
		88535F4F1A89A0CB00F38098 /* RED.png */ = {isa = PBXFileReference; lastKnownFileType = image.png; path = RED.png; sourceTree = "<group>"; };
		88535F541A89C84B00F38098 /* SUMMARY.png */ = {isa = PBXFileReference; lastKnownFileType = image.png; path = SUMMARY.png; sourceTree = "<group>"; };
		88535F591A89DFF400F38098 /* img1.jpg */ = {isa = PBXFileReference; lastKnownFileType = image.jpeg; path = img1.jpg; sourceTree = "<group>"; };
		88535F5E1A89DFFA00F38098 /* img2.jpg */ = {isa = PBXFileReference; lastKnownFileType = image.jpeg; path = img2.jpg; sourceTree = "<group>"; };
		88535F601A89E00000F38098 /* img3.jpg */ = {isa = PBXFileReference; lastKnownFileType = image.jpeg; path = img3.jpg; sourceTree = "<group>"; };
		A1010D461A7B2ACF00256208 /* ARequest.swift */ = {isa = PBXFileReference; fileEncoding = 4; lastKnownFileType = sourcecode.swift; path = ARequest.swift; sourceTree = "<group>"; };
		A1010D481A7B2F9100256208 /* school button icon.png */ = {isa = PBXFileReference; lastKnownFileType = image.png; path = "school button icon.png"; sourceTree = "<group>"; };
		A1010D4A1A7B385700256208 /* school.png */ = {isa = PBXFileReference; lastKnownFileType = image.png; path = school.png; sourceTree = "<group>"; };
		A12FDD891A85EF9B00DF278F /* Team_AddPhoto.swift */ = {isa = PBXFileReference; fileEncoding = 4; lastKnownFileType = sourcecode.swift; path = Team_AddPhoto.swift; sourceTree = "<group>"; };
		A13918DF1AA2B26500CD232A /* annie.jpg */ = {isa = PBXFileReference; lastKnownFileType = image.jpeg; path = annie.jpg; sourceTree = "<group>"; };
		A13918E41AA2B2D300CD232A /* juxing.png */ = {isa = PBXFileReference; lastKnownFileType = image.png; path = juxing.png; sourceTree = "<group>"; };
		A13918E71AA2C21D00CD232A /* 3v3 black button.png */ = {isa = PBXFileReference; lastKnownFileType = image.png; path = "3v3 black button.png"; sourceTree = "<group>"; };
		A13918E81AA2C21D00CD232A /* 5V5框.png */ = {isa = PBXFileReference; lastKnownFileType = image.png; path = "5V5框.png"; sourceTree = "<group>"; };
		A13918E91AA2C21D00CD232A /* 大框.png */ = {isa = PBXFileReference; lastKnownFileType = image.png; path = "大框.png"; sourceTree = "<group>"; };
		A13918EA1AA2C21D00CD232A /* 红色框.png */ = {isa = PBXFileReference; lastKnownFileType = image.png; path = "红色框.png"; sourceTree = "<group>"; };
		A13918EB1AA2C21D00CD232A /* 框.png */ = {isa = PBXFileReference; lastKnownFileType = image.png; path = "框.png"; sourceTree = "<group>"; };
		A13918EC1AA2C21D00CD232A /* 时间框.png */ = {isa = PBXFileReference; lastKnownFileType = image.png; path = "时间框.png"; sourceTree = "<group>"; };
		A13918ED1AA2C21D00CD232A /* 小框.png */ = {isa = PBXFileReference; lastKnownFileType = image.png; path = "小框.png"; sourceTree = "<group>"; };
		A13918EE1AA2C21D00CD232A /* BO3.png */ = {isa = PBXFileReference; lastKnownFileType = image.png; path = BO3.png; sourceTree = "<group>"; };
		A13918EF1AA2C21D00CD232A /* camera icons (report result).png */ = {isa = PBXFileReference; lastKnownFileType = image.png; path = "camera icons (report result).png"; sourceTree = "<group>"; };
		A13918F01AA2C21D00CD232A /* create button.png */ = {isa = PBXFileReference; lastKnownFileType = image.png; path = "create button.png"; sourceTree = "<group>"; };
		A13918F11AA2C21D00CD232A /* create game.png */ = {isa = PBXFileReference; lastKnownFileType = image.png; path = "create game.png"; sourceTree = "<group>"; };
		A13918F21AA2C21D00CD232A /* create tournament bg.png */ = {isa = PBXFileReference; lastKnownFileType = image.png; path = "create tournament bg.png"; sourceTree = "<group>"; };
		A13918F31AA2C21D00CD232A /* date icons.png */ = {isa = PBXFileReference; lastKnownFileType = image.png; path = "date icons.png"; sourceTree = "<group>"; };
		A13918F41AA2C21D00CD232A /* Double - Elimination.png */ = {isa = PBXFileReference; lastKnownFileType = image.png; path = "Double - Elimination.png"; sourceTree = "<group>"; };
		A13918F51AA2C21D00CD232A /* fire.png */ = {isa = PBXFileReference; lastKnownFileType = image.png; path = fire.png; sourceTree = "<group>"; };
		A13918F61AA2C21D00CD232A /* free button.png */ = {isa = PBXFileReference; lastKnownFileType = image.png; path = "free button.png"; sourceTree = "<group>"; };
		A13918F71AA2C21D00CD232A /* LOL LOGO BLACK.png */ = {isa = PBXFileReference; lastKnownFileType = image.png; path = "LOL LOGO BLACK.png"; sourceTree = "<group>"; };
		A13918F81AA2C21D00CD232A /* lose button.png */ = {isa = PBXFileReference; lastKnownFileType = image.png; path = "lose button.png"; sourceTree = "<group>"; };
		A13918F91AA2C21D00CD232A /* mode_time框子.png */ = {isa = PBXFileReference; lastKnownFileType = image.png; path = "mode_time框子.png"; sourceTree = "<group>"; };
		A13918FA1AA2C21D00CD232A /* money icons.png */ = {isa = PBXFileReference; lastKnownFileType = image.png; path = "money icons.png"; sourceTree = "<group>"; };
		A13918FB1AA2C21D00CD232A /* next button(black).png */ = {isa = PBXFileReference; lastKnownFileType = image.png; path = "next button(black).png"; sourceTree = "<group>"; };
		A13918FC1AA2C21D00CD232A /* NEXT ROUND BUTTON.png */ = {isa = PBXFileReference; lastKnownFileType = image.png; path = "NEXT ROUND BUTTON.png"; sourceTree = "<group>"; };
		A13918FD1AA2C21D00CD232A /* Public.png */ = {isa = PBXFileReference; lastKnownFileType = image.png; path = Public.png; sourceTree = "<group>"; };
		A13918FE1AA2C21D00CD232A /* red button 大.png */ = {isa = PBXFileReference; lastKnownFileType = image.png; path = "red button 大.png"; sourceTree = "<group>"; };
		A13918FF1AA2C21D00CD232A /* red small button.png */ = {isa = PBXFileReference; lastKnownFileType = image.png; path = "red small button.png"; sourceTree = "<group>"; };
		A13919001AA2C21D00CD232A /* School Tournament.png */ = {isa = PBXFileReference; lastKnownFileType = image.png; path = "School Tournament.png"; sourceTree = "<group>"; };
		A13919011AA2C21D00CD232A /* Start time.png */ = {isa = PBXFileReference; lastKnownFileType = image.png; path = "Start time.png"; sourceTree = "<group>"; };
		A13919021AA2C21D00CD232A /* teemo with words icons.png */ = {isa = PBXFileReference; lastKnownFileType = image.png; path = "teemo with words icons.png"; sourceTree = "<group>"; };
		A13919031AA2C21D00CD232A /* Tournament Rule Icons.png */ = {isa = PBXFileReference; lastKnownFileType = image.png; path = "Tournament Rule Icons.png"; sourceTree = "<group>"; };
		A13919041AA2C21D00CD232A /* Tournament Size.png */ = {isa = PBXFileReference; lastKnownFileType = image.png; path = "Tournament Size.png"; sourceTree = "<group>"; };
		A13919051AA2C21D00CD232A /* Tournament.zip */ = {isa = PBXFileReference; lastKnownFileType = archive.zip; path = Tournament.zip; sourceTree = "<group>"; };
		A13919061AA2C21D00CD232A /* win button_.png */ = {isa = PBXFileReference; lastKnownFileType = image.png; path = "win button_.png"; sourceTree = "<group>"; };
		A13919071AA2C21D00CD232A /* write sth button.png */ = {isa = PBXFileReference; lastKnownFileType = image.png; path = "write sth button.png"; sourceTree = "<group>"; };
		A13919291AA2CD6700CD232A /* Tournament_game.swift */ = {isa = PBXFileReference; fileEncoding = 4; lastKnownFileType = sourcecode.swift; path = Tournament_game.swift; sourceTree = "<group>"; };
		A14E3C1E1A9B20E7003C837F /* SOXPanRotateZoomImageView.swift */ = {isa = PBXFileReference; fileEncoding = 4; lastKnownFileType = sourcecode.swift; path = SOXPanRotateZoomImageView.swift; sourceTree = "<group>"; };
		A14E3C201A9B21F8003C837F /* Bracket.swift */ = {isa = PBXFileReference; fileEncoding = 4; lastKnownFileType = sourcecode.swift; path = Bracket.swift; sourceTree = "<group>"; };
		A16023F51A87356E00CFAACA /* Login_lolID.swift */ = {isa = PBXFileReference; fileEncoding = 4; lastKnownFileType = sourcecode.swift; path = Login_lolID.swift; sourceTree = "<group>"; };
		A1A858371A8C7DC1001BF576 /* LOLInfo.plist */ = {isa = PBXFileReference; fileEncoding = 4; lastKnownFileType = text.plist.xml; path = LOLInfo.plist; sourceTree = "<group>"; };
		A1B8E94A1A7B20F2009BE011 /* 奖杯1.png */ = {isa = PBXFileReference; lastKnownFileType = image.png; path = "奖杯1.png"; sourceTree = "<group>"; };
		A1B8E94B1A7B20F2009BE011 /* 奖杯2.png */ = {isa = PBXFileReference; lastKnownFileType = image.png; path = "奖杯2.png"; sourceTree = "<group>"; };
		A1B8E94C1A7B20F2009BE011 /* 我.png */ = {isa = PBXFileReference; lastKnownFileType = image.png; path = "我.png"; sourceTree = "<group>"; };
		A1B8E94D1A7B20F2009BE011 /* 我2.png */ = {isa = PBXFileReference; lastKnownFileType = image.png; path = "我2.png"; sourceTree = "<group>"; };
		A1B8E94E1A7B20F2009BE011 /* 新闻1.png */ = {isa = PBXFileReference; lastKnownFileType = image.png; path = "新闻1.png"; sourceTree = "<group>"; };
		A1B8E94F1A7B20F2009BE011 /* joinTeam.png */ = {isa = PBXFileReference; lastKnownFileType = image.png; path = joinTeam.png; sourceTree = "<group>"; };
		A1B8E9501A7B20F2009BE011 /* 战队1.png */ = {isa = PBXFileReference; lastKnownFileType = image.png; path = "战队1.png"; sourceTree = "<group>"; };
		A1B8E9511A7B20F2009BE011 /* 战队2.png */ = {isa = PBXFileReference; lastKnownFileType = image.png; path = "战队2.png"; sourceTree = "<group>"; };
		A1B8E9521A7B20F2009BE011 /* createTeam.png */ = {isa = PBXFileReference; lastKnownFileType = image.png; path = createTeam.png; sourceTree = "<group>"; };
		A1B8E9531A7B20F2009BE011 /* Forma 1.png */ = {isa = PBXFileReference; lastKnownFileType = image.png; path = "Forma 1.png"; sourceTree = "<group>"; };
		A1B8E9551A7B20F2009BE011 /* hentiao2.png */ = {isa = PBXFileReference; lastKnownFileType = image.png; path = hentiao2.png; sourceTree = "<group>"; };
		A1B8E9561A7B20F2009BE011 /* OK.png */ = {isa = PBXFileReference; lastKnownFileType = image.png; path = OK.png; sourceTree = "<group>"; };
		A1EB12031A99263800FC8388 /* ImageLoader.swift */ = {isa = PBXFileReference; fileEncoding = 4; lastKnownFileType = sourcecode.swift; path = ImageLoader.swift; sourceTree = "<group>"; };
		A1EB12081A99277900FC8388 /* error.png */ = {isa = PBXFileReference; lastKnownFileType = image.png; path = error.png; sourceTree = "<group>"; };
		A1EB12131A99AAE700FC8388 /* TournamentAPI.swift */ = {isa = PBXFileReference; fileEncoding = 4; lastKnownFileType = sourcecode.swift; path = TournamentAPI.swift; sourceTree = "<group>"; };
		A1EB121A1A99C64E00FC8388 /* SCLAlertView.swift */ = {isa = PBXFileReference; fileEncoding = 4; lastKnownFileType = sourcecode.swift; path = SCLAlertView.swift; sourceTree = "<group>"; };
		A1F138851A8346C9007DE5A2 /* LolAPI.swift */ = {isa = PBXFileReference; fileEncoding = 4; lastKnownFileType = sourcecode.swift; path = LolAPI.swift; sourceTree = "<group>"; };
/* End PBXFileReference section */

/* Begin PBXFrameworksBuildPhase section */
		42B859E41A74840E00FD4642 /* Frameworks */ = {
			isa = PBXFrameworksBuildPhase;
			buildActionMask = 2147483647;
			files = (
				42B85A3A1A749F6E00FD4642 /* FBAudienceNetwork.framework in Frameworks */,
				42B85A381A749F6E00FD4642 /* Bolts.framework in Frameworks */,
				42B85A391A749F6E00FD4642 /* FacebookSDK.framework in Frameworks */,
				42AB57DB1A7F3D4800C7799E /* Alamofire.framework in Frameworks */,
			);
			runOnlyForDeploymentPostprocessing = 0;
		};
		42B859FC1A74840F00FD4642 /* Frameworks */ = {
			isa = PBXFrameworksBuildPhase;
			buildActionMask = 2147483647;
			files = (
			);
			runOnlyForDeploymentPostprocessing = 0;
		};
/* End PBXFrameworksBuildPhase section */

/* Begin PBXGroup section */
		421D56511A832452005E56F0 /* Team */ = {
			isa = PBXGroup;
			children = (
				42B74FC11A812416008B575C /* TeamViewController.swift */,
				421D565B1A8339D2005E56F0 /* Team_FindTeamViewController.swift */,
				42855B9C1A8459A600EB9546 /* Team_JoinTeamViewController.swift */,
				42855BA11A846C0000EB9546 /* Team_FindTeamPostsViewController.swift */,
				42855BA71A84803000EB9546 /* Team_CreateTeamViewController.swift */,
				A12FDD891A85EF9B00DF278F /* Team_AddPhoto.swift */,
				4260F3FB1A886D6000A6F39D /* Team_TeamInfoViewController.swift */,
			);
			name = Team;
			sourceTree = "<group>";
		};
		4257F3DD1A99435F007F2E1C /* News */ = {
			isa = PBXGroup;
			children = (
				42B74FC21A812416008B575C /* NewsViewController.swift */,
				423142F81A9C40180033B3E7 /* NewsDisplayViewController.swift */,
			);
			name = News;
			sourceTree = "<group>";
		};
		428F6E731A7F2F3C007C21AC /* Products */ = {
			isa = PBXGroup;
			children = (
				428F6E7A1A7F2F3D007C21AC /* Alamofire.framework */,
				428F6E7C1A7F2F3D007C21AC /* Alamofire.framework */,
				428F6E7E1A7F2F3D007C21AC /* Alamofire iOS Tests.xctest */,
				428F6E801A7F2F3D007C21AC /* Alamofire OSX Tests.xctest */,
			);
			name = Products;
			sourceTree = "<group>";
		};
		42B0A3231A898BD200EA908C /* AFNetworking */ = {
			isa = PBXGroup;
			children = (
				42B0A3241A898BD200EA908C /* AFHTTPRequestOperation.h */,
				42B0A3251A898BD200EA908C /* AFHTTPRequestOperation.m */,
				42B0A3261A898BD200EA908C /* AFHTTPRequestOperationManager.h */,
				42B0A3271A898BD200EA908C /* AFHTTPRequestOperationManager.m */,
				42B0A3281A898BD200EA908C /* AFHTTPSessionManager.h */,
				42B0A3291A898BD200EA908C /* AFHTTPSessionManager.m */,
				42B0A32A1A898BD200EA908C /* AFNetworking.h */,
				42B0A32B1A898BD200EA908C /* AFNetworkReachabilityManager.h */,
				42B0A32C1A898BD200EA908C /* AFNetworkReachabilityManager.m */,
				42B0A32D1A898BD200EA908C /* AFSecurityPolicy.h */,
				42B0A32E1A898BD200EA908C /* AFSecurityPolicy.m */,
				42B0A32F1A898BD200EA908C /* AFURLConnectionOperation.h */,
				42B0A3301A898BD200EA908C /* AFURLConnectionOperation.m */,
				42B0A3311A898BD200EA908C /* AFURLRequestSerialization.h */,
				42B0A3321A898BD200EA908C /* AFURLRequestSerialization.m */,
				42B0A3331A898BD200EA908C /* AFURLResponseSerialization.h */,
				42B0A3341A898BD200EA908C /* AFURLResponseSerialization.m */,
				42B0A3351A898BD200EA908C /* AFURLSessionManager.h */,
				42B0A3361A898BD200EA908C /* AFURLSessionManager.m */,
			);
			path = AFNetworking;
			sourceTree = "<group>";
		};
		42B74FBD1A812220008B575C /* Login */ = {
			isa = PBXGroup;
			children = (
				42B859F11A74840F00FD4642 /* Login_MainViewController.swift */,
				42E5E78A1A773E56004A781E /* Login_LoginBySelfViewController.swift */,
				42B85A0F1A74884100FD4642 /* Login_CreateViewController.swift */,
				42B85A111A74888500FD4642 /* Login_SchoolAndPhoto.swift */,
				42B0A3471A89CFF800EA908C /* Login_Forpassword.swift */,
				429FD09E1A801607003BA84D /* Login_AddPhoto.swift */,
				42B85A171A748B2E00FD4642 /* Login_SchoolSearchViewController.swift */,
				A16023F51A87356E00CFAACA /* Login_lolID.swift */,
			);
			name = Login;
			sourceTree = "<group>";
		};
		42B859DE1A74840E00FD4642 = {
			isa = PBXGroup;
			children = (
				42B85A351A749F6E00FD4642 /* Bolts.framework */,
				42B85A361A749F6E00FD4642 /* FacebookSDK.framework */,
				42B85A371A749F6E00FD4642 /* FBAudienceNetwork.framework */,
				42B859E91A74840F00FD4642 /* Cteemo */,
				42B85A021A74840F00FD4642 /* CteemoTests */,
				42B859E81A74840F00FD4642 /* Products */,
				428F6E721A7F2F3C007C21AC /* Alamofire.xcodeproj */,
			);
			sourceTree = "<group>";
		};
		42B859E81A74840F00FD4642 /* Products */ = {
			isa = PBXGroup;
			children = (
				42B859E71A74840F00FD4642 /* Cteemo.app */,
				42B859FF1A74840F00FD4642 /* CteemoTests.xctest */,
			);
			name = Products;
			sourceTree = "<group>";
		};
		42B859E91A74840F00FD4642 /* Cteemo */ = {
			isa = PBXGroup;
			children = (
				4215A6711A7D7616002EB62E /* API */,
				42B859EC1A74840F00FD4642 /* AppDelegate.swift */,
				42B859F31A74840F00FD4642 /* Main.storyboard */,
				42B859F61A74840F00FD4642 /* Images.xcassets */,
				42B859F81A74840F00FD4642 /* LaunchScreen.xib */,
				A14E3C1E1A9B20E7003C837F /* SOXPanRotateZoomImageView.swift */,
				42B74FBE1A812416008B575C /* MainViewController.swift */,
				425E8FE41A8B19BF00A06752 /* CustomPosterView.swift */,
				427D7A901A85C36000BFB2DA /* CustomSwitcher.swift */,
				421D56511A832452005E56F0 /* Team */,
				4257F3DD1A99435F007F2E1C /* News */,
				42B74FC31A812416008B575C /* MeViewController.swift */,
				42B74FBD1A812220008B575C /* Login */,
				A1EB12191A99C61900FC8388 /* Tournament */,
				A1EB121C1A99C66C00FC8388 /* data */,
				A1EB121A1A99C64E00FC8388 /* SCLAlertView.swift */,
				42B85A431A74A81A00FD4642 /* InteractingWithServer.swift */,
				A1010D461A7B2ACF00256208 /* ARequest.swift */,
				A1EB12031A99263800FC8388 /* ImageLoader.swift */,
				4267D82E1A8011D20054E800 /* ImageProcessor.swift */,
				42B859EE1A74840F00FD4642 /* Cteemo.xcdatamodeld */,
				42B85A3C1A74A0D800FD4642 /* Reachability.h */,
				42B85A3D1A74A0D800FD4642 /* Reachability.m */,
				42B0A3231A898BD200EA908C /* AFNetworking */,
				42B85A131A74897A00FD4642 /* Images */,
				42B859EA1A74840F00FD4642 /* Supporting Files */,
				42B85A3B1A74A0D700FD4642 /* Cteemo-Bridging-Header.h */,
			);
			path = Cteemo;
			sourceTree = "<group>";
		};
		42B859EA1A74840F00FD4642 /* Supporting Files */ = {
			isa = PBXGroup;
			children = (
				42B859EB1A74840F00FD4642 /* Info.plist */,
			);
			name = "Supporting Files";
			sourceTree = "<group>";
		};
		42B85A021A74840F00FD4642 /* CteemoTests */ = {
			isa = PBXGroup;
			children = (
				42B85A051A74840F00FD4642 /* CteemoTests.swift */,
				42B85A031A74840F00FD4642 /* Supporting Files */,
			);
			path = CteemoTests;
			sourceTree = "<group>";
		};
		42B85A031A74840F00FD4642 /* Supporting Files */ = {
			isa = PBXGroup;
			children = (
				42B85A041A74840F00FD4642 /* Info.plist */,
			);
			name = "Supporting Files";
			sourceTree = "<group>";
		};
		42B85A131A74897A00FD4642 /* Images */ = {
			isa = PBXGroup;
			children = (
				A13918E61AA2C11B00CD232A /* Tournament */,
				A13918E41AA2B2D300CD232A /* juxing.png */,
				A13918DF1AA2B26500CD232A /* annie.jpg */,
				A1EB12081A99277900FC8388 /* error.png */,
				88535F561A89C91A00F38098 /* News */,
				A1B8E9641A7B215C009BE011 /* Team */,
				42B85A191A748C1500FD4642 /* Login */,
				42B85A141A7489B700FD4642 /* StartPage */,
			);
			name = Images;
			sourceTree = "<group>";
		};
		42B85A141A7489B700FD4642 /* StartPage */ = {
			isa = PBXGroup;
			children = (
				42B85A151A7489CF00FD4642 /* loading_page.png */,
			);
			name = StartPage;
			sourceTree = "<group>";
		};
		42B85A191A748C1500FD4642 /* Login */ = {
			isa = PBXGroup;
			children = (
				429FD0A31A801F25003BA84D /* circleCropper.png */,
				4215A66F1A7B45E1002EB62E /* speaker.png */,
				42AB57D91A7F391A00C7799E /* tableback.png */,
				A1010D4A1A7B385700256208 /* school.png */,
				42B85A2E1A74947E00FD4642 /* textField.png */,
				42B85A1A1A748CDB00FD4642 /* arrow.png */,
				42B85A2C1A748D4E00FD4642 /* arrowTurned.png */,
				42E5E7901A7762DB004A781E /* teemoDouble.png */,
				42B85A1B1A748CDB00FD4642 /* backG.png */,
				42B85A1C1A748CDB00FD4642 /* button.png */,
				42B85A1E1A748CDB00FD4642 /* Inkinesss.png */,
				42B85A1F1A748CDB00FD4642 /* lock1.png */,
				42B85A201A748CDB00FD4642 /* me_icons1.png */,
				42B85A211A748CDB00FD4642 /* PHOTO icons.png */,
				A1010D481A7B2F9100256208 /* school button icon.png */,
				42B85A221A748CDB00FD4642 /* SUBMIT.png */,
			);
			name = Login;
			sourceTree = "<group>";
		};
		88535F561A89C91A00F38098 /* News */ = {
			isa = PBXGroup;
			children = (
				88535F591A89DFF400F38098 /* img1.jpg */,
				88535F5E1A89DFFA00F38098 /* img2.jpg */,
				88535F601A89E00000F38098 /* img3.jpg */,
				88535F541A89C84B00F38098 /* SUMMARY.png */,
				88535F4F1A89A0CB00F38098 /* RED.png */,
			);
			name = News;
			sourceTree = "<group>";
		};
		A13918E61AA2C11B00CD232A /* Tournament */ = {
			isa = PBXGroup;
			children = (
				A13918E71AA2C21D00CD232A /* 3v3 black button.png */,
				A13918E81AA2C21D00CD232A /* 5V5框.png */,
				A13918E91AA2C21D00CD232A /* 大框.png */,
				A13918EA1AA2C21D00CD232A /* 红色框.png */,
				A13918EB1AA2C21D00CD232A /* 框.png */,
				A13918EC1AA2C21D00CD232A /* 时间框.png */,
				A13918ED1AA2C21D00CD232A /* 小框.png */,
				A13918EE1AA2C21D00CD232A /* BO3.png */,
				A13918EF1AA2C21D00CD232A /* camera icons (report result).png */,
				A13918F01AA2C21D00CD232A /* create button.png */,
				A13918F11AA2C21D00CD232A /* create game.png */,
				A13918F21AA2C21D00CD232A /* create tournament bg.png */,
				A13918F31AA2C21D00CD232A /* date icons.png */,
				A13918F41AA2C21D00CD232A /* Double - Elimination.png */,
				A13918F51AA2C21D00CD232A /* fire.png */,
				A13918F61AA2C21D00CD232A /* free button.png */,
				A13918F71AA2C21D00CD232A /* LOL LOGO BLACK.png */,
				A13918F81AA2C21D00CD232A /* lose button.png */,
				A13918F91AA2C21D00CD232A /* mode_time框子.png */,
				A13918FA1AA2C21D00CD232A /* money icons.png */,
				A13918FB1AA2C21D00CD232A /* next button(black).png */,
				A13918FC1AA2C21D00CD232A /* NEXT ROUND BUTTON.png */,
				A13918FD1AA2C21D00CD232A /* Public.png */,
				A13918FE1AA2C21D00CD232A /* red button 大.png */,
				A13918FF1AA2C21D00CD232A /* red small button.png */,
				A13919001AA2C21D00CD232A /* School Tournament.png */,
				A13919011AA2C21D00CD232A /* Start time.png */,
				A13919021AA2C21D00CD232A /* teemo with words icons.png */,
				A13919031AA2C21D00CD232A /* Tournament Rule Icons.png */,
				A13919041AA2C21D00CD232A /* Tournament Size.png */,
				A13919051AA2C21D00CD232A /* Tournament.zip */,
				A13919061AA2C21D00CD232A /* win button_.png */,
				A13919071AA2C21D00CD232A /* write sth button.png */,
			);
			name = Tournament;
			sourceTree = "<group>";
		};
		A1B8E9641A7B215C009BE011 /* Team */ = {
			isa = PBXGroup;
			children = (
				426CD2EB1A89649D0042F4F7 /* config.png */,
				42ABFAC31A8A869000DC5D1F /* minussss.png */,
				424AF75D1A872DA20033B863 /* adddd.png */,
				42855BA31A847CCC00EB9546 /* CAMERA.png */,
				4260F4021A886F1E00A6F39D /* more111.png */,
				42041AF41A816EE400623C70 /* box1.png */,
				42041AF51A816EE400623C70 /* institution.png */,
				42041AF61A816EE400623C70 /* SUITCASE.png */,
				42855BA51A847D9F00EB9546 /* teambg .png */,
				42041AE41A81592600623C70 /* left.png */,
				42041AE61A81594900623C70 /* right.png */,
				A1B8E94A1A7B20F2009BE011 /* 奖杯1.png */,
				42041AF01A81665E00623C70 /* white.png */,
				A1B8E94B1A7B20F2009BE011 /* 奖杯2.png */,
				A1B8E94C1A7B20F2009BE011 /* 我.png */,
				A1B8E94D1A7B20F2009BE011 /* 我2.png */,
				A1B8E94E1A7B20F2009BE011 /* 新闻1.png */,
				A1B8E94F1A7B20F2009BE011 /* joinTeam.png */,
				A1B8E9501A7B20F2009BE011 /* 战队1.png */,
				A1B8E9511A7B20F2009BE011 /* 战队2.png */,
				A1B8E9521A7B20F2009BE011 /* createTeam.png */,
				A1B8E9531A7B20F2009BE011 /* Forma 1.png */,
				A1B8E9551A7B20F2009BE011 /* hentiao2.png */,
				A1B8E9561A7B20F2009BE011 /* OK.png */,
				42041AE81A815E1600623C70 /* addfriendsbutton.png */,
			);
			name = Team;
			sourceTree = "<group>";
		};
		A1EB12191A99C61900FC8388 /* Tournament */ = {
			isa = PBXGroup;
			children = (
				A13919291AA2CD6700CD232A /* Tournament_game.swift */,
				A14E3C201A9B21F8003C837F /* Bracket.swift */,
				A1EB12131A99AAE700FC8388 /* TournamentAPI.swift */,
				42B74FBF1A812416008B575C /* TournamentViewController.swift */,
			);
			name = Tournament;
			sourceTree = "<group>";
		};
		A1EB121C1A99C66C00FC8388 /* data */ = {
			isa = PBXGroup;
			children = (
				42B85A421A74A81A00FD4642 /* DataManager.swift */,
				A1F138851A8346C9007DE5A2 /* LolAPI.swift */,
				A1A858371A8C7DC1001BF576 /* LOLInfo.plist */,
				427D7A941A85CBDE00BFB2DA /* UserTeam.plist */,
				427D7A921A85CBA600BFB2DA /* UserTeam.swift */,
				42B85A411A74A81A00FD4642 /* UserInformation.swift */,
				42B85A471A74A9FC00FD4642 /* UserInformation.plist */,
			);
			name = data;
			sourceTree = "<group>";
		};
/* End PBXGroup section */

/* Begin PBXNativeTarget section */
		42B859E61A74840E00FD4642 /* Cteemo */ = {
			isa = PBXNativeTarget;
			buildConfigurationList = 42B85A091A74840F00FD4642 /* Build configuration list for PBXNativeTarget "Cteemo" */;
			buildPhases = (
				42B859E31A74840E00FD4642 /* Sources */,
				42B859E41A74840E00FD4642 /* Frameworks */,
				42B859E51A74840E00FD4642 /* Resources */,
				A10CA2931A7DE81200D69FAB /* Copy Framework */,
			);
			buildRules = (
			);
			dependencies = (
				42AB57DE1A7F3D4800C7799E /* PBXTargetDependency */,
			);
			name = Cteemo;
			productName = Cteemo;
			productReference = 42B859E71A74840F00FD4642 /* Cteemo.app */;
			productType = "com.apple.product-type.application";
		};
		42B859FE1A74840F00FD4642 /* CteemoTests */ = {
			isa = PBXNativeTarget;
			buildConfigurationList = 42B85A0C1A74840F00FD4642 /* Build configuration list for PBXNativeTarget "CteemoTests" */;
			buildPhases = (
				42B859FB1A74840F00FD4642 /* Sources */,
				42B859FC1A74840F00FD4642 /* Frameworks */,
				42B859FD1A74840F00FD4642 /* Resources */,
			);
			buildRules = (
			);
			dependencies = (
				42B85A011A74840F00FD4642 /* PBXTargetDependency */,
			);
			name = CteemoTests;
			productName = CteemoTests;
			productReference = 42B859FF1A74840F00FD4642 /* CteemoTests.xctest */;
			productType = "com.apple.product-type.bundle.unit-test";
		};
/* End PBXNativeTarget section */

/* Begin PBXProject section */
		42B859DF1A74840E00FD4642 /* Project object */ = {
			isa = PBXProject;
			attributes = {
				LastUpgradeCheck = 0610;
				ORGANIZATIONNAME = "Kedan Li";
				TargetAttributes = {
					42B859E61A74840E00FD4642 = {
						CreatedOnToolsVersion = 6.1.1;
						DevelopmentTeam = Z52YC535HH;
					};
					42B859FE1A74840F00FD4642 = {
						CreatedOnToolsVersion = 6.1.1;
						TestTargetID = 42B859E61A74840E00FD4642;
					};
				};
			};
			buildConfigurationList = 42B859E21A74840E00FD4642 /* Build configuration list for PBXProject "Cteemo" */;
			compatibilityVersion = "Xcode 3.2";
			developmentRegion = English;
			hasScannedForEncodings = 0;
			knownRegions = (
				en,
				Base,
			);
			mainGroup = 42B859DE1A74840E00FD4642;
			productRefGroup = 42B859E81A74840F00FD4642 /* Products */;
			projectDirPath = "";
			projectReferences = (
				{
					ProductGroup = 428F6E731A7F2F3C007C21AC /* Products */;
					ProjectRef = 428F6E721A7F2F3C007C21AC /* Alamofire.xcodeproj */;
				},
			);
			projectRoot = "";
			targets = (
				42B859E61A74840E00FD4642 /* Cteemo */,
				42B859FE1A74840F00FD4642 /* CteemoTests */,
			);
		};
/* End PBXProject section */

/* Begin PBXReferenceProxy section */
		428F6E7A1A7F2F3D007C21AC /* Alamofire.framework */ = {
			isa = PBXReferenceProxy;
			fileType = wrapper.framework;
			path = Alamofire.framework;
			remoteRef = 428F6E791A7F2F3D007C21AC /* PBXContainerItemProxy */;
			sourceTree = BUILT_PRODUCTS_DIR;
		};
		428F6E7C1A7F2F3D007C21AC /* Alamofire.framework */ = {
			isa = PBXReferenceProxy;
			fileType = wrapper.framework;
			path = Alamofire.framework;
			remoteRef = 428F6E7B1A7F2F3D007C21AC /* PBXContainerItemProxy */;
			sourceTree = BUILT_PRODUCTS_DIR;
		};
		428F6E7E1A7F2F3D007C21AC /* Alamofire iOS Tests.xctest */ = {
			isa = PBXReferenceProxy;
			fileType = wrapper.cfbundle;
			path = "Alamofire iOS Tests.xctest";
			remoteRef = 428F6E7D1A7F2F3D007C21AC /* PBXContainerItemProxy */;
			sourceTree = BUILT_PRODUCTS_DIR;
		};
		428F6E801A7F2F3D007C21AC /* Alamofire OSX Tests.xctest */ = {
			isa = PBXReferenceProxy;
			fileType = wrapper.cfbundle;
			path = "Alamofire OSX Tests.xctest";
			remoteRef = 428F6E7F1A7F2F3D007C21AC /* PBXContainerItemProxy */;
			sourceTree = BUILT_PRODUCTS_DIR;
		};
/* End PBXReferenceProxy section */

/* Begin PBXResourcesBuildPhase section */
		42B859E51A74840E00FD4642 /* Resources */ = {
			isa = PBXResourcesBuildPhase;
			buildActionMask = 2147483647;
			files = (
				A1A858381A8C7DC1001BF576 /* LOLInfo.plist in Resources */,
				A1010D491A7B2F9100256208 /* school button icon.png in Resources */,
				429FD0A41A801F25003BA84D /* circleCropper.png in Resources */,
				424AF75E1A872DA20033B863 /* adddd.png in Resources */,
				A13919121AA2C21D00CD232A /* create game.png in Resources */,
				42855BA41A847CCC00EB9546 /* CAMERA.png in Resources */,
				A1B8E95C1A7B20F2009BE011 /* joinTeam.png in Resources */,
				A139190D1AA2C21D00CD232A /* 时间框.png in Resources */,
				A1B8E9581A7B20F2009BE011 /* 奖杯2.png in Resources */,
				A1B8E9571A7B20F2009BE011 /* 奖杯1.png in Resources */,
				A13919181AA2C21D00CD232A /* LOL LOGO BLACK.png in Resources */,
				88535F5F1A89DFFA00F38098 /* img2.jpg in Resources */,
				A139191E1AA2C21D00CD232A /* Public.png in Resources */,
				42041AF71A816EE400623C70 /* box1.png in Resources */,
				42B85A291A748CDB00FD4642 /* me_icons1.png in Resources */,
				42B85A271A748CDB00FD4642 /* Inkinesss.png in Resources */,
				4215A6721A7D7616002EB62E /* API in Resources */,
				A139190E1AA2C21D00CD232A /* 小框.png in Resources */,
				A1B8E9631A7B20F2009BE011 /* OK.png in Resources */,
				88535F551A89C84B00F38098 /* SUMMARY.png in Resources */,
				42041AF91A816EE400623C70 /* SUITCASE.png in Resources */,
				A1EB12091A99277900FC8388 /* error.png in Resources */,
				42B85A251A748CDB00FD4642 /* button.png in Resources */,
				42AB57DA1A7F391A00C7799E /* tableback.png in Resources */,
				A13918E01AA2B26500CD232A /* annie.jpg in Resources */,
				A13919251AA2C21D00CD232A /* Tournament Size.png in Resources */,
				42B85A241A748CDB00FD4642 /* backG.png in Resources */,
				42855BA61A847D9F00EB9546 /* teambg .png in Resources */,
				4215A6701A7B45E1002EB62E /* speaker.png in Resources */,
				A139191A1AA2C21D00CD232A /* mode_time框子.png in Resources */,
				A139191B1AA2C21D00CD232A /* money icons.png in Resources */,
				88535F611A89E00000F38098 /* img3.jpg in Resources */,
				A13919211AA2C21D00CD232A /* School Tournament.png in Resources */,
				42041AF11A81665E00623C70 /* white.png in Resources */,
				42B85A481A74A9FC00FD4642 /* UserInformation.plist in Resources */,
				A13919221AA2C21D00CD232A /* Start time.png in Resources */,
				A1B8E95E1A7B20F2009BE011 /* 战队2.png in Resources */,
				42B85A2A1A748CDB00FD4642 /* PHOTO icons.png in Resources */,
				42B859F51A74840F00FD4642 /* Main.storyboard in Resources */,
				42041AE91A815E1600623C70 /* addfriendsbutton.png in Resources */,
				A13919201AA2C21D00CD232A /* red small button.png in Resources */,
				A139190A1AA2C21D00CD232A /* 大框.png in Resources */,
				A13919191AA2C21D00CD232A /* lose button.png in Resources */,
				A13919081AA2C21D00CD232A /* 3v3 black button.png in Resources */,
				A1B8E95A1A7B20F2009BE011 /* 我2.png in Resources */,
				A1B8E9601A7B20F2009BE011 /* Forma 1.png in Resources */,
				A1B8E95B1A7B20F2009BE011 /* 新闻1.png in Resources */,
				42E5E7911A7762DB004A781E /* teemoDouble.png in Resources */,
				A139190B1AA2C21D00CD232A /* 红色框.png in Resources */,
				88535F5A1A89DFF400F38098 /* img1.jpg in Resources */,
				A13919231AA2C21D00CD232A /* teemo with words icons.png in Resources */,
				42B859FA1A74840F00FD4642 /* LaunchScreen.xib in Resources */,
				42B85A161A7489CF00FD4642 /* loading_page.png in Resources */,
				A139191F1AA2C21D00CD232A /* red button 大.png in Resources */,
				42B85A231A748CDB00FD4642 /* arrow.png in Resources */,
				426CD2EC1A89649D0042F4F7 /* config.png in Resources */,
				427D7A951A85CBDE00BFB2DA /* UserTeam.plist in Resources */,
				A1B8E9591A7B20F2009BE011 /* 我.png in Resources */,
				A13919101AA2C21D00CD232A /* camera icons (report result).png in Resources */,
				A13919281AA2C21D00CD232A /* write sth button.png in Resources */,
				A13919111AA2C21D00CD232A /* create button.png in Resources */,
				A13919131AA2C21D00CD232A /* create tournament bg.png in Resources */,
				88535F501A89A0CB00F38098 /* RED.png in Resources */,
				42041AF81A816EE400623C70 /* institution.png in Resources */,
				A1B8E95F1A7B20F2009BE011 /* createTeam.png in Resources */,
				42ABFAC41A8A869000DC5D1F /* minussss.png in Resources */,
				A139191C1AA2C21D00CD232A /* next button(black).png in Resources */,
				42041AE51A81592600623C70 /* left.png in Resources */,
				42B85A2D1A748D4E00FD4642 /* arrowTurned.png in Resources */,
				A1B8E95D1A7B20F2009BE011 /* 战队1.png in Resources */,
				A139190F1AA2C21D00CD232A /* BO3.png in Resources */,
				42B85A2F1A74947E00FD4642 /* textField.png in Resources */,
				A13919171AA2C21D00CD232A /* free button.png in Resources */,
				A13919151AA2C21D00CD232A /* Double - Elimination.png in Resources */,
				A13919141AA2C21D00CD232A /* date icons.png in Resources */,
				A139191D1AA2C21D00CD232A /* NEXT ROUND BUTTON.png in Resources */,
				42041AE71A81594900623C70 /* right.png in Resources */,
				A13919261AA2C21D00CD232A /* Tournament.zip in Resources */,
				4260F4031A886F1E00A6F39D /* more111.png in Resources */,
				A139190C1AA2C21D00CD232A /* 框.png in Resources */,
				A1B8E9621A7B20F2009BE011 /* hentiao2.png in Resources */,
				A13919161AA2C21D00CD232A /* fire.png in Resources */,
				A13918E51AA2B2D300CD232A /* juxing.png in Resources */,
				42B85A2B1A748CDB00FD4642 /* SUBMIT.png in Resources */,
				42B859F71A74840F00FD4642 /* Images.xcassets in Resources */,
				A13919271AA2C21D00CD232A /* win button_.png in Resources */,
				42B85A281A748CDB00FD4642 /* lock1.png in Resources */,
				A13919091AA2C21D00CD232A /* 5V5框.png in Resources */,
				A1010D4B1A7B385700256208 /* school.png in Resources */,
				A13919241AA2C21D00CD232A /* Tournament Rule Icons.png in Resources */,
			);
			runOnlyForDeploymentPostprocessing = 0;
		};
		42B859FD1A74840F00FD4642 /* Resources */ = {
			isa = PBXResourcesBuildPhase;
			buildActionMask = 2147483647;
			files = (
			);
			runOnlyForDeploymentPostprocessing = 0;
		};
/* End PBXResourcesBuildPhase section */

/* Begin PBXSourcesBuildPhase section */
		42B859E31A74840E00FD4642 /* Sources */ = {
			isa = PBXSourcesBuildPhase;
			buildActionMask = 2147483647;
			files = (
				42B85A101A74884100FD4642 /* Login_CreateViewController.swift in Sources */,
				A1010D471A7B2ACF00256208 /* ARequest.swift in Sources */,
				42B859F21A74840F00FD4642 /* Login_MainViewController.swift in Sources */,
				A14E3C211A9B21F8003C837F /* Bracket.swift in Sources */,
				42B74FC81A812416008B575C /* NewsViewController.swift in Sources */,
				42B0A33C1A898BD200EA908C /* AFURLConnectionOperation.m in Sources */,
				42E5E78B1A773E56004A781E /* Login_LoginBySelfViewController.swift in Sources */,
				42855B9D1A8459A600EB9546 /* Team_JoinTeamViewController.swift in Sources */,
				4260F3FC1A886D6000A6F39D /* Team_TeamInfoViewController.swift in Sources */,
				42B74FC71A812416008B575C /* TeamViewController.swift in Sources */,
				A16023F61A87356E00CFAACA /* Login_lolID.swift in Sources */,
				427D7A931A85CBA600BFB2DA /* UserTeam.swift in Sources */,
				42B0A33D1A898BD200EA908C /* AFURLRequestSerialization.m in Sources */,
				42B74FC91A812416008B575C /* MeViewController.swift in Sources */,
				42B85A121A74888500FD4642 /* Login_SchoolAndPhoto.swift in Sources */,
				4267D82F1A8011D20054E800 /* ImageProcessor.swift in Sources */,
				42B85A461A74A81A00FD4642 /* InteractingWithServer.swift in Sources */,
				421D565C1A8339D2005E56F0 /* Team_FindTeamViewController.swift in Sources */,
				42B85A3E1A74A0D800FD4642 /* Reachability.m in Sources */,
				42B859F01A74840F00FD4642 /* Cteemo.xcdatamodeld in Sources */,
				42B0A3481A89CFF800EA908C /* Login_Forpassword.swift in Sources */,
				425E8FE51A8B19BF00A06752 /* CustomPosterView.swift in Sources */,
				42855BA81A84803000EB9546 /* Team_CreateTeamViewController.swift in Sources */,
				42B74FC51A812416008B575C /* TournamentViewController.swift in Sources */,
				423142F91A9C40180033B3E7 /* NewsDisplayViewController.swift in Sources */,
				42B85A441A74A81A00FD4642 /* UserInformation.swift in Sources */,
				427D7A911A85C36000BFB2DA /* CustomSwitcher.swift in Sources */,
				A14E3C1F1A9B20E7003C837F /* SOXPanRotateZoomImageView.swift in Sources */,
				42B0A33B1A898BD200EA908C /* AFSecurityPolicy.m in Sources */,
				42B0A33F1A898BD200EA908C /* AFURLSessionManager.m in Sources */,
				A1EB121B1A99C64E00FC8388 /* SCLAlertView.swift in Sources */,
				429FD09F1A801607003BA84D /* Login_AddPhoto.swift in Sources */,
				42B0A3381A898BD200EA908C /* AFHTTPRequestOperationManager.m in Sources */,
				A1EB12141A99AAE700FC8388 /* TournamentAPI.swift in Sources */,
				42B859ED1A74840F00FD4642 /* AppDelegate.swift in Sources */,
				42B0A33E1A898BD200EA908C /* AFURLResponseSerialization.m in Sources */,
				42B85A451A74A81A00FD4642 /* DataManager.swift in Sources */,
				42B74FC41A812416008B575C /* MainViewController.swift in Sources */,
				42B0A3391A898BD200EA908C /* AFHTTPSessionManager.m in Sources */,
				A1EB12041A99263800FC8388 /* ImageLoader.swift in Sources */,
				42B0A33A1A898BD200EA908C /* AFNetworkReachabilityManager.m in Sources */,
				A1F138861A8346C9007DE5A2 /* LolAPI.swift in Sources */,
				42B0A3371A898BD200EA908C /* AFHTTPRequestOperation.m in Sources */,
				42B85A181A748B2E00FD4642 /* Login_SchoolSearchViewController.swift in Sources */,
				42855BA21A846C0000EB9546 /* Team_FindTeamPostsViewController.swift in Sources */,
				A12FDD8A1A85EF9B00DF278F /* Team_AddPhoto.swift in Sources */,
				A139192A1AA2CD6700CD232A /* Tournament_game.swift in Sources */,
			);
			runOnlyForDeploymentPostprocessing = 0;
		};
		42B859FB1A74840F00FD4642 /* Sources */ = {
			isa = PBXSourcesBuildPhase;
			buildActionMask = 2147483647;
			files = (
				42B85A061A74840F00FD4642 /* CteemoTests.swift in Sources */,
			);
			runOnlyForDeploymentPostprocessing = 0;
		};
/* End PBXSourcesBuildPhase section */

/* Begin PBXTargetDependency section */
		42AB57DE1A7F3D4800C7799E /* PBXTargetDependency */ = {
			isa = PBXTargetDependency;
			name = "Alamofire iOS";
			targetProxy = 42AB57DD1A7F3D4800C7799E /* PBXContainerItemProxy */;
		};
		42B85A011A74840F00FD4642 /* PBXTargetDependency */ = {
			isa = PBXTargetDependency;
			target = 42B859E61A74840E00FD4642 /* Cteemo */;
			targetProxy = 42B85A001A74840F00FD4642 /* PBXContainerItemProxy */;
		};
/* End PBXTargetDependency section */

/* Begin PBXVariantGroup section */
		42B859F31A74840F00FD4642 /* Main.storyboard */ = {
			isa = PBXVariantGroup;
			children = (
				42B859F41A74840F00FD4642 /* Base */,
			);
			name = Main.storyboard;
			sourceTree = "<group>";
		};
		42B859F81A74840F00FD4642 /* LaunchScreen.xib */ = {
			isa = PBXVariantGroup;
			children = (
				42B859F91A74840F00FD4642 /* Base */,
			);
			name = LaunchScreen.xib;
			sourceTree = "<group>";
		};
/* End PBXVariantGroup section */

/* Begin XCBuildConfiguration section */
		42B85A071A74840F00FD4642 /* Debug */ = {
			isa = XCBuildConfiguration;
			buildSettings = {
				ALWAYS_SEARCH_USER_PATHS = NO;
				CLANG_CXX_LANGUAGE_STANDARD = "gnu++0x";
				CLANG_CXX_LIBRARY = "libc++";
				CLANG_ENABLE_MODULES = YES;
				CLANG_ENABLE_OBJC_ARC = YES;
				CLANG_WARN_BOOL_CONVERSION = YES;
				CLANG_WARN_CONSTANT_CONVERSION = YES;
				CLANG_WARN_DIRECT_OBJC_ISA_USAGE = YES_ERROR;
				CLANG_WARN_EMPTY_BODY = YES;
				CLANG_WARN_ENUM_CONVERSION = YES;
				CLANG_WARN_INT_CONVERSION = YES;
				CLANG_WARN_OBJC_ROOT_CLASS = YES_ERROR;
				CLANG_WARN_UNREACHABLE_CODE = YES;
				CLANG_WARN__DUPLICATE_METHOD_MATCH = YES;
				"CODE_SIGN_IDENTITY[sdk=iphoneos*]" = "iPhone Developer";
				COPY_PHASE_STRIP = NO;
				ENABLE_STRICT_OBJC_MSGSEND = YES;
				GCC_C_LANGUAGE_STANDARD = gnu99;
				GCC_DYNAMIC_NO_PIC = NO;
				GCC_OPTIMIZATION_LEVEL = 0;
				GCC_PREPROCESSOR_DEFINITIONS = (
					"DEBUG=1",
					"$(inherited)",
				);
				GCC_SYMBOLS_PRIVATE_EXTERN = NO;
				GCC_WARN_64_TO_32_BIT_CONVERSION = YES;
				GCC_WARN_ABOUT_RETURN_TYPE = YES_ERROR;
				GCC_WARN_UNDECLARED_SELECTOR = YES;
				GCC_WARN_UNINITIALIZED_AUTOS = YES_AGGRESSIVE;
				GCC_WARN_UNUSED_FUNCTION = YES;
				GCC_WARN_UNUSED_VARIABLE = YES;
				IPHONEOS_DEPLOYMENT_TARGET = 8.1;
				MTL_ENABLE_DEBUG_INFO = YES;
				ONLY_ACTIVE_ARCH = YES;
				SDKROOT = iphoneos;
				SWIFT_OPTIMIZATION_LEVEL = "-Onone";
			};
			name = Debug;
		};
		42B85A081A74840F00FD4642 /* Release */ = {
			isa = XCBuildConfiguration;
			buildSettings = {
				ALWAYS_SEARCH_USER_PATHS = NO;
				CLANG_CXX_LANGUAGE_STANDARD = "gnu++0x";
				CLANG_CXX_LIBRARY = "libc++";
				CLANG_ENABLE_MODULES = YES;
				CLANG_ENABLE_OBJC_ARC = YES;
				CLANG_WARN_BOOL_CONVERSION = YES;
				CLANG_WARN_CONSTANT_CONVERSION = YES;
				CLANG_WARN_DIRECT_OBJC_ISA_USAGE = YES_ERROR;
				CLANG_WARN_EMPTY_BODY = YES;
				CLANG_WARN_ENUM_CONVERSION = YES;
				CLANG_WARN_INT_CONVERSION = YES;
				CLANG_WARN_OBJC_ROOT_CLASS = YES_ERROR;
				CLANG_WARN_UNREACHABLE_CODE = YES;
				CLANG_WARN__DUPLICATE_METHOD_MATCH = YES;
				"CODE_SIGN_IDENTITY[sdk=iphoneos*]" = "iPhone Developer";
				COPY_PHASE_STRIP = YES;
				ENABLE_NS_ASSERTIONS = NO;
				ENABLE_STRICT_OBJC_MSGSEND = YES;
				GCC_C_LANGUAGE_STANDARD = gnu99;
				GCC_WARN_64_TO_32_BIT_CONVERSION = YES;
				GCC_WARN_ABOUT_RETURN_TYPE = YES_ERROR;
				GCC_WARN_UNDECLARED_SELECTOR = YES;
				GCC_WARN_UNINITIALIZED_AUTOS = YES_AGGRESSIVE;
				GCC_WARN_UNUSED_FUNCTION = YES;
				GCC_WARN_UNUSED_VARIABLE = YES;
				IPHONEOS_DEPLOYMENT_TARGET = 8.1;
				MTL_ENABLE_DEBUG_INFO = NO;
				SDKROOT = iphoneos;
				VALIDATE_PRODUCT = YES;
			};
			name = Release;
		};
		42B85A0A1A74840F00FD4642 /* Debug */ = {
			isa = XCBuildConfiguration;
			buildSettings = {
				ASSETCATALOG_COMPILER_APPICON_NAME = AppIcon;
				CLANG_ENABLE_MODULES = YES;
				EMBEDDED_CONTENT_CONTAINS_SWIFT = YES;
				FRAMEWORK_SEARCH_PATHS = (
					"$(inherited)",
					"$(PROJECT_DIR)",
				);
				INFOPLIST_FILE = Cteemo/Info.plist;
				IPHONEOS_DEPLOYMENT_TARGET = 8.0;
				LD_RUNPATH_SEARCH_PATHS = "$(inherited) @executable_path/Frameworks";
				PRODUCT_NAME = "$(TARGET_NAME)";
				SWIFT_OBJC_BRIDGING_HEADER = "Cteemo/Cteemo-Bridging-Header.h";
				SWIFT_OPTIMIZATION_LEVEL = "-Onone";
				TARGETED_DEVICE_FAMILY = 1;
			};
			name = Debug;
		};
		42B85A0B1A74840F00FD4642 /* Release */ = {
			isa = XCBuildConfiguration;
			buildSettings = {
				ASSETCATALOG_COMPILER_APPICON_NAME = AppIcon;
				CLANG_ENABLE_MODULES = YES;
				EMBEDDED_CONTENT_CONTAINS_SWIFT = YES;
				FRAMEWORK_SEARCH_PATHS = (
					"$(inherited)",
					"$(PROJECT_DIR)",
				);
				INFOPLIST_FILE = Cteemo/Info.plist;
				IPHONEOS_DEPLOYMENT_TARGET = 8.0;
				LD_RUNPATH_SEARCH_PATHS = "$(inherited) @executable_path/Frameworks";
				PRODUCT_NAME = "$(TARGET_NAME)";
				SWIFT_OBJC_BRIDGING_HEADER = "Cteemo/Cteemo-Bridging-Header.h";
				TARGETED_DEVICE_FAMILY = 1;
			};
			name = Release;
		};
		42B85A0D1A74840F00FD4642 /* Debug */ = {
			isa = XCBuildConfiguration;
			buildSettings = {
				BUNDLE_LOADER = "$(TEST_HOST)";
				FRAMEWORK_SEARCH_PATHS = (
					"$(SDKROOT)/Developer/Library/Frameworks",
					"$(inherited)",
				);
				GCC_PREPROCESSOR_DEFINITIONS = (
					"DEBUG=1",
					"$(inherited)",
				);
				INFOPLIST_FILE = CteemoTests/Info.plist;
				LD_RUNPATH_SEARCH_PATHS = "$(inherited) @executable_path/Frameworks @loader_path/Frameworks";
				PRODUCT_NAME = "$(TARGET_NAME)";
				TEST_HOST = "$(BUILT_PRODUCTS_DIR)/Cteemo.app/Cteemo";
			};
			name = Debug;
		};
		42B85A0E1A74840F00FD4642 /* Release */ = {
			isa = XCBuildConfiguration;
			buildSettings = {
				BUNDLE_LOADER = "$(TEST_HOST)";
				FRAMEWORK_SEARCH_PATHS = (
					"$(SDKROOT)/Developer/Library/Frameworks",
					"$(inherited)",
				);
				INFOPLIST_FILE = CteemoTests/Info.plist;
				LD_RUNPATH_SEARCH_PATHS = "$(inherited) @executable_path/Frameworks @loader_path/Frameworks";
				PRODUCT_NAME = "$(TARGET_NAME)";
				TEST_HOST = "$(BUILT_PRODUCTS_DIR)/Cteemo.app/Cteemo";
			};
			name = Release;
		};
/* End XCBuildConfiguration section */

/* Begin XCConfigurationList section */
		42B859E21A74840E00FD4642 /* Build configuration list for PBXProject "Cteemo" */ = {
			isa = XCConfigurationList;
			buildConfigurations = (
				42B85A071A74840F00FD4642 /* Debug */,
				42B85A081A74840F00FD4642 /* Release */,
			);
			defaultConfigurationIsVisible = 0;
			defaultConfigurationName = Release;
		};
		42B85A091A74840F00FD4642 /* Build configuration list for PBXNativeTarget "Cteemo" */ = {
			isa = XCConfigurationList;
			buildConfigurations = (
				42B85A0A1A74840F00FD4642 /* Debug */,
				42B85A0B1A74840F00FD4642 /* Release */,
			);
			defaultConfigurationIsVisible = 0;
			defaultConfigurationName = Release;
		};
		42B85A0C1A74840F00FD4642 /* Build configuration list for PBXNativeTarget "CteemoTests" */ = {
			isa = XCConfigurationList;
			buildConfigurations = (
				42B85A0D1A74840F00FD4642 /* Debug */,
				42B85A0E1A74840F00FD4642 /* Release */,
			);
			defaultConfigurationIsVisible = 0;
			defaultConfigurationName = Release;
		};
/* End XCConfigurationList section */

/* Begin XCVersionGroup section */
		42B859EE1A74840F00FD4642 /* Cteemo.xcdatamodeld */ = {
			isa = XCVersionGroup;
			children = (
				42B859EF1A74840F00FD4642 /* Cteemo.xcdatamodel */,
			);
			currentVersion = 42B859EF1A74840F00FD4642 /* Cteemo.xcdatamodel */;
			path = Cteemo.xcdatamodeld;
			sourceTree = "<group>";
			versionGroupType = wrapper.xcdatamodel;
		};
/* End XCVersionGroup section */
	};
	rootObject = 42B859DF1A74840E00FD4642 /* Project object */;
}
