PODS:
  - RongCloudIMKit (1.4.2)
  - SCLAlertView-Objective-C (0.7.0)

DEPENDENCIES:
  - RongCloudIMKit (~> 1.4.1)
  - SCLAlertView-Objective-C

SPEC CHECKSUMS:
  RongCloudIMKit: 144d1a4b6694acd1c01bd7f4c2815d7b6cd94ee0
  SCLAlertView-Objective-C: 0491ea966dba9b3713178e2ffbcd0a148dc5b271

COCOAPODS: 0.35.0
